// !$*UTF8*$!
{
	archiveVersion = 1;
	classes = {
	};
	objectVersion = 46;
	objects = {

/* Begin PBXAggregateTarget section */
		1612DF20A3F88CAA3FAAE7FC /* ZERO_CHECK */ = {
			isa = PBXAggregateTarget;
			buildConfigurationList = 652B7F75568B44B89D88F670 /* Build configuration list for PBXAggregateTarget "ZERO_CHECK" */;
			buildPhases = (
				59E4D8BC603BC2FDB439CC2B /* Generate CMakeFiles/ZERO_CHECK */,
			);
			dependencies = (
			);
			name = ZERO_CHECK;
			productName = ZERO_CHECK;
		};
		6721AAC9DC51CB3F7ADBBB2A /* ALL_BUILD */ = {
			isa = PBXAggregateTarget;
			buildConfigurationList = 976B01221CE448369F691C63 /* Build configuration list for PBXAggregateTarget "ALL_BUILD" */;
			buildPhases = (
				67958A70300FB7E82935C48F /* Generate CMakeFiles/ALL_BUILD */,
			);
			dependencies = (
				054A2846F1CB4472A8B73F05 /* PBXTargetDependency */,
				A9AA4AE9E01D4334A1F98A02 /* PBXTargetDependency */,
				3E1B6A622AEE4810BA2D7998 /* PBXTargetDependency */,
			);
			name = ALL_BUILD;
			productName = ALL_BUILD;
		};
		92FA70B37838ED6D63ABBBCD /* install */ = {
			isa = PBXAggregateTarget;
			buildConfigurationList = C21A47993CEB4B74B20CAEC8 /* Build configuration list for PBXAggregateTarget "install" */;
			buildPhases = (
				93426DA6A4AC2C2AC9CE883C /* CMake PostBuild Rules */,
			);
			dependencies = (
				D2C7472FA84C479A947856F7 /* PBXTargetDependency */,
			);
			name = install;
			productName = install;
		};
/* End PBXAggregateTarget section */

/* Begin PBXBuildFile section */
		1BC91B1165CF43DF9E97C95E /* /Users/muthu/Projects/SangamKeyboards-2026/LibrariesAndComponents/KeyTanslatorLib/include/IndicNotesIMEngine.h */ = {isa = PBXBuildFile; fileRef = C42F00F0F3BB40ECA423929D /* /Users/muthu/Projects/SangamKeyboards-2026/LibrariesAndComponents/KeyTanslatorLib/include/IndicNotesIMEngine.h */; settings = {ATTRIBUTES = (Public); }; };
		1CD5FD4CB8BE4DB3B2F5BD59 /* /Users/muthu/Projects/SangamKeyboards-2026/LibrariesAndComponents/KeyTanslatorLib/src/indic/IndicDevanagariKeymap.c */ = {isa = PBXBuildFile; fileRef = 74D07C35554A47AAAAFE3D7A /* /Users/muthu/Projects/SangamKeyboards-2026/LibrariesAndComponents/KeyTanslatorLib/src/indic/IndicDevanagariKeymap.c */; };
		1F78535C305F4620BC0EC46E /* /Users/muthu/Projects/SangamKeyboards-2026/LibrariesAndComponents/KeyTanslatorLib/include/EncodingTamil.h */ = {isa = PBXBuildFile; fileRef = 0ACE44DCFB7D448E8F740569 /* /Users/muthu/Projects/SangamKeyboards-2026/LibrariesAndComponents/KeyTanslatorLib/include/EncodingTamil.h */; settings = {ATTRIBUTES = (Public); }; };
		253CED60EA59419085C39ABF /* /Users/muthu/Projects/SangamKeyboards-2026/LibrariesAndComponents/KeyTanslatorLib/include/KeyTranslatorMultilingual.h */ = {isa = PBXBuildFile; fileRef = 17496BE998FC46C194A17413 /* /Users/muthu/Projects/SangamKeyboards-2026/LibrariesAndComponents/KeyTanslatorLib/include/KeyTranslatorMultilingual.h */; settings = {ATTRIBUTES = (Public); }; };
		25AC2C6FC67A47E0BA3E7D82 /* /Users/muthu/Projects/SangamKeyboards-2026/LibrariesAndComponents/KeyTanslatorLib/include/EncodingTamil.h */ = {isa = PBXBuildFile; fileRef = 523ADC3BEFDE4DB5B47119A7 /* /Users/muthu/Projects/SangamKeyboards-2026/LibrariesAndComponents/KeyTanslatorLib/include/EncodingTamil.h */; settings = {ATTRIBUTES = (Public); }; };
		2D53E1F574F3465DAC508A9D /* /Users/muthu/Projects/SangamKeyboards-2026/LibrariesAndComponents/KeyTanslatorLib/src/indic/IndicDevanagariKeymap.c */ = {isa = PBXBuildFile; fileRef = C0EE7FBEF4AF4017A546BEA8 /* /Users/muthu/Projects/SangamKeyboards-2026/LibrariesAndComponents/KeyTanslatorLib/src/indic/IndicDevanagariKeymap.c */; };
		39B2FDA2A34546F4928D1BB3 /* /Users/muthu/Projects/SangamKeyboards-2026/LibrariesAndComponents/KeyTanslatorLib/src/indic/IndicMalayalamKeymap.c */ = {isa = PBXBuildFile; fileRef = B28DA49F8D094058840A334F /* /Users/muthu/Projects/SangamKeyboards-2026/LibrariesAndComponents/KeyTanslatorLib/src/indic/IndicMalayalamKeymap.c */; };
		3A9BE6485026476AB5AE8FD5 /* /Users/muthu/Projects/SangamKeyboards-2026/LibrariesAndComponents/KeyTanslatorLib/include/AnjalKeyMap.h */ = {isa = PBXBuildFile; fileRef = 2F6A1CE39DDA4B629A68F72C /* /Users/muthu/Projects/SangamKeyboards-2026/LibrariesAndComponents/KeyTanslatorLib/include/AnjalKeyMap.h */; settings = {ATTRIBUTES = (Public); }; };
		41D225C3E6204EB5BCA3D7DF /* /Users/muthu/Projects/SangamKeyboards-2026/LibrariesAndComponents/KeyTanslatorLib/src/tamil/KeyTranslatorTamil.c */ = {isa = PBXBuildFile; fileRef = 89FFF23F6AD441379CBA4758 /* /Users/muthu/Projects/SangamKeyboards-2026/LibrariesAndComponents/KeyTanslatorLib/src/tamil/KeyTranslatorTamil.c */; };
		48259BDE7C72419ABB0D4303 /* /Users/muthu/Projects/SangamKeyboards-2026/LibrariesAndComponents/KeyTanslatorLib/src/tamil/AnjalKeyMap.c */ = {isa = PBXBuildFile; fileRef = 4637072B45FF4E1192A54960 /* /Users/muthu/Projects/SangamKeyboards-2026/LibrariesAndComponents/KeyTanslatorLib/src/tamil/AnjalKeyMap.c */; };
		4A3BC608AF81469DA884D5C7 /* /Users/muthu/Projects/SangamKeyboards-2026/LibrariesAndComponents/KeyTanslatorLib/src/indic/IndicMalayalamKeymap.c */ = {isa = PBXBuildFile; fileRef = 8C5B508CBE8544FC937B38C9 /* /Users/muthu/Projects/SangamKeyboards-2026/LibrariesAndComponents/KeyTanslatorLib/src/indic/IndicMalayalamKeymap.c */; };
		4CC48601346945B589EAB930 /* /Users/muthu/Projects/SangamKeyboards-2026/LibrariesAndComponents/KeyTanslatorLib/include/IndicIMEConstants.h */ = {isa = PBXBuildFile; fileRef = DFD368D70C844248AE83FF6B /* /Users/muthu/Projects/SangamKeyboards-2026/LibrariesAndComponents/KeyTanslatorLib/include/IndicIMEConstants.h */; settings = {ATTRIBUTES = (Public); }; };
		78E6788270CA473991423F16 /* /Users/muthu/Projects/SangamKeyboards-2026/LibrariesAndComponents/KeyTanslatorLib/include/KeyTranslatorMultilingual.h */ = {isa = PBXBuildFile; fileRef = EF8F0CA78D1A408F90BDC798 /* /Users/muthu/Projects/SangamKeyboards-2026/LibrariesAndComponents/KeyTanslatorLib/include/KeyTranslatorMultilingual.h */; settings = {ATTRIBUTES = (Public); }; };
		8DF5DE74C63A4AA09D3C9798 /* /Users/muthu/Projects/SangamKeyboards-2026/LibrariesAndComponents/KeyTanslatorLib/CMakeLists.txt */ = {isa = PBXBuildFile; fileRef = 4F05F3F21522428FB9A980E5 /* /Users/muthu/Projects/SangamKeyboards-2026/LibrariesAndComponents/KeyTanslatorLib/CMakeLists.txt */; };
		94B1ABA97C404D57A7570A13 /* /Users/muthu/Projects/SangamKeyboards-2026/LibrariesAndComponents/KeyTanslatorLib/src/indic/IndicGurmukhiKeymap.c */ = {isa = PBXBuildFile; fileRef = A364B0255E6345349B446A90 /* /Users/muthu/Projects/SangamKeyboards-2026/LibrariesAndComponents/KeyTanslatorLib/src/indic/IndicGurmukhiKeymap.c */; };
		97B597EAD1E34B2AA71C90F5 /* /Users/muthu/Projects/SangamKeyboards-2026/LibrariesAndComponents/KeyTanslatorLib/src/tamil/KeyTranslatorTamil.c */ = {isa = PBXBuildFile; fileRef = E8B695E992374F1FAA773CF9 /* /Users/muthu/Projects/SangamKeyboards-2026/LibrariesAndComponents/KeyTanslatorLib/src/tamil/KeyTranslatorTamil.c */; };
		99CB39CB3F3B4DC887B01476 /* /Users/muthu/Projects/SangamKeyboards-2026/LibrariesAndComponents/KeyTanslatorLib/src/indic/IndicTeluguKeymap.c */ = {isa = PBXBuildFile; fileRef = 829E1915F7E34AE595403937 /* /Users/muthu/Projects/SangamKeyboards-2026/LibrariesAndComponents/KeyTanslatorLib/src/indic/IndicTeluguKeymap.c */; };
		9D7DE6B10DFD42419E708535 /* /Users/muthu/Projects/SangamKeyboards-2026/LibrariesAndComponents/KeyTanslatorLib/CMakeLists.txt */ = {isa = PBXBuildFile; fileRef = 4221A8CCB5964FFF8B7937B5 /* /Users/muthu/Projects/SangamKeyboards-2026/LibrariesAndComponents/KeyTanslatorLib/CMakeLists.txt */; };
		9DD38216CC014B92B75CEEBF /* /Users/muthu/Projects/SangamKeyboards-2026/LibrariesAndComponents/KeyTanslatorLib/include/IndicIMEConstants.h */ = {isa = PBXBuildFile; fileRef = 16E0AF82DADC4DDC89CA04B0 /* /Users/muthu/Projects/SangamKeyboards-2026/LibrariesAndComponents/KeyTanslatorLib/include/IndicIMEConstants.h */; settings = {ATTRIBUTES = (Public); }; };
		A88DABC2A16E4701825EF412 /* /Users/muthu/Projects/SangamKeyboards-2026/LibrariesAndComponents/KeyTanslatorLib/include/AnjalKeyMap.h */ = {isa = PBXBuildFile; fileRef = 2A22CB970EFD448783AC82E1 /* /Users/muthu/Projects/SangamKeyboards-2026/LibrariesAndComponents/KeyTanslatorLib/include/AnjalKeyMap.h */; settings = {ATTRIBUTES = (Public); }; };
		AE1BC79E6B054B349DDA0BF5 /* /Users/muthu/Projects/SangamKeyboards-2026/LibrariesAndComponents/KeyTanslatorLib/src/KeyTranslatorMultilingual.c */ = {isa = PBXBuildFile; fileRef = 592FC7D5FAC7434695E50EDB /* /Users/muthu/Projects/SangamKeyboards-2026/LibrariesAndComponents/KeyTanslatorLib/src/KeyTranslatorMultilingual.c */; };
		B0E809464E6E488795F9FD7C /* /Users/muthu/Projects/SangamKeyboards-2026/LibrariesAndComponents/KeyTanslatorLib/src/indic/IndicNotesIMEngine.c */ = {isa = PBXBuildFile; fileRef = 7D3246DDECE1478CB7EB0459 /* /Users/muthu/Projects/SangamKeyboards-2026/LibrariesAndComponents/KeyTanslatorLib/src/indic/IndicNotesIMEngine.c */; };
		B45580D897744BAB98C2CC97 /* /Users/muthu/Projects/SangamKeyboards-2026/LibrariesAndComponents/KeyTanslatorLib/src/indic/IndicGurmukhiKeymap.c */ = {isa = PBXBuildFile; fileRef = 40F5F3A6B125455585C42E4F /* /Users/muthu/Projects/SangamKeyboards-2026/LibrariesAndComponents/KeyTanslatorLib/src/indic/IndicGurmukhiKeymap.c */; };
		BAA34466460245CEB96BFB27 /* /Users/muthu/Projects/SangamKeyboards-2026/LibrariesAndComponents/KeyTanslatorLib/src/indic/IndicKannadaKeymap.c */ = {isa = PBXBuildFile; fileRef = FC068407D81B4E25A04DA57F /* /Users/muthu/Projects/SangamKeyboards-2026/LibrariesAndComponents/KeyTanslatorLib/src/indic/IndicKannadaKeymap.c */; };
		BFC61808C5E9431482391A1A /* /Users/muthu/Projects/SangamKeyboards-2026/LibrariesAndComponents/KeyTanslatorLib/src/KeyTranslatorMultilingual.c */ = {isa = PBXBuildFile; fileRef = 148F957B82FC4055A8A7E117 /* /Users/muthu/Projects/SangamKeyboards-2026/LibrariesAndComponents/KeyTanslatorLib/src/KeyTranslatorMultilingual.c */; };
		C5460C526AC04540844905FD /* /Users/muthu/Projects/SangamKeyboards-2026/LibrariesAndComponents/KeyTanslatorLib/src/indic/IndicKannadaKeymap.c */ = {isa = PBXBuildFile; fileRef = 6A8D0F08BD89448F9AB076DA /* /Users/muthu/Projects/SangamKeyboards-2026/LibrariesAndComponents/KeyTanslatorLib/src/indic/IndicKannadaKeymap.c */; };
		C652B688E20D4E878B14E63E /* /Users/muthu/Projects/SangamKeyboards-2026/LibrariesAndComponents/KeyTanslatorLib/src/indic/IndicNotesIMEngine.c */ = {isa = PBXBuildFile; fileRef = E6243A8BA0D249BBAE33BFE6 /* /Users/muthu/Projects/SangamKeyboards-2026/LibrariesAndComponents/KeyTanslatorLib/src/indic/IndicNotesIMEngine.c */; };
		CAD55D9DB34D439CAFD499AE /* /Users/muthu/Projects/SangamKeyboards-2026/LibrariesAndComponents/KeyTanslatorLib/include/IndicNotesIMEngine.h */ = {isa = PBXBuildFile; fileRef = F966C1F6D9B24E0EA2D424E6 /* /Users/muthu/Projects/SangamKeyboards-2026/LibrariesAndComponents/KeyTanslatorLib/include/IndicNotesIMEngine.h */; settings = {ATTRIBUTES = (Public); }; };
		D1BF5B78AB994D9DA542E358 /* /Users/muthu/Projects/SangamKeyboards-2026/LibrariesAndComponents/KeyTanslatorLib/include/AnjalKeyMapLookup.h */ = {isa = PBXBuildFile; fileRef = B48E9B54C43948B78477FEE4 /* /Users/muthu/Projects/SangamKeyboards-2026/LibrariesAndComponents/KeyTanslatorLib/include/AnjalKeyMapLookup.h */; settings = {ATTRIBUTES = (Public); }; };
		E2B70C89D6304DDD8D47E92F /* /Users/muthu/Projects/SangamKeyboards-2026/LibrariesAndComponents/KeyTanslatorLib/include/AnjalKeyMapLookup.h */ = {isa = PBXBuildFile; fileRef = 58418AFD8D9246A185E09E68 /* /Users/muthu/Projects/SangamKeyboards-2026/LibrariesAndComponents/KeyTanslatorLib/include/AnjalKeyMapLookup.h */; settings = {ATTRIBUTES = (Public); }; };
		E962F559C8E54FE69AB4FEDA /* /Users/muthu/Projects/SangamKeyboards-2026/LibrariesAndComponents/KeyTanslatorLib/src/tamil/AnjalKeyMap.c */ = {isa = PBXBuildFile; fileRef = 2D7E7E65CC5A49B6B2E98738 /* /Users/muthu/Projects/SangamKeyboards-2026/LibrariesAndComponents/KeyTanslatorLib/src/tamil/AnjalKeyMap.c */; };
		EB6E555C333C4459B50921EF /* /Users/muthu/Projects/SangamKeyboards-2026/LibrariesAndComponents/KeyTanslatorLib/src/indic/IndicTeluguKeymap.c */ = {isa = PBXBuildFile; fileRef = B3D848EB0C1C4C7D941B3CBE /* /Users/muthu/Projects/SangamKeyboards-2026/LibrariesAndComponents/KeyTanslatorLib/src/indic/IndicTeluguKeymap.c */; };
/* End PBXBuildFile section */

/* Begin PBXBuildStyle section */
		29740D4E8922436EA0C5EC53 /* RelWithDebInfo */ = {
			isa = PBXBuildStyle;
			buildSettings = {
				COPY_PHASE_STRIP = NO;
			};
			name = RelWithDebInfo;
		};
		522187135EAA41C88BF1E8EC /* Debug */ = {
			isa = PBXBuildStyle;
			buildSettings = {
				COPY_PHASE_STRIP = NO;
			};
			name = Debug;
		};
		5634B0D71DF849349448CA1F /* Release */ = {
			isa = PBXBuildStyle;
			buildSettings = {
				COPY_PHASE_STRIP = NO;
			};
			name = Release;
		};
		B50573391C4842B7B5639D6C /* MinSizeRel */ = {
			isa = PBXBuildStyle;
			buildSettings = {
				COPY_PHASE_STRIP = NO;
			};
			name = MinSizeRel;
		};
/* End PBXBuildStyle section */

/* Begin PBXContainerItemProxy section */
		09D3402EAC154FC79AE8CBAD /* PBXContainerItemProxy */ = {
			isa = PBXContainerItemProxy;
			containerPortal = B8E545DD2480410FACD83891 /* Project object */;
			proxyType = 1;
			remoteGlobalIDString = 1612DF20A3F88CAA3FAAE7FC;
			remoteInfo = ZERO_CHECK;
		};
		37E18D34C329427689E1F09B /* PBXContainerItemProxy */ = {
			isa = PBXContainerItemProxy;
			containerPortal = B8E545DD2480410FACD83891 /* Project object */;
			proxyType = 1;
			remoteGlobalIDString = FD7C231E3FD6C2EA5146280F;
			remoteInfo = AnjalKeyTranslatorShared;
		};
		58973DCCA4F34771B520BB9A /* PBXContainerItemProxy */ = {
			isa = PBXContainerItemProxy;
			containerPortal = B8E545DD2480410FACD83891 /* Project object */;
			proxyType = 1;
			remoteGlobalIDString = 6721AAC9DC51CB3F7ADBBB2A;
			remoteInfo = ALL_BUILD;
		};
		884CB819AE4648F086BF76D0 /* PBXContainerItemProxy */ = {
			isa = PBXContainerItemProxy;
			containerPortal = B8E545DD2480410FACD83891 /* Project object */;
			proxyType = 1;
			remoteGlobalIDString = 1612DF20A3F88CAA3FAAE7FC;
			remoteInfo = ZERO_CHECK;
		};
		EDD285DE60FE4D84BA852C27 /* PBXContainerItemProxy */ = {
			isa = PBXContainerItemProxy;
			containerPortal = B8E545DD2480410FACD83891 /* Project object */;
			proxyType = 1;
			remoteGlobalIDString = 651E194E34CC97A45136F207;
			remoteInfo = AnjalKeyTranslator;
		};
		FA0D48A05C8942B3ADE42374 /* PBXContainerItemProxy */ = {
			isa = PBXContainerItemProxy;
			containerPortal = B8E545DD2480410FACD83891 /* Project object */;
			proxyType = 1;
			remoteGlobalIDString = 1612DF20A3F88CAA3FAAE7FC;
			remoteInfo = ZERO_CHECK;
		};
/* End PBXContainerItemProxy section */

/* Begin PBXFileReference section */
		0ACE44DCFB7D448E8F740569 /* /Users/muthu/Projects/SangamKeyboards-2026/LibrariesAndComponents/KeyTanslatorLib/include/EncodingTamil.h */ = {isa = PBXFileReference; explicitFileType = sourcecode.c.h; fileEncoding = 4; name = EncodingTamil.h; path = include/EncodingTamil.h; sourceTree = SOURCE_ROOT; };
		148F957B82FC4055A8A7E117 /* /Users/muthu/Projects/SangamKeyboards-2026/LibrariesAndComponents/KeyTanslatorLib/src/KeyTranslatorMultilingual.c */ = {isa = PBXFileReference; explicitFileType = sourcecode.c.c; fileEncoding = 4; name = KeyTranslatorMultilingual.c; path = src/KeyTranslatorMultilingual.c; sourceTree = SOURCE_ROOT; };
		16E0AF82DADC4DDC89CA04B0 /* /Users/muthu/Projects/SangamKeyboards-2026/LibrariesAndComponents/KeyTanslatorLib/include/IndicIMEConstants.h */ = {isa = PBXFileReference; explicitFileType = sourcecode.c.h; fileEncoding = 4; name = IndicIMEConstants.h; path = include/IndicIMEConstants.h; sourceTree = SOURCE_ROOT; };
		17496BE998FC46C194A17413 /* /Users/muthu/Projects/SangamKeyboards-2026/LibrariesAndComponents/KeyTanslatorLib/include/KeyTranslatorMultilingual.h */ = {isa = PBXFileReference; explicitFileType = sourcecode.c.h; fileEncoding = 4; name = KeyTranslatorMultilingual.h; path = include/KeyTranslatorMultilingual.h; sourceTree = SOURCE_ROOT; };
		2A22CB970EFD448783AC82E1 /* /Users/muthu/Projects/SangamKeyboards-2026/LibrariesAndComponents/KeyTanslatorLib/include/AnjalKeyMap.h */ = {isa = PBXFileReference; explicitFileType = sourcecode.c.h; fileEncoding = 4; name = AnjalKeyMap.h; path = include/AnjalKeyMap.h; sourceTree = SOURCE_ROOT; };
		2D7E7E65CC5A49B6B2E98738 /* /Users/muthu/Projects/SangamKeyboards-2026/LibrariesAndComponents/KeyTanslatorLib/src/tamil/AnjalKeyMap.c */ = {isa = PBXFileReference; explicitFileType = sourcecode.c.c; fileEncoding = 4; name = AnjalKeyMap.c; path = src/tamil/AnjalKeyMap.c; sourceTree = SOURCE_ROOT; };
		2F6A1CE39DDA4B629A68F72C /* /Users/muthu/Projects/SangamKeyboards-2026/LibrariesAndComponents/KeyTanslatorLib/include/AnjalKeyMap.h */ = {isa = PBXFileReference; explicitFileType = sourcecode.c.h; fileEncoding = 4; name = AnjalKeyMap.h; path = include/AnjalKeyMap.h; sourceTree = SOURCE_ROOT; };
		38FC29EA662248F0B1E810C4 /* AnjalKeyTranslator */ = {isa = PBXFileReference; explicitFileType = wrapper.framework; path = anjalkeyboard.framework/anjalkeyboard; sourceTree = BUILT_PRODUCTS_DIR; };
		3B4FFA14B1B543DB9063D330 /* /Users/muthu/Projects/SangamKeyboards-2026/LibrariesAndComponents/KeyTanslatorLib/CMakeLists.txt */ = {isa = PBXFileReference; explicitFileType = sourcecode.text; fileEncoding = 4; name = CMakeLists.txt; path = CMakeLists.txt; sourceTree = SOURCE_ROOT; };
		40F5F3A6B125455585C42E4F /* /Users/muthu/Projects/SangamKeyboards-2026/LibrariesAndComponents/KeyTanslatorLib/src/indic/IndicGurmukhiKeymap.c */ = {isa = PBXFileReference; explicitFileType = sourcecode.c.c; fileEncoding = 4; name = IndicGurmukhiKeymap.c; path = src/indic/IndicGurmukhiKeymap.c; sourceTree = SOURCE_ROOT; };
		4221A8CCB5964FFF8B7937B5 /* /Users/muthu/Projects/SangamKeyboards-2026/LibrariesAndComponents/KeyTanslatorLib/CMakeLists.txt */ = {isa = PBXFileReference; explicitFileType = sourcecode.text; fileEncoding = 4; name = CMakeLists.txt; path = CMakeLists.txt; sourceTree = SOURCE_ROOT; };
		4637072B45FF4E1192A54960 /* /Users/muthu/Projects/SangamKeyboards-2026/LibrariesAndComponents/KeyTanslatorLib/src/tamil/AnjalKeyMap.c */ = {isa = PBXFileReference; explicitFileType = sourcecode.c.c; fileEncoding = 4; name = AnjalKeyMap.c; path = src/tamil/AnjalKeyMap.c; sourceTree = SOURCE_ROOT; };
		4F05F3F21522428FB9A980E5 /* /Users/muthu/Projects/SangamKeyboards-2026/LibrariesAndComponents/KeyTanslatorLib/CMakeLists.txt */ = {isa = PBXFileReference; explicitFileType = sourcecode.text; fileEncoding = 4; name = CMakeLists.txt; path = CMakeLists.txt; sourceTree = SOURCE_ROOT; };
		523ADC3BEFDE4DB5B47119A7 /* /Users/muthu/Projects/SangamKeyboards-2026/LibrariesAndComponents/KeyTanslatorLib/include/EncodingTamil.h */ = {isa = PBXFileReference; explicitFileType = sourcecode.c.h; fileEncoding = 4; name = EncodingTamil.h; path = include/EncodingTamil.h; sourceTree = SOURCE_ROOT; };
		58418AFD8D9246A185E09E68 /* /Users/muthu/Projects/SangamKeyboards-2026/LibrariesAndComponents/KeyTanslatorLib/include/AnjalKeyMapLookup.h */ = {isa = PBXFileReference; explicitFileType = sourcecode.c.h; fileEncoding = 4; name = AnjalKeyMapLookup.h; path = include/AnjalKeyMapLookup.h; sourceTree = SOURCE_ROOT; };
		592FC7D5FAC7434695E50EDB /* /Users/muthu/Projects/SangamKeyboards-2026/LibrariesAndComponents/KeyTanslatorLib/src/KeyTranslatorMultilingual.c */ = {isa = PBXFileReference; explicitFileType = sourcecode.c.c; fileEncoding = 4; name = KeyTranslatorMultilingual.c; path = src/KeyTranslatorMultilingual.c; sourceTree = SOURCE_ROOT; };
		6A8D0F08BD89448F9AB076DA /* /Users/muthu/Projects/SangamKeyboards-2026/LibrariesAndComponents/KeyTanslatorLib/src/indic/IndicKannadaKeymap.c */ = {isa = PBXFileReference; explicitFileType = sourcecode.c.c; fileEncoding = 4; name = IndicKannadaKeymap.c; path = src/indic/IndicKannadaKeymap.c; sourceTree = SOURCE_ROOT; };
		74D07C35554A47AAAAFE3D7A /* /Users/muthu/Projects/SangamKeyboards-2026/LibrariesAndComponents/KeyTanslatorLib/src/indic/IndicDevanagariKeymap.c */ = {isa = PBXFileReference; explicitFileType = sourcecode.c.c; fileEncoding = 4; name = IndicDevanagariKeymap.c; path = src/indic/IndicDevanagariKeymap.c; sourceTree = SOURCE_ROOT; };
		7D3246DDECE1478CB7EB0459 /* /Users/muthu/Projects/SangamKeyboards-2026/LibrariesAndComponents/KeyTanslatorLib/src/indic/IndicNotesIMEngine.c */ = {isa = PBXFileReference; explicitFileType = sourcecode.c.c; fileEncoding = 4; name = IndicNotesIMEngine.c; path = src/indic/IndicNotesIMEngine.c; sourceTree = SOURCE_ROOT; };
		829E1915F7E34AE595403937 /* /Users/muthu/Projects/SangamKeyboards-2026/LibrariesAndComponents/KeyTanslatorLib/src/indic/IndicTeluguKeymap.c */ = {isa = PBXFileReference; explicitFileType = sourcecode.c.c; fileEncoding = 4; name = IndicTeluguKeymap.c; path = src/indic/IndicTeluguKeymap.c; sourceTree = SOURCE_ROOT; };
		89FFF23F6AD441379CBA4758 /* /Users/muthu/Projects/SangamKeyboards-2026/LibrariesAndComponents/KeyTanslatorLib/src/tamil/KeyTranslatorTamil.c */ = {isa = PBXFileReference; explicitFileType = sourcecode.c.c; fileEncoding = 4; name = KeyTranslatorTamil.c; path = src/tamil/KeyTranslatorTamil.c; sourceTree = SOURCE_ROOT; };
		8C5B508CBE8544FC937B38C9 /* /Users/muthu/Projects/SangamKeyboards-2026/LibrariesAndComponents/KeyTanslatorLib/src/indic/IndicMalayalamKeymap.c */ = {isa = PBXFileReference; explicitFileType = sourcecode.c.c; fileEncoding = 4; name = IndicMalayalamKeymap.c; path = src/indic/IndicMalayalamKeymap.c; sourceTree = SOURCE_ROOT; };
		A364B0255E6345349B446A90 /* /Users/muthu/Projects/SangamKeyboards-2026/LibrariesAndComponents/KeyTanslatorLib/src/indic/IndicGurmukhiKeymap.c */ = {isa = PBXFileReference; explicitFileType = sourcecode.c.c; fileEncoding = 4; name = IndicGurmukhiKeymap.c; path = src/indic/IndicGurmukhiKeymap.c; sourceTree = SOURCE_ROOT; };
		B07D05A2D7C4435BA8B5B21E /* AnjalKeyTranslatorShared */ = {isa = PBXFileReference; explicitFileType = wrapper.framework; path = anjalkeyboard.framework/anjalkeyboard; sourceTree = BUILT_PRODUCTS_DIR; };
		B28DA49F8D094058840A334F /* /Users/muthu/Projects/SangamKeyboards-2026/LibrariesAndComponents/KeyTanslatorLib/src/indic/IndicMalayalamKeymap.c */ = {isa = PBXFileReference; explicitFileType = sourcecode.c.c; fileEncoding = 4; name = IndicMalayalamKeymap.c; path = src/indic/IndicMalayalamKeymap.c; sourceTree = SOURCE_ROOT; };
		B3D848EB0C1C4C7D941B3CBE /* /Users/muthu/Projects/SangamKeyboards-2026/LibrariesAndComponents/KeyTanslatorLib/src/indic/IndicTeluguKeymap.c */ = {isa = PBXFileReference; explicitFileType = sourcecode.c.c; fileEncoding = 4; name = IndicTeluguKeymap.c; path = src/indic/IndicTeluguKeymap.c; sourceTree = SOURCE_ROOT; };
		B48E9B54C43948B78477FEE4 /* /Users/muthu/Projects/SangamKeyboards-2026/LibrariesAndComponents/KeyTanslatorLib/include/AnjalKeyMapLookup.h */ = {isa = PBXFileReference; explicitFileType = sourcecode.c.h; fileEncoding = 4; name = AnjalKeyMapLookup.h; path = include/AnjalKeyMapLookup.h; sourceTree = SOURCE_ROOT; };
		C0EE7FBEF4AF4017A546BEA8 /* /Users/muthu/Projects/SangamKeyboards-2026/LibrariesAndComponents/KeyTanslatorLib/src/indic/IndicDevanagariKeymap.c */ = {isa = PBXFileReference; explicitFileType = sourcecode.c.c; fileEncoding = 4; name = IndicDevanagariKeymap.c; path = src/indic/IndicDevanagariKeymap.c; sourceTree = SOURCE_ROOT; };
		C42F00F0F3BB40ECA423929D /* /Users/muthu/Projects/SangamKeyboards-2026/LibrariesAndComponents/KeyTanslatorLib/include/IndicNotesIMEngine.h */ = {isa = PBXFileReference; explicitFileType = sourcecode.c.h; fileEncoding = 4; name = IndicNotesIMEngine.h; path = include/IndicNotesIMEngine.h; sourceTree = SOURCE_ROOT; };
		DFD368D70C844248AE83FF6B /* /Users/muthu/Projects/SangamKeyboards-2026/LibrariesAndComponents/KeyTanslatorLib/include/IndicIMEConstants.h */ = {isa = PBXFileReference; explicitFileType = sourcecode.c.h; fileEncoding = 4; name = IndicIMEConstants.h; path = include/IndicIMEConstants.h; sourceTree = SOURCE_ROOT; };
		E6243A8BA0D249BBAE33BFE6 /* /Users/muthu/Projects/SangamKeyboards-2026/LibrariesAndComponents/KeyTanslatorLib/src/indic/IndicNotesIMEngine.c */ = {isa = PBXFileReference; explicitFileType = sourcecode.c.c; fileEncoding = 4; name = IndicNotesIMEngine.c; path = src/indic/IndicNotesIMEngine.c; sourceTree = SOURCE_ROOT; };
		E8B695E992374F1FAA773CF9 /* /Users/muthu/Projects/SangamKeyboards-2026/LibrariesAndComponents/KeyTanslatorLib/src/tamil/KeyTranslatorTamil.c */ = {isa = PBXFileReference; explicitFileType = sourcecode.c.c; fileEncoding = 4; name = KeyTranslatorTamil.c; path = src/tamil/KeyTranslatorTamil.c; sourceTree = SOURCE_ROOT; };
		EF8F0CA78D1A408F90BDC798 /* /Users/muthu/Projects/SangamKeyboards-2026/LibrariesAndComponents/KeyTanslatorLib/include/KeyTranslatorMultilingual.h */ = {isa = PBXFileReference; explicitFileType = sourcecode.c.h; fileEncoding = 4; name = KeyTranslatorMultilingual.h; path = include/KeyTranslatorMultilingual.h; sourceTree = SOURCE_ROOT; };
		F966C1F6D9B24E0EA2D424E6 /* /Users/muthu/Projects/SangamKeyboards-2026/LibrariesAndComponents/KeyTanslatorLib/include/IndicNotesIMEngine.h */ = {isa = PBXFileReference; explicitFileType = sourcecode.c.h; fileEncoding = 4; name = IndicNotesIMEngine.h; path = include/IndicNotesIMEngine.h; sourceTree = SOURCE_ROOT; };
		FC068407D81B4E25A04DA57F /* /Users/muthu/Projects/SangamKeyboards-2026/LibrariesAndComponents/KeyTanslatorLib/src/indic/IndicKannadaKeymap.c */ = {isa = PBXFileReference; explicitFileType = sourcecode.c.c; fileEncoding = 4; name = IndicKannadaKeymap.c; path = src/indic/IndicKannadaKeymap.c; sourceTree = SOURCE_ROOT; };
/* End PBXFileReference section */

/* Begin PBXFrameworksBuildPhase section */
		28505FDCDC474C7F92502529 /* Frameworks */ = {
			isa = PBXFrameworksBuildPhase;
			buildActionMask = 2147483647;
			files = (
			);
			runOnlyForDeploymentPostprocessing = 0;
		};
		6F8620526D944024A22FBE8E /* Frameworks */ = {
			isa = PBXFrameworksBuildPhase;
			buildActionMask = 2147483647;
			files = (
			);
			runOnlyForDeploymentPostprocessing = 0;
		};
/* End PBXFrameworksBuildPhase section */

/* Begin PBXGroup section */
		2F19D32C5A09401D923A739D /* Resources */ = {
			isa = PBXGroup;
			children = (
			);
			name = Resources;
			sourceTree = "<group>";
		};
		3C72F774E0CD405F9035E42F /* Header Files */ = {
			isa = PBXGroup;
			children = (
				2A22CB970EFD448783AC82E1 /* /Users/muthu/Projects/SangamKeyboards-2026/LibrariesAndComponents/KeyTanslatorLib/include/AnjalKeyMap.h */,
				B48E9B54C43948B78477FEE4 /* /Users/muthu/Projects/SangamKeyboards-2026/LibrariesAndComponents/KeyTanslatorLib/include/AnjalKeyMapLookup.h */,
				523ADC3BEFDE4DB5B47119A7 /* /Users/muthu/Projects/SangamKeyboards-2026/LibrariesAndComponents/KeyTanslatorLib/include/EncodingTamil.h */,
				16E0AF82DADC4DDC89CA04B0 /* /Users/muthu/Projects/SangamKeyboards-2026/LibrariesAndComponents/KeyTanslatorLib/include/IndicIMEConstants.h */,
				C42F00F0F3BB40ECA423929D /* /Users/muthu/Projects/SangamKeyboards-2026/LibrariesAndComponents/KeyTanslatorLib/include/IndicNotesIMEngine.h */,
				17496BE998FC46C194A17413 /* /Users/muthu/Projects/SangamKeyboards-2026/LibrariesAndComponents/KeyTanslatorLib/include/KeyTranslatorMultilingual.h */,
			);
			name = "Header Files";
			sourceTree = "<group>";
		};
		4D0DD07A0D754D76A0C0E654 /* Source Files */ = {
			isa = PBXGroup;
			children = (
				148F957B82FC4055A8A7E117 /* /Users/muthu/Projects/SangamKeyboards-2026/LibrariesAndComponents/KeyTanslatorLib/src/KeyTranslatorMultilingual.c */,
				74D07C35554A47AAAAFE3D7A /* /Users/muthu/Projects/SangamKeyboards-2026/LibrariesAndComponents/KeyTanslatorLib/src/indic/IndicDevanagariKeymap.c */,
				A364B0255E6345349B446A90 /* /Users/muthu/Projects/SangamKeyboards-2026/LibrariesAndComponents/KeyTanslatorLib/src/indic/IndicGurmukhiKeymap.c */,
				FC068407D81B4E25A04DA57F /* /Users/muthu/Projects/SangamKeyboards-2026/LibrariesAndComponents/KeyTanslatorLib/src/indic/IndicKannadaKeymap.c */,
				8C5B508CBE8544FC937B38C9 /* /Users/muthu/Projects/SangamKeyboards-2026/LibrariesAndComponents/KeyTanslatorLib/src/indic/IndicMalayalamKeymap.c */,
				7D3246DDECE1478CB7EB0459 /* /Users/muthu/Projects/SangamKeyboards-2026/LibrariesAndComponents/KeyTanslatorLib/src/indic/IndicNotesIMEngine.c */,
				829E1915F7E34AE595403937 /* /Users/muthu/Projects/SangamKeyboards-2026/LibrariesAndComponents/KeyTanslatorLib/src/indic/IndicTeluguKeymap.c */,
				2D7E7E65CC5A49B6B2E98738 /* /Users/muthu/Projects/SangamKeyboards-2026/LibrariesAndComponents/KeyTanslatorLib/src/tamil/AnjalKeyMap.c */,
				89FFF23F6AD441379CBA4758 /* /Users/muthu/Projects/SangamKeyboards-2026/LibrariesAndComponents/KeyTanslatorLib/src/tamil/KeyTranslatorTamil.c */,
			);
			name = "Source Files";
			sourceTree = "<group>";
		};
		550485C7CFA64AB9B733D1DA /* AnjalKeyTranslatorShared */ = {
			isa = PBXGroup;
			children = (
				F6848B6BE4E44DE4A22F0C31 /* Source Files */,
				7D5D8F36A2F64EC9814409E1 /* Header Files */,
				4221A8CCB5964FFF8B7937B5 /* /Users/muthu/Projects/SangamKeyboards-2026/LibrariesAndComponents/KeyTanslatorLib/CMakeLists.txt */,
			);
			name = AnjalKeyTranslatorShared;
			sourceTree = "<group>";
		};
		76A376B904B0408E9D0D6CCB /* Frameworks */ = {
			isa = PBXGroup;
			children = (
			);
			name = Frameworks;
			sourceTree = "<group>";
		};
		7D5D8F36A2F64EC9814409E1 /* Header Files */ = {
			isa = PBXGroup;
			children = (
				2F6A1CE39DDA4B629A68F72C /* /Users/muthu/Projects/SangamKeyboards-2026/LibrariesAndComponents/KeyTanslatorLib/include/AnjalKeyMap.h */,
				58418AFD8D9246A185E09E68 /* /Users/muthu/Projects/SangamKeyboards-2026/LibrariesAndComponents/KeyTanslatorLib/include/AnjalKeyMapLookup.h */,
				0ACE44DCFB7D448E8F740569 /* /Users/muthu/Projects/SangamKeyboards-2026/LibrariesAndComponents/KeyTanslatorLib/include/EncodingTamil.h */,
				DFD368D70C844248AE83FF6B /* /Users/muthu/Projects/SangamKeyboards-2026/LibrariesAndComponents/KeyTanslatorLib/include/IndicIMEConstants.h */,
				F966C1F6D9B24E0EA2D424E6 /* /Users/muthu/Projects/SangamKeyboards-2026/LibrariesAndComponents/KeyTanslatorLib/include/IndicNotesIMEngine.h */,
				EF8F0CA78D1A408F90BDC798 /* /Users/muthu/Projects/SangamKeyboards-2026/LibrariesAndComponents/KeyTanslatorLib/include/KeyTranslatorMultilingual.h */,
			);
			name = "Header Files";
			sourceTree = "<group>";
		};
		90B3738ED09F482AAA3F73AA /* Products */ = {
			isa = PBXGroup;
			children = (
				38FC29EA662248F0B1E810C4 /* AnjalKeyTranslator */,
				B07D05A2D7C4435BA8B5B21E /* AnjalKeyTranslatorShared */,
			);
			name = Products;
			sourceTree = "<group>";
		};
		943A53E2D893434E949ED277 /* ALL_BUILD */ = {
			isa = PBXGroup;
			children = (
				D638936B5AFE42ACB8B19B62 /* CMake Rules */,
				3B4FFA14B1B543DB9063D330 /* /Users/muthu/Projects/SangamKeyboards-2026/LibrariesAndComponents/KeyTanslatorLib/CMakeLists.txt */,
			);
			name = ALL_BUILD;
			sourceTree = "<group>";
		};
		A81B62CD64D74342A46A1722 /* AnjalKeyTranslator */ = {
			isa = PBXGroup;
			children = (
				4D0DD07A0D754D76A0C0E654 /* Source Files */,
				3C72F774E0CD405F9035E42F /* Header Files */,
				4F05F3F21522428FB9A980E5 /* /Users/muthu/Projects/SangamKeyboards-2026/LibrariesAndComponents/KeyTanslatorLib/CMakeLists.txt */,
			);
			name = AnjalKeyTranslator;
			sourceTree = "<group>";
		};
		AD5D40512CB541B3B40AF322 = {
			isa = PBXGroup;
			children = (
				A81B62CD64D74342A46A1722 /* AnjalKeyTranslator */,
				550485C7CFA64AB9B733D1DA /* AnjalKeyTranslatorShared */,
				943A53E2D893434E949ED277 /* ALL_BUILD */,
				90B3738ED09F482AAA3F73AA /* Products */,
				76A376B904B0408E9D0D6CCB /* Frameworks */,
				2F19D32C5A09401D923A739D /* Resources */,
			);
			sourceTree = "<group>";
		};
		D638936B5AFE42ACB8B19B62 /* CMake Rules */ = {
			isa = PBXGroup;
			children = (
			);
			name = "CMake Rules";
			sourceTree = "<group>";
		};
		F6848B6BE4E44DE4A22F0C31 /* Source Files */ = {
			isa = PBXGroup;
			children = (
				592FC7D5FAC7434695E50EDB /* /Users/muthu/Projects/SangamKeyboards-2026/LibrariesAndComponents/KeyTanslatorLib/src/KeyTranslatorMultilingual.c */,
				C0EE7FBEF4AF4017A546BEA8 /* /Users/muthu/Projects/SangamKeyboards-2026/LibrariesAndComponents/KeyTanslatorLib/src/indic/IndicDevanagariKeymap.c */,
				40F5F3A6B125455585C42E4F /* /Users/muthu/Projects/SangamKeyboards-2026/LibrariesAndComponents/KeyTanslatorLib/src/indic/IndicGurmukhiKeymap.c */,
				6A8D0F08BD89448F9AB076DA /* /Users/muthu/Projects/SangamKeyboards-2026/LibrariesAndComponents/KeyTanslatorLib/src/indic/IndicKannadaKeymap.c */,
				B28DA49F8D094058840A334F /* /Users/muthu/Projects/SangamKeyboards-2026/LibrariesAndComponents/KeyTanslatorLib/src/indic/IndicMalayalamKeymap.c */,
				E6243A8BA0D249BBAE33BFE6 /* /Users/muthu/Projects/SangamKeyboards-2026/LibrariesAndComponents/KeyTanslatorLib/src/indic/IndicNotesIMEngine.c */,
				B3D848EB0C1C4C7D941B3CBE /* /Users/muthu/Projects/SangamKeyboards-2026/LibrariesAndComponents/KeyTanslatorLib/src/indic/IndicTeluguKeymap.c */,
				4637072B45FF4E1192A54960 /* /Users/muthu/Projects/SangamKeyboards-2026/LibrariesAndComponents/KeyTanslatorLib/src/tamil/AnjalKeyMap.c */,
				E8B695E992374F1FAA773CF9 /* /Users/muthu/Projects/SangamKeyboards-2026/LibrariesAndComponents/KeyTanslatorLib/src/tamil/KeyTranslatorTamil.c */,
			);
			name = "Source Files";
			sourceTree = "<group>";
		};
/* End PBXGroup section */

/* Begin PBXHeadersBuildPhase section */
		88D81CD484AE44749E9215A9 /* Headers */ = {
			isa = PBXHeadersBuildPhase;
			buildActionMask = 2147483647;
			files = (
				A88DABC2A16E4701825EF412 /* /Users/muthu/Projects/SangamKeyboards-2026/LibrariesAndComponents/KeyTanslatorLib/include/AnjalKeyMap.h */,
				D1BF5B78AB994D9DA542E358 /* /Users/muthu/Projects/SangamKeyboards-2026/LibrariesAndComponents/KeyTanslatorLib/include/AnjalKeyMapLookup.h */,
				25AC2C6FC67A47E0BA3E7D82 /* /Users/muthu/Projects/SangamKeyboards-2026/LibrariesAndComponents/KeyTanslatorLib/include/EncodingTamil.h */,
				9DD38216CC014B92B75CEEBF /* /Users/muthu/Projects/SangamKeyboards-2026/LibrariesAndComponents/KeyTanslatorLib/include/IndicIMEConstants.h */,
				1BC91B1165CF43DF9E97C95E /* /Users/muthu/Projects/SangamKeyboards-2026/LibrariesAndComponents/KeyTanslatorLib/include/IndicNotesIMEngine.h */,
				253CED60EA59419085C39ABF /* /Users/muthu/Projects/SangamKeyboards-2026/LibrariesAndComponents/KeyTanslatorLib/include/KeyTranslatorMultilingual.h */,
			);
			runOnlyForDeploymentPostprocessing = 0;
		};
		DF9CDD2A340E4F9A83E22C83 /* Headers */ = {
			isa = PBXHeadersBuildPhase;
			buildActionMask = 2147483647;
			files = (
				3A9BE6485026476AB5AE8FD5 /* /Users/muthu/Projects/SangamKeyboards-2026/LibrariesAndComponents/KeyTanslatorLib/include/AnjalKeyMap.h */,
				E2B70C89D6304DDD8D47E92F /* /Users/muthu/Projects/SangamKeyboards-2026/LibrariesAndComponents/KeyTanslatorLib/include/AnjalKeyMapLookup.h */,
				1F78535C305F4620BC0EC46E /* /Users/muthu/Projects/SangamKeyboards-2026/LibrariesAndComponents/KeyTanslatorLib/include/EncodingTamil.h */,
				4CC48601346945B589EAB930 /* /Users/muthu/Projects/SangamKeyboards-2026/LibrariesAndComponents/KeyTanslatorLib/include/IndicIMEConstants.h */,
				CAD55D9DB34D439CAFD499AE /* /Users/muthu/Projects/SangamKeyboards-2026/LibrariesAndComponents/KeyTanslatorLib/include/IndicNotesIMEngine.h */,
				78E6788270CA473991423F16 /* /Users/muthu/Projects/SangamKeyboards-2026/LibrariesAndComponents/KeyTanslatorLib/include/KeyTranslatorMultilingual.h */,
			);
			runOnlyForDeploymentPostprocessing = 0;
		};
/* End PBXHeadersBuildPhase section */

/* Begin PBXNativeTarget section */
		651E194E34CC97A45136F207 /* AnjalKeyTranslator */ = {
			isa = PBXNativeTarget;
			buildConfigurationList = B8F0C2B532C047DF80CBA610 /* Build configuration list for PBXNativeTarget "AnjalKeyTranslator" */;
			buildPhases = (
				88D81CD484AE44749E9215A9 /* Headers */,
				9468C6922ACD478F8A823603 /* Sources */,
				28505FDCDC474C7F92502529 /* Frameworks */,
			);
			buildRules = (
			);
			dependencies = (
				E20AA5EA84314F439B47EA23 /* PBXTargetDependency */,
			);
			name = AnjalKeyTranslator;
			productName = AnjalKeyTranslator;
			productReference = 38FC29EA662248F0B1E810C4 /* AnjalKeyTranslator */;
			productType = "com.apple.product-type.framework";
		};
		FD7C231E3FD6C2EA5146280F /* AnjalKeyTranslatorShared */ = {
			isa = PBXNativeTarget;
			buildConfigurationList = F6EF2273A88540A38316C4F1 /* Build configuration list for PBXNativeTarget "AnjalKeyTranslatorShared" */;
			buildPhases = (
				DF9CDD2A340E4F9A83E22C83 /* Headers */,
				8DE6331819074E36BAC97EC8 /* Sources */,
				6F8620526D944024A22FBE8E /* Frameworks */,
			);
			buildRules = (
			);
			dependencies = (
				B84E9DC2D7094186B1C8E71D /* PBXTargetDependency */,
			);
			name = AnjalKeyTranslatorShared;
			productName = AnjalKeyTranslatorShared;
			productReference = B07D05A2D7C4435BA8B5B21E /* AnjalKeyTranslatorShared */;
			productType = "com.apple.product-type.framework";
		};
/* End PBXNativeTarget section */

/* Begin PBXProject section */
		B8E545DD2480410FACD83891 /* Project object */ = {
			isa = PBXProject;
			attributes = {
				BuildIndependentTargetsInParallel = YES;
				LastUpgradeCheck = 2600;
			};
			buildConfigurationList = 6B7042F877AB44C5B78466D4 /* Build configuration list for PBXProject "AnjalKeyTranslator" */;
			buildSettings = {
			};
			buildStyles = (
				522187135EAA41C88BF1E8EC /* Debug */,
				5634B0D71DF849349448CA1F /* Release */,
				B50573391C4842B7B5639D6C /* MinSizeRel */,
				29740D4E8922436EA0C5EC53 /* RelWithDebInfo */,
			);
			compatibilityVersion = "Xcode 3.2";
			hasScannedForEncodings = 0;
			mainGroup = AD5D40512CB541B3B40AF322;
			projectDirPath = "/Users/muthu/Projects/SangamKeyboards-2026/LibrariesAndComponents/KeyTanslatorLib";
			projectRoot = "";
			targets = (
				6721AAC9DC51CB3F7ADBBB2A /* ALL_BUILD */,
				651E194E34CC97A45136F207 /* AnjalKeyTranslator */,
				FD7C231E3FD6C2EA5146280F /* AnjalKeyTranslatorShared */,
				1612DF20A3F88CAA3FAAE7FC /* ZERO_CHECK */,
				92FA70B37838ED6D63ABBBCD /* install */,
			);
		};
/* End PBXProject section */

/* Begin PBXShellScriptBuildPhase section */
		3C0110FC8322DE7E50886E21 = {
			isa = PBXShellScriptBuildPhase;
			buildActionMask = 2147483647;
			files = (
			);
			inputPaths = (
			);
			outputPaths = (
			);
			runOnlyForDeploymentPostprocessing = 0;
			shellPath = /bin/sh;
			shellScript = "# shell script goes here
exit 0";
			showEnvVarsInLog = 0;
		};
		59E4D8BC603BC2FDB439CC2B /* Generate CMakeFiles/ZERO_CHECK */ = {
			isa = PBXShellScriptBuildPhase;
			alwaysOutOfDate = 1;
			buildActionMask = 2147483647;
			files = (
			);
			inputPaths = (
			);
			name = "Generate CMakeFiles/ZERO_CHECK";
			outputPaths = (
"/Users/muthu/Projects/SangamKeyboards-2026/LibrariesAndComponents/KeyTanslatorLib/xcode/CMakeFiles/ZERO_CHECK"			);
			runOnlyForDeploymentPostprocessing = 0;
			shellPath = /bin/sh;
			shellScript = "set -e
if test \"$CONFIGURATION\" = \"Debug\"; then :
  cd /Users/muthu/Projects/SangamKeyboards-2026/LibrariesAndComponents/KeyTanslatorLib/xcode
  make -f /Users/muthu/Projects/SangamKeyboards-2026/LibrariesAndComponents/KeyTanslatorLib/xcode/CMakeScripts/ReRunCMake.make
fi
if test \"$CONFIGURATION\" = \"Release\"; then :
  cd /Users/muthu/Projects/SangamKeyboards-2026/LibrariesAndComponents/KeyTanslatorLib/xcode
  make -f /Users/muthu/Projects/SangamKeyboards-2026/LibrariesAndComponents/KeyTanslatorLib/xcode/CMakeScripts/ReRunCMake.make
fi
if test \"$CONFIGURATION\" = \"MinSizeRel\"; then :
  cd /Users/muthu/Projects/SangamKeyboards-2026/LibrariesAndComponents/KeyTanslatorLib/xcode
  make -f /Users/muthu/Projects/SangamKeyboards-2026/LibrariesAndComponents/KeyTanslatorLib/xcode/CMakeScripts/ReRunCMake.make
fi
if test \"$CONFIGURATION\" = \"RelWithDebInfo\"; then :
  cd /Users/muthu/Projects/SangamKeyboards-2026/LibrariesAndComponents/KeyTanslatorLib/xcode
  make -f /Users/muthu/Projects/SangamKeyboards-2026/LibrariesAndComponents/KeyTanslatorLib/xcode/CMakeScripts/ReRunCMake.make
fi
";
			showEnvVarsInLog = 0;
		};
		67958A70300FB7E82935C48F /* Generate CMakeFiles/ALL_BUILD */ = {
			isa = PBXShellScriptBuildPhase;
			alwaysOutOfDate = 1;
			buildActionMask = 2147483647;
			files = (
			);
			inputPaths = (
			);
			name = "Generate CMakeFiles/ALL_BUILD";
			outputPaths = (
"/Users/muthu/Projects/SangamKeyboards-2026/LibrariesAndComponents/KeyTanslatorLib/xcode/CMakeFiles/ALL_BUILD"			);
			runOnlyForDeploymentPostprocessing = 0;
			shellPath = /bin/sh;
			shellScript = "set -e
if test \"$CONFIGURATION\" = \"Debug\"; then :
  cd /Users/muthu/Projects/SangamKeyboards-2026/LibrariesAndComponents/KeyTanslatorLib/xcode
  echo Build\\ all\\ projects
fi
if test \"$CONFIGURATION\" = \"Release\"; then :
  cd /Users/muthu/Projects/SangamKeyboards-2026/LibrariesAndComponents/KeyTanslatorLib/xcode
  echo Build\\ all\\ projects
fi
if test \"$CONFIGURATION\" = \"MinSizeRel\"; then :
  cd /Users/muthu/Projects/SangamKeyboards-2026/LibrariesAndComponents/KeyTanslatorLib/xcode
  echo Build\\ all\\ projects
fi
if test \"$CONFIGURATION\" = \"RelWithDebInfo\"; then :
  cd /Users/muthu/Projects/SangamKeyboards-2026/LibrariesAndComponents/KeyTanslatorLib/xcode
  echo Build\\ all\\ projects
fi
";
			showEnvVarsInLog = 0;
		};
		87AF4882E018677E2624B544 = {
			isa = PBXShellScriptBuildPhase;
			buildActionMask = 2147483647;
			files = (
			);
			inputPaths = (
			);
			outputPaths = (
			);
			runOnlyForDeploymentPostprocessing = 0;
			shellPath = /bin/sh;
			shellScript = "# shell script goes here
exit 0";
			showEnvVarsInLog = 0;
		};
		93426DA6A4AC2C2AC9CE883C /* CMake PostBuild Rules */ = {
			isa = PBXShellScriptBuildPhase;
			alwaysOutOfDate = 1;
			buildActionMask = 2147483647;
			files = (
			);
			name = "CMake PostBuild Rules";
			outputPaths = (
			);
			runOnlyForDeploymentPostprocessing = 0;
			shellPath = /bin/sh;
			shellScript = "set -e
if test \"$CONFIGURATION\" = \"Debug\"; then :
  cd /Users/muthu/Projects/SangamKeyboards-2026/LibrariesAndComponents/KeyTanslatorLib/xcode
  /opt/homebrew/Cellar/cmake/3.30.5/bin/cmake -DBUILD_TYPE=$CONFIGURATION$EFFECTIVE_PLATFORM_NAME -P cmake_install.cmake
fi
if test \"$CONFIGURATION\" = \"Release\"; then :
  cd /Users/muthu/Projects/SangamKeyboards-2026/LibrariesAndComponents/KeyTanslatorLib/xcode
  /opt/homebrew/Cellar/cmake/3.30.5/bin/cmake -DBUILD_TYPE=$CONFIGURATION$EFFECTIVE_PLATFORM_NAME -P cmake_install.cmake
fi
if test \"$CONFIGURATION\" = \"MinSizeRel\"; then :
  cd /Users/muthu/Projects/SangamKeyboards-2026/LibrariesAndComponents/KeyTanslatorLib/xcode
  /opt/homebrew/Cellar/cmake/3.30.5/bin/cmake -DBUILD_TYPE=$CONFIGURATION$EFFECTIVE_PLATFORM_NAME -P cmake_install.cmake
fi
if test \"$CONFIGURATION\" = \"RelWithDebInfo\"; then :
  cd /Users/muthu/Projects/SangamKeyboards-2026/LibrariesAndComponents/KeyTanslatorLib/xcode
  /opt/homebrew/Cellar/cmake/3.30.5/bin/cmake -DBUILD_TYPE=$CONFIGURATION$EFFECTIVE_PLATFORM_NAME -P cmake_install.cmake
fi
";
			showEnvVarsInLog = 0;
		};
		9B50530E35CC49C82C2FACCF = {
			isa = PBXShellScriptBuildPhase;
			buildActionMask = 2147483647;
			files = (
			);
			inputPaths = (
			);
			outputPaths = (
			);
			runOnlyForDeploymentPostprocessing = 0;
			shellPath = /bin/sh;
			shellScript = "# shell script goes here
exit 0";
			showEnvVarsInLog = 0;
		};
/* End PBXShellScriptBuildPhase section */

/* Begin PBXSourcesBuildPhase section */
		8DE6331819074E36BAC97EC8 /* Sources */ = {
			isa = PBXSourcesBuildPhase;
			buildActionMask = 2147483647;
			files = (
				AE1BC79E6B054B349DDA0BF5 /* /Users/muthu/Projects/SangamKeyboards-2026/LibrariesAndComponents/KeyTanslatorLib/src/KeyTranslatorMultilingual.c */,
				2D53E1F574F3465DAC508A9D /* /Users/muthu/Projects/SangamKeyboards-2026/LibrariesAndComponents/KeyTanslatorLib/src/indic/IndicDevanagariKeymap.c */,
				B45580D897744BAB98C2CC97 /* /Users/muthu/Projects/SangamKeyboards-2026/LibrariesAndComponents/KeyTanslatorLib/src/indic/IndicGurmukhiKeymap.c */,
				C5460C526AC04540844905FD /* /Users/muthu/Projects/SangamKeyboards-2026/LibrariesAndComponents/KeyTanslatorLib/src/indic/IndicKannadaKeymap.c */,
				39B2FDA2A34546F4928D1BB3 /* /Users/muthu/Projects/SangamKeyboards-2026/LibrariesAndComponents/KeyTanslatorLib/src/indic/IndicMalayalamKeymap.c */,
				C652B688E20D4E878B14E63E /* /Users/muthu/Projects/SangamKeyboards-2026/LibrariesAndComponents/KeyTanslatorLib/src/indic/IndicNotesIMEngine.c */,
				EB6E555C333C4459B50921EF /* /Users/muthu/Projects/SangamKeyboards-2026/LibrariesAndComponents/KeyTanslatorLib/src/indic/IndicTeluguKeymap.c */,
				48259BDE7C72419ABB0D4303 /* /Users/muthu/Projects/SangamKeyboards-2026/LibrariesAndComponents/KeyTanslatorLib/src/tamil/AnjalKeyMap.c */,
				97B597EAD1E34B2AA71C90F5 /* /Users/muthu/Projects/SangamKeyboards-2026/LibrariesAndComponents/KeyTanslatorLib/src/tamil/KeyTranslatorTamil.c */,
			);
			runOnlyForDeploymentPostprocessing = 0;
		};
		9468C6922ACD478F8A823603 /* Sources */ = {
			isa = PBXSourcesBuildPhase;
			buildActionMask = 2147483647;
			files = (
				BFC61808C5E9431482391A1A /* /Users/muthu/Projects/SangamKeyboards-2026/LibrariesAndComponents/KeyTanslatorLib/src/KeyTranslatorMultilingual.c */,
				1CD5FD4CB8BE4DB3B2F5BD59 /* /Users/muthu/Projects/SangamKeyboards-2026/LibrariesAndComponents/KeyTanslatorLib/src/indic/IndicDevanagariKeymap.c */,
				94B1ABA97C404D57A7570A13 /* /Users/muthu/Projects/SangamKeyboards-2026/LibrariesAndComponents/KeyTanslatorLib/src/indic/IndicGurmukhiKeymap.c */,
				BAA34466460245CEB96BFB27 /* /Users/muthu/Projects/SangamKeyboards-2026/LibrariesAndComponents/KeyTanslatorLib/src/indic/IndicKannadaKeymap.c */,
				4A3BC608AF81469DA884D5C7 /* /Users/muthu/Projects/SangamKeyboards-2026/LibrariesAndComponents/KeyTanslatorLib/src/indic/IndicMalayalamKeymap.c */,
				B0E809464E6E488795F9FD7C /* /Users/muthu/Projects/SangamKeyboards-2026/LibrariesAndComponents/KeyTanslatorLib/src/indic/IndicNotesIMEngine.c */,
				99CB39CB3F3B4DC887B01476 /* /Users/muthu/Projects/SangamKeyboards-2026/LibrariesAndComponents/KeyTanslatorLib/src/indic/IndicTeluguKeymap.c */,
				E962F559C8E54FE69AB4FEDA /* /Users/muthu/Projects/SangamKeyboards-2026/LibrariesAndComponents/KeyTanslatorLib/src/tamil/AnjalKeyMap.c */,
				41D225C3E6204EB5BCA3D7DF /* /Users/muthu/Projects/SangamKeyboards-2026/LibrariesAndComponents/KeyTanslatorLib/src/tamil/KeyTranslatorTamil.c */,
			);
			runOnlyForDeploymentPostprocessing = 0;
		};
/* End PBXSourcesBuildPhase section */

/* Begin PBXTargetDependency section */
		054A2846F1CB4472A8B73F05 /* PBXTargetDependency */ = {
			isa = PBXTargetDependency;
			target = 1612DF20A3F88CAA3FAAE7FC /* ZERO_CHECK */;
			targetProxy = 884CB819AE4648F086BF76D0 /* PBXContainerItemProxy */;
		};
		3E1B6A622AEE4810BA2D7998 /* PBXTargetDependency */ = {
			isa = PBXTargetDependency;
			target = FD7C231E3FD6C2EA5146280F /* AnjalKeyTranslatorShared */;
			targetProxy = 37E18D34C329427689E1F09B /* PBXContainerItemProxy */;
		};
		A9AA4AE9E01D4334A1F98A02 /* PBXTargetDependency */ = {
			isa = PBXTargetDependency;
			target = 651E194E34CC97A45136F207 /* AnjalKeyTranslator */;
			targetProxy = EDD285DE60FE4D84BA852C27 /* PBXContainerItemProxy */;
		};
		B84E9DC2D7094186B1C8E71D /* PBXTargetDependency */ = {
			isa = PBXTargetDependency;
			target = 1612DF20A3F88CAA3FAAE7FC /* ZERO_CHECK */;
			targetProxy = FA0D48A05C8942B3ADE42374 /* PBXContainerItemProxy */;
		};
		D2C7472FA84C479A947856F7 /* PBXTargetDependency */ = {
			isa = PBXTargetDependency;
			target = 6721AAC9DC51CB3F7ADBBB2A /* ALL_BUILD */;
			targetProxy = 58973DCCA4F34771B520BB9A /* PBXContainerItemProxy */;
		};
		E20AA5EA84314F439B47EA23 /* PBXTargetDependency */ = {
			isa = PBXTargetDependency;
			target = 1612DF20A3F88CAA3FAAE7FC /* ZERO_CHECK */;
			targetProxy = 09D3402EAC154FC79AE8CBAD /* PBXContainerItemProxy */;
		};
/* End PBXTargetDependency section */

/* Begin XCBuildConfiguration section */
		1A8F9DC5FA154019BBC40DF7 /* RelWithDebInfo */ = {
			isa = XCBuildConfiguration;
			buildSettings = {
				ALWAYS_SEARCH_USER_PATHS = NO;
				ARCHS = arm64;
				COMBINE_HIDPI_IMAGES = YES;
				GCC_GENERATE_DEBUGGING_SYMBOLS = YES;
				GCC_INLINES_ARE_PRIVATE_EXTERN = NO;
				GCC_OPTIMIZATION_LEVEL = 0;
				GCC_PREPROCESSOR_DEFINITIONS = ("'CMAKE_INTDIR=\"$(CONFIGURATION)$(EFFECTIVE_PLATFORM_NAME)\"'","$(inherited)");
				GCC_SYMBOLS_PRIVATE_EXTERN = NO;
				INSTALL_PATH = "";
				ONLY_ACTIVE_ARCH = NO;
				OTHER_LDFLAGS = ("","$(inherited)");
				OTHER_REZFLAGS = "";
				PRODUCT_NAME = ALL_BUILD;
				SECTORDER_FLAGS = "";
				USE_HEADERMAP = NO;
				WARNING_CFLAGS = ("$(inherited)");
			};
			name = RelWithDebInfo;
		};
		2919E10A6FE04C328E270869 /* MinSizeRel */ = {
			isa = XCBuildConfiguration;
			buildSettings = {
				ALWAYS_SEARCH_USER_PATHS = NO;
				ARCHS = arm64;
				COMBINE_HIDPI_IMAGES = YES;
				GCC_GENERATE_DEBUGGING_SYMBOLS = YES;
				GCC_INLINES_ARE_PRIVATE_EXTERN = NO;
				GCC_OPTIMIZATION_LEVEL = 0;
				GCC_PREPROCESSOR_DEFINITIONS = ("'CMAKE_INTDIR=\"$(CONFIGURATION)$(EFFECTIVE_PLATFORM_NAME)\"'","$(inherited)");
				GCC_SYMBOLS_PRIVATE_EXTERN = NO;
				INSTALL_PATH = "";
				ONLY_ACTIVE_ARCH = NO;
				OTHER_LDFLAGS = ("","$(inherited)");
				OTHER_REZFLAGS = "";
				PRODUCT_NAME = ALL_BUILD;
				SECTORDER_FLAGS = "";
				USE_HEADERMAP = NO;
				WARNING_CFLAGS = ("$(inherited)");
			};
			name = MinSizeRel;
		};
		2E16FA85864A48B5AE848175 /* MinSizeRel */ = {
			isa = XCBuildConfiguration;
			buildSettings = {
				ALWAYS_SEARCH_USER_PATHS = NO;
				ARCHS = arm64;
				COMBINE_HIDPI_IMAGES = YES;
				CONFIGURATION_BUILD_DIR = "/Users/muthu/Projects/SangamKeyboards-2026/LibrariesAndComponents/KeyTanslatorLib/xcode/MinSizeRel";
				DYLIB_COMPATIBILITY_VERSION = 1.0.0;
				DYLIB_CURRENT_VERSION = 1.0.0;
				EXECUTABLE_PREFIX = "";
				EXECUTABLE_SUFFIX = "";
				FRAMEWORK_VERSION = A;
				GCC_GENERATE_DEBUGGING_SYMBOLS = NO;
				GCC_INLINES_ARE_PRIVATE_EXTERN = NO;
				GCC_OPTIMIZATION_LEVEL = s;
				GCC_PREPROCESSOR_DEFINITIONS = ("'CMAKE_INTDIR=\"$(CONFIGURATION)$(EFFECTIVE_PLATFORM_NAME)\"'",AnjalKeyTranslatorShared_EXPORTS,TARGET_OS_MAC,"$(inherited)");
				GCC_SYMBOLS_PRIVATE_EXTERN = NO;
				HEADER_SEARCH_PATHS = ("/Users/muthu/Projects/SangamKeyboards-2026/LibrariesAndComponents/KeyTanslatorLib/include","$(inherited)");
				INFOPLIST_FILE = "/Users/muthu/Projects/SangamKeyboards-2026/LibrariesAndComponents/KeyTanslatorLib/xcode/CMakeFiles/AnjalKeyTranslatorShared.dir/Info.plist";
				INSTALL_PATH = "@rpath";
				LIBRARY_STYLE = DYNAMIC;
				ONLY_ACTIVE_ARCH = NO;
				OTHER_CFLAGS = ("    -DNDEBUG '-std=gnu11' -fPIC ","$(inherited)");
				OTHER_LDFLAGS = ("","$(inherited)");
				OTHER_REZFLAGS = "";
				PRODUCT_NAME = anjalkeyboard;
				SECTORDER_FLAGS = "";
				TARGET_TEMP_DIR = "/Users/muthu/Projects/SangamKeyboards-2026/LibrariesAndComponents/KeyTanslatorLib/xcode/build/AnjalKeyTranslatorShared.build/$(CONFIGURATION)$(EFFECTIVE_PLATFORM_NAME)";
				USE_HEADERMAP = NO;
				WARNING_CFLAGS = ("$(inherited)");
			};
			name = MinSizeRel;
		};
		3A7389449DE441FBBE9B3302 /* MinSizeRel */ = {
			isa = XCBuildConfiguration;
			buildSettings = {
				ALWAYS_SEARCH_USER_PATHS = NO;
				ARCHS = arm64;
				COMBINE_HIDPI_IMAGES = YES;
				GCC_GENERATE_DEBUGGING_SYMBOLS = YES;
				GCC_INLINES_ARE_PRIVATE_EXTERN = NO;
				GCC_OPTIMIZATION_LEVEL = 0;
				GCC_PREPROCESSOR_DEFINITIONS = ("'CMAKE_INTDIR=\"$(CONFIGURATION)$(EFFECTIVE_PLATFORM_NAME)\"'","$(inherited)");
				GCC_SYMBOLS_PRIVATE_EXTERN = NO;
				INSTALL_PATH = "";
				ONLY_ACTIVE_ARCH = NO;
				OTHER_LDFLAGS = ("","$(inherited)");
				OTHER_REZFLAGS = "";
				PRODUCT_NAME = install;
				SECTORDER_FLAGS = "";
				USE_HEADERMAP = NO;
				WARNING_CFLAGS = ("$(inherited)");
			};
			name = MinSizeRel;
		};
		406C3CDD79D74DB49E60D0DA /* RelWithDebInfo */ = {
			isa = XCBuildConfiguration;
			buildSettings = {
				ALWAYS_SEARCH_USER_PATHS = NO;
				ARCHS = arm64;
				COMBINE_HIDPI_IMAGES = YES;
				CONFIGURATION_BUILD_DIR = "/Users/muthu/Projects/SangamKeyboards-2026/LibrariesAndComponents/KeyTanslatorLib/xcode/RelWithDebInfo";
				EXECUTABLE_PREFIX = "";
				EXECUTABLE_SUFFIX = "";
				FRAMEWORK_VERSION = A;
				GCC_GENERATE_DEBUGGING_SYMBOLS = YES;
				GCC_INLINES_ARE_PRIVATE_EXTERN = NO;
				GCC_OPTIMIZATION_LEVEL = 2;
				GCC_PREPROCESSOR_DEFINITIONS = ("'CMAKE_INTDIR=\"$(CONFIGURATION)$(EFFECTIVE_PLATFORM_NAME)\"'",TARGET_OS_MAC,"$(inherited)");
				GCC_SYMBOLS_PRIVATE_EXTERN = NO;
				HEADER_SEARCH_PATHS = ("/Users/muthu/Projects/SangamKeyboards-2026/LibrariesAndComponents/KeyTanslatorLib/include","$(inherited)");
				INFOPLIST_FILE = "/Users/muthu/Projects/SangamKeyboards-2026/LibrariesAndComponents/KeyTanslatorLib/xcode/CMakeFiles/AnjalKeyTranslator.dir/Info.plist";
				INSTALL_PATH = "";
				MACH_O_TYPE = staticlib;
				ONLY_ACTIVE_ARCH = NO;
				OTHER_CFLAGS = ("       -DNDEBUG '-std=gnu11' ","$(inherited)");
				OTHER_LIBTOOLFLAGS = ("");
				OTHER_REZFLAGS = "";
				PRODUCT_NAME = anjalkeyboard;
				SECTORDER_FLAGS = "";
				TARGET_TEMP_DIR = "/Users/muthu/Projects/SangamKeyboards-2026/LibrariesAndComponents/KeyTanslatorLib/xcode/build/AnjalKeyTranslator.build/$(CONFIGURATION)$(EFFECTIVE_PLATFORM_NAME)";
				USE_HEADERMAP = NO;
				WARNING_CFLAGS = ("$(inherited)");
			};
			name = RelWithDebInfo;
		};
		70FC18C9BFC74051A7A486AF /* RelWithDebInfo */ = {
			isa = XCBuildConfiguration;
			buildSettings = {
				ARCHS = arm64;
				SDKROOT = /Applications/Xcode.app/Contents/Developer/Platforms/MacOSX.platform/Developer/SDKs/MacOSX26.0.sdk;
				SWIFT_COMPILATION_MODE = wholemodule;
				SYMROOT = "/Users/muthu/Projects/SangamKeyboards-2026/LibrariesAndComponents/KeyTanslatorLib/xcode/build";
			};
			name = RelWithDebInfo;
		};
		8BDB8D222742419D89A56BBD /* Debug */ = {
			isa = XCBuildConfiguration;
			buildSettings = {
				ALWAYS_SEARCH_USER_PATHS = NO;
				ARCHS = arm64;
				COMBINE_HIDPI_IMAGES = YES;
				CONFIGURATION_BUILD_DIR = "/Users/muthu/Projects/SangamKeyboards-2026/LibrariesAndComponents/KeyTanslatorLib/xcode/Debug";
				DYLIB_COMPATIBILITY_VERSION = 1.0.0;
				DYLIB_CURRENT_VERSION = 1.0.0;
				EXECUTABLE_PREFIX = "";
				EXECUTABLE_SUFFIX = "";
				FRAMEWORK_VERSION = A;
				GCC_GENERATE_DEBUGGING_SYMBOLS = YES;
				GCC_INLINES_ARE_PRIVATE_EXTERN = NO;
				GCC_OPTIMIZATION_LEVEL = 0;
				GCC_PREPROCESSOR_DEFINITIONS = ("'CMAKE_INTDIR=\"$(CONFIGURATION)$(EFFECTIVE_PLATFORM_NAME)\"'",AnjalKeyTranslatorShared_EXPORTS,TARGET_OS_MAC,"$(inherited)");
				GCC_SYMBOLS_PRIVATE_EXTERN = NO;
				HEADER_SEARCH_PATHS = ("/Users/muthu/Projects/SangamKeyboards-2026/LibrariesAndComponents/KeyTanslatorLib/include","$(inherited)");
				INFOPLIST_FILE = "/Users/muthu/Projects/SangamKeyboards-2026/LibrariesAndComponents/KeyTanslatorLib/xcode/CMakeFiles/AnjalKeyTranslatorShared.dir/Info.plist";
				INSTALL_PATH = "@rpath";
				LIBRARY_STYLE = DYNAMIC;
				ONLY_ACTIVE_ARCH = NO;
				OTHER_CFLAGS = ("   '-std=gnu11' -fPIC ","$(inherited)");
				OTHER_LDFLAGS = ("","$(inherited)");
				OTHER_REZFLAGS = "";
				PRODUCT_NAME = anjalkeyboard;
				SECTORDER_FLAGS = "";
				TARGET_TEMP_DIR = "/Users/muthu/Projects/SangamKeyboards-2026/LibrariesAndComponents/KeyTanslatorLib/xcode/build/AnjalKeyTranslatorShared.build/$(CONFIGURATION)$(EFFECTIVE_PLATFORM_NAME)";
				USE_HEADERMAP = NO;
				WARNING_CFLAGS = ("$(inherited)");
			};
			name = Debug;
		};
		8E47D74F03594C09BC1116BC /* Debug */ = {
			isa = XCBuildConfiguration;
			buildSettings = {
				ALWAYS_SEARCH_USER_PATHS = NO;
				ARCHS = arm64;
				COMBINE_HIDPI_IMAGES = YES;
				GCC_GENERATE_DEBUGGING_SYMBOLS = YES;
				GCC_INLINES_ARE_PRIVATE_EXTERN = NO;
				GCC_OPTIMIZATION_LEVEL = 0;
				GCC_PREPROCESSOR_DEFINITIONS = ("'CMAKE_INTDIR=\"$(CONFIGURATION)$(EFFECTIVE_PLATFORM_NAME)\"'","$(inherited)");
				GCC_SYMBOLS_PRIVATE_EXTERN = NO;
				INSTALL_PATH = "";
				ONLY_ACTIVE_ARCH = NO;
				OTHER_LDFLAGS = ("","$(inherited)");
				OTHER_REZFLAGS = "";
				PRODUCT_NAME = ZERO_CHECK;
				SECTORDER_FLAGS = "";
				USE_HEADERMAP = NO;
				WARNING_CFLAGS = ("$(inherited)");
			};
			name = Debug;
		};
		8EC26369DE924EF4A053B44C /* MinSizeRel */ = {
			isa = XCBuildConfiguration;
			buildSettings = {
				ALWAYS_SEARCH_USER_PATHS = NO;
				ARCHS = arm64;
				COMBINE_HIDPI_IMAGES = YES;
				GCC_GENERATE_DEBUGGING_SYMBOLS = YES;
				GCC_INLINES_ARE_PRIVATE_EXTERN = NO;
				GCC_OPTIMIZATION_LEVEL = 0;
				GCC_PREPROCESSOR_DEFINITIONS = ("'CMAKE_INTDIR=\"$(CONFIGURATION)$(EFFECTIVE_PLATFORM_NAME)\"'","$(inherited)");
				GCC_SYMBOLS_PRIVATE_EXTERN = NO;
				INSTALL_PATH = "";
				ONLY_ACTIVE_ARCH = NO;
				OTHER_LDFLAGS = ("","$(inherited)");
				OTHER_REZFLAGS = "";
				PRODUCT_NAME = ZERO_CHECK;
				SECTORDER_FLAGS = "";
				USE_HEADERMAP = NO;
				WARNING_CFLAGS = ("$(inherited)");
			};
			name = MinSizeRel;
		};
		92531588EE67492D9D011784 /* Release */ = {
			isa = XCBuildConfiguration;
			buildSettings = {
				ARCHS = arm64;
				SDKROOT = /Applications/Xcode.app/Contents/Developer/Platforms/MacOSX.platform/Developer/SDKs/MacOSX26.0.sdk;
				SWIFT_COMPILATION_MODE = wholemodule;
				SYMROOT = "/Users/muthu/Projects/SangamKeyboards-2026/LibrariesAndComponents/KeyTanslatorLib/xcode/build";
			};
			name = Release;
		};
		951F9C93020A480094198F4B /* Release */ = {
			isa = XCBuildConfiguration;
			buildSettings = {
				ALWAYS_SEARCH_USER_PATHS = NO;
				ARCHS = arm64;
				COMBINE_HIDPI_IMAGES = YES;
				CONFIGURATION_BUILD_DIR = "/Users/muthu/Projects/SangamKeyboards-2026/LibrariesAndComponents/KeyTanslatorLib/xcode/Release";
				EXECUTABLE_PREFIX = "";
				EXECUTABLE_SUFFIX = "";
				FRAMEWORK_VERSION = A;
				GCC_GENERATE_DEBUGGING_SYMBOLS = NO;
				GCC_INLINES_ARE_PRIVATE_EXTERN = NO;
				GCC_OPTIMIZATION_LEVEL = 3;
				GCC_PREPROCESSOR_DEFINITIONS = ("'CMAKE_INTDIR=\"$(CONFIGURATION)$(EFFECTIVE_PLATFORM_NAME)\"'",TARGET_OS_MAC,"$(inherited)");
				GCC_SYMBOLS_PRIVATE_EXTERN = NO;
				HEADER_SEARCH_PATHS = ("/Users/muthu/Projects/SangamKeyboards-2026/LibrariesAndComponents/KeyTanslatorLib/include","$(inherited)");
				INFOPLIST_FILE = "/Users/muthu/Projects/SangamKeyboards-2026/LibrariesAndComponents/KeyTanslatorLib/xcode/CMakeFiles/AnjalKeyTranslator.dir/Info.plist";
				INSTALL_PATH = "";
				MACH_O_TYPE = staticlib;
				ONLY_ACTIVE_ARCH = NO;
				OTHER_CFLAGS = ("    -DNDEBUG '-std=gnu11' ","$(inherited)");
				OTHER_LIBTOOLFLAGS = ("");
				OTHER_REZFLAGS = "";
				PRODUCT_NAME = anjalkeyboard;
				SECTORDER_FLAGS = "";
				TARGET_TEMP_DIR = "/Users/muthu/Projects/SangamKeyboards-2026/LibrariesAndComponents/KeyTanslatorLib/xcode/build/AnjalKeyTranslator.build/$(CONFIGURATION)$(EFFECTIVE_PLATFORM_NAME)";
				USE_HEADERMAP = NO;
				WARNING_CFLAGS = ("$(inherited)");
			};
			name = Release;
		};
		9FD4F7DD29D3467A9F07EF3A /* Debug */ = {
			isa = XCBuildConfiguration;
			buildSettings = {
				ALWAYS_SEARCH_USER_PATHS = NO;
				ARCHS = arm64;
				COMBINE_HIDPI_IMAGES = YES;
				GCC_GENERATE_DEBUGGING_SYMBOLS = YES;
				GCC_INLINES_ARE_PRIVATE_EXTERN = NO;
				GCC_OPTIMIZATION_LEVEL = 0;
				GCC_PREPROCESSOR_DEFINITIONS = ("'CMAKE_INTDIR=\"$(CONFIGURATION)$(EFFECTIVE_PLATFORM_NAME)\"'","$(inherited)");
				GCC_SYMBOLS_PRIVATE_EXTERN = NO;
				INSTALL_PATH = "";
				ONLY_ACTIVE_ARCH = NO;
				OTHER_LDFLAGS = ("","$(inherited)");
				OTHER_REZFLAGS = "";
				PRODUCT_NAME = install;
				SECTORDER_FLAGS = "";
				USE_HEADERMAP = NO;
				WARNING_CFLAGS = ("$(inherited)");
			};
			name = Debug;
		};
		B09F903DB0C742AA91942DF7 /* Release */ = {
			isa = XCBuildConfiguration;
			buildSettings = {
				ALWAYS_SEARCH_USER_PATHS = NO;
				ARCHS = arm64;
				COMBINE_HIDPI_IMAGES = YES;
				CONFIGURATION_BUILD_DIR = "/Users/muthu/Projects/SangamKeyboards-2026/LibrariesAndComponents/KeyTanslatorLib/xcode/Release";
				DYLIB_COMPATIBILITY_VERSION = 1.0.0;
				DYLIB_CURRENT_VERSION = 1.0.0;
				EXECUTABLE_PREFIX = "";
				EXECUTABLE_SUFFIX = "";
				FRAMEWORK_VERSION = A;
				GCC_GENERATE_DEBUGGING_SYMBOLS = NO;
				GCC_INLINES_ARE_PRIVATE_EXTERN = NO;
				GCC_OPTIMIZATION_LEVEL = 3;
				GCC_PREPROCESSOR_DEFINITIONS = ("'CMAKE_INTDIR=\"$(CONFIGURATION)$(EFFECTIVE_PLATFORM_NAME)\"'",AnjalKeyTranslatorShared_EXPORTS,TARGET_OS_MAC,"$(inherited)");
				GCC_SYMBOLS_PRIVATE_EXTERN = NO;
				HEADER_SEARCH_PATHS = ("/Users/muthu/Projects/SangamKeyboards-2026/LibrariesAndComponents/KeyTanslatorLib/include","$(inherited)");
				INFOPLIST_FILE = "/Users/muthu/Projects/SangamKeyboards-2026/LibrariesAndComponents/KeyTanslatorLib/xcode/CMakeFiles/AnjalKeyTranslatorShared.dir/Info.plist";
				INSTALL_PATH = "@rpath";
				LIBRARY_STYLE = DYNAMIC;
				ONLY_ACTIVE_ARCH = NO;
				OTHER_CFLAGS = ("    -DNDEBUG '-std=gnu11' -fPIC ","$(inherited)");
				OTHER_LDFLAGS = ("","$(inherited)");
				OTHER_REZFLAGS = "";
				PRODUCT_NAME = anjalkeyboard;
				SECTORDER_FLAGS = "";
				TARGET_TEMP_DIR = "/Users/muthu/Projects/SangamKeyboards-2026/LibrariesAndComponents/KeyTanslatorLib/xcode/build/AnjalKeyTranslatorShared.build/$(CONFIGURATION)$(EFFECTIVE_PLATFORM_NAME)";
				USE_HEADERMAP = NO;
				WARNING_CFLAGS = ("$(inherited)");
			};
			name = Release;
		};
		B0A4C0F9925D4D29BE818434 /* Release */ = {
			isa = XCBuildConfiguration;
			buildSettings = {
				ALWAYS_SEARCH_USER_PATHS = NO;
				ARCHS = arm64;
				COMBINE_HIDPI_IMAGES = YES;
				GCC_GENERATE_DEBUGGING_SYMBOLS = YES;
				GCC_INLINES_ARE_PRIVATE_EXTERN = NO;
				GCC_OPTIMIZATION_LEVEL = 0;
				GCC_PREPROCESSOR_DEFINITIONS = ("'CMAKE_INTDIR=\"$(CONFIGURATION)$(EFFECTIVE_PLATFORM_NAME)\"'","$(inherited)");
				GCC_SYMBOLS_PRIVATE_EXTERN = NO;
				INSTALL_PATH = "";
				ONLY_ACTIVE_ARCH = NO;
				OTHER_LDFLAGS = ("","$(inherited)");
				OTHER_REZFLAGS = "";
				PRODUCT_NAME = ALL_BUILD;
				SECTORDER_FLAGS = "";
				USE_HEADERMAP = NO;
				WARNING_CFLAGS = ("$(inherited)");
			};
			name = Release;
		};
		B0E39D89814C4DE8A6BF8BF2 /* RelWithDebInfo */ = {
			isa = XCBuildConfiguration;
			buildSettings = {
				ALWAYS_SEARCH_USER_PATHS = NO;
				ARCHS = arm64;
				COMBINE_HIDPI_IMAGES = YES;
				GCC_GENERATE_DEBUGGING_SYMBOLS = YES;
				GCC_INLINES_ARE_PRIVATE_EXTERN = NO;
				GCC_OPTIMIZATION_LEVEL = 0;
				GCC_PREPROCESSOR_DEFINITIONS = ("'CMAKE_INTDIR=\"$(CONFIGURATION)$(EFFECTIVE_PLATFORM_NAME)\"'","$(inherited)");
				GCC_SYMBOLS_PRIVATE_EXTERN = NO;
				INSTALL_PATH = "";
				ONLY_ACTIVE_ARCH = NO;
				OTHER_LDFLAGS = ("","$(inherited)");
				OTHER_REZFLAGS = "";
				PRODUCT_NAME = install;
				SECTORDER_FLAGS = "";
				USE_HEADERMAP = NO;
				WARNING_CFLAGS = ("$(inherited)");
			};
			name = RelWithDebInfo;
		};
		CB096D90CFB2477297DC138B /* MinSizeRel */ = {
			isa = XCBuildConfiguration;
			buildSettings = {
				ALWAYS_SEARCH_USER_PATHS = NO;
				ARCHS = arm64;
				COMBINE_HIDPI_IMAGES = YES;
				CONFIGURATION_BUILD_DIR = "/Users/muthu/Projects/SangamKeyboards-2026/LibrariesAndComponents/KeyTanslatorLib/xcode/MinSizeRel";
				EXECUTABLE_PREFIX = "";
				EXECUTABLE_SUFFIX = "";
				FRAMEWORK_VERSION = A;
				GCC_GENERATE_DEBUGGING_SYMBOLS = NO;
				GCC_INLINES_ARE_PRIVATE_EXTERN = NO;
				GCC_OPTIMIZATION_LEVEL = s;
				GCC_PREPROCESSOR_DEFINITIONS = ("'CMAKE_INTDIR=\"$(CONFIGURATION)$(EFFECTIVE_PLATFORM_NAME)\"'",TARGET_OS_MAC,"$(inherited)");
				GCC_SYMBOLS_PRIVATE_EXTERN = NO;
				HEADER_SEARCH_PATHS = ("/Users/muthu/Projects/SangamKeyboards-2026/LibrariesAndComponents/KeyTanslatorLib/include","$(inherited)");
				INFOPLIST_FILE = "/Users/muthu/Projects/SangamKeyboards-2026/LibrariesAndComponents/KeyTanslatorLib/xcode/CMakeFiles/AnjalKeyTranslator.dir/Info.plist";
				INSTALL_PATH = "";
				MACH_O_TYPE = staticlib;
				ONLY_ACTIVE_ARCH = NO;
				OTHER_CFLAGS = ("    -DNDEBUG '-std=gnu11' ","$(inherited)");
				OTHER_LIBTOOLFLAGS = ("");
				OTHER_REZFLAGS = "";
				PRODUCT_NAME = anjalkeyboard;
				SECTORDER_FLAGS = "";
				TARGET_TEMP_DIR = "/Users/muthu/Projects/SangamKeyboards-2026/LibrariesAndComponents/KeyTanslatorLib/xcode/build/AnjalKeyTranslator.build/$(CONFIGURATION)$(EFFECTIVE_PLATFORM_NAME)";
				USE_HEADERMAP = NO;
				WARNING_CFLAGS = ("$(inherited)");
			};
			name = MinSizeRel;
		};
		CD83F5DB37794F5098CE3527 /* Debug */ = {
			isa = XCBuildConfiguration;
			buildSettings = {
				ALWAYS_SEARCH_USER_PATHS = NO;
				ARCHS = arm64;
				COMBINE_HIDPI_IMAGES = YES;
				CONFIGURATION_BUILD_DIR = "/Users/muthu/Projects/SangamKeyboards-2026/LibrariesAndComponents/KeyTanslatorLib/xcode/Debug";
				EXECUTABLE_PREFIX = "";
				EXECUTABLE_SUFFIX = "";
				FRAMEWORK_VERSION = A;
				GCC_GENERATE_DEBUGGING_SYMBOLS = YES;
				GCC_INLINES_ARE_PRIVATE_EXTERN = NO;
				GCC_OPTIMIZATION_LEVEL = 0;
				GCC_PREPROCESSOR_DEFINITIONS = ("'CMAKE_INTDIR=\"$(CONFIGURATION)$(EFFECTIVE_PLATFORM_NAME)\"'",TARGET_OS_MAC,"$(inherited)");
				GCC_SYMBOLS_PRIVATE_EXTERN = NO;
				HEADER_SEARCH_PATHS = ("/Users/muthu/Projects/SangamKeyboards-2026/LibrariesAndComponents/KeyTanslatorLib/include","$(inherited)");
				INFOPLIST_FILE = "/Users/muthu/Projects/SangamKeyboards-2026/LibrariesAndComponents/KeyTanslatorLib/xcode/CMakeFiles/AnjalKeyTranslator.dir/Info.plist";
				INSTALL_PATH = "";
				MACH_O_TYPE = staticlib;
				ONLY_ACTIVE_ARCH = NO;
				OTHER_CFLAGS = ("   '-std=gnu11' ","$(inherited)");
				OTHER_LIBTOOLFLAGS = ("");
				OTHER_REZFLAGS = "";
				PRODUCT_NAME = anjalkeyboard;
				SECTORDER_FLAGS = "";
				TARGET_TEMP_DIR = "/Users/muthu/Projects/SangamKeyboards-2026/LibrariesAndComponents/KeyTanslatorLib/xcode/build/AnjalKeyTranslator.build/$(CONFIGURATION)$(EFFECTIVE_PLATFORM_NAME)";
				USE_HEADERMAP = NO;
				WARNING_CFLAGS = ("$(inherited)");
			};
			name = Debug;
		};
		D176F8D7A9BE46F9BE740687 /* Debug */ = {
			isa = XCBuildConfiguration;
			buildSettings = {
				ARCHS = arm64;
				SDKROOT = /Applications/Xcode.app/Contents/Developer/Platforms/MacOSX.platform/Developer/SDKs/MacOSX26.0.sdk;
				SYMROOT = "/Users/muthu/Projects/SangamKeyboards-2026/LibrariesAndComponents/KeyTanslatorLib/xcode/build";
			};
			name = Debug;
		};
		D4430882DEE74165A9BEF198 /* MinSizeRel */ = {
			isa = XCBuildConfiguration;
			buildSettings = {
				ARCHS = arm64;
				SDKROOT = /Applications/Xcode.app/Contents/Developer/Platforms/MacOSX.platform/Developer/SDKs/MacOSX26.0.sdk;
				SWIFT_COMPILATION_MODE = wholemodule;
				SYMROOT = "/Users/muthu/Projects/SangamKeyboards-2026/LibrariesAndComponents/KeyTanslatorLib/xcode/build";
			};
			name = MinSizeRel;
		};
		DD2D2571ED0642E298DF5374 /* Release */ = {
			isa = XCBuildConfiguration;
			buildSettings = {
				ALWAYS_SEARCH_USER_PATHS = NO;
				ARCHS = arm64;
				COMBINE_HIDPI_IMAGES = YES;
				GCC_GENERATE_DEBUGGING_SYMBOLS = YES;
				GCC_INLINES_ARE_PRIVATE_EXTERN = NO;
				GCC_OPTIMIZATION_LEVEL = 0;
				GCC_PREPROCESSOR_DEFINITIONS = ("'CMAKE_INTDIR=\"$(CONFIGURATION)$(EFFECTIVE_PLATFORM_NAME)\"'","$(inherited)");
				GCC_SYMBOLS_PRIVATE_EXTERN = NO;
				INSTALL_PATH = "";
				ONLY_ACTIVE_ARCH = NO;
				OTHER_LDFLAGS = ("","$(inherited)");
				OTHER_REZFLAGS = "";
				PRODUCT_NAME = install;
				SECTORDER_FLAGS = "";
				USE_HEADERMAP = NO;
				WARNING_CFLAGS = ("$(inherited)");
			};
			name = Release;
		};
		E3137A30AB0446EF907005CA /* Release */ = {
			isa = XCBuildConfiguration;
			buildSettings = {
				ALWAYS_SEARCH_USER_PATHS = NO;
				ARCHS = arm64;
				COMBINE_HIDPI_IMAGES = YES;
				GCC_GENERATE_DEBUGGING_SYMBOLS = YES;
				GCC_INLINES_ARE_PRIVATE_EXTERN = NO;
				GCC_OPTIMIZATION_LEVEL = 0;
				GCC_PREPROCESSOR_DEFINITIONS = ("'CMAKE_INTDIR=\"$(CONFIGURATION)$(EFFECTIVE_PLATFORM_NAME)\"'","$(inherited)");
				GCC_SYMBOLS_PRIVATE_EXTERN = NO;
				INSTALL_PATH = "";
				ONLY_ACTIVE_ARCH = NO;
				OTHER_LDFLAGS = ("","$(inherited)");
				OTHER_REZFLAGS = "";
				PRODUCT_NAME = ZERO_CHECK;
				SECTORDER_FLAGS = "";
				USE_HEADERMAP = NO;
				WARNING_CFLAGS = ("$(inherited)");
			};
			name = Release;
		};
		E345D529079C4E7F843881D7 /* Debug */ = {
			isa = XCBuildConfiguration;
			buildSettings = {
				ALWAYS_SEARCH_USER_PATHS = NO;
				ARCHS = arm64;
				COMBINE_HIDPI_IMAGES = YES;
				GCC_GENERATE_DEBUGGING_SYMBOLS = YES;
				GCC_INLINES_ARE_PRIVATE_EXTERN = NO;
				GCC_OPTIMIZATION_LEVEL = 0;
				GCC_PREPROCESSOR_DEFINITIONS = ("'CMAKE_INTDIR=\"$(CONFIGURATION)$(EFFECTIVE_PLATFORM_NAME)\"'","$(inherited)");
				GCC_SYMBOLS_PRIVATE_EXTERN = NO;
				INSTALL_PATH = "";
				ONLY_ACTIVE_ARCH = NO;
				OTHER_LDFLAGS = ("","$(inherited)");
				OTHER_REZFLAGS = "";
				PRODUCT_NAME = ALL_BUILD;
				SECTORDER_FLAGS = "";
				USE_HEADERMAP = NO;
				WARNING_CFLAGS = ("$(inherited)");
			};
			name = Debug;
		};
		E51D97086B414BCABA304C6D /* RelWithDebInfo */ = {
			isa = XCBuildConfiguration;
			buildSettings = {
				ALWAYS_SEARCH_USER_PATHS = NO;
				ARCHS = arm64;
				COMBINE_HIDPI_IMAGES = YES;
				GCC_GENERATE_DEBUGGING_SYMBOLS = YES;
				GCC_INLINES_ARE_PRIVATE_EXTERN = NO;
				GCC_OPTIMIZATION_LEVEL = 0;
				GCC_PREPROCESSOR_DEFINITIONS = ("'CMAKE_INTDIR=\"$(CONFIGURATION)$(EFFECTIVE_PLATFORM_NAME)\"'","$(inherited)");
				GCC_SYMBOLS_PRIVATE_EXTERN = NO;
				INSTALL_PATH = "";
				ONLY_ACTIVE_ARCH = NO;
				OTHER_LDFLAGS = ("","$(inherited)");
				OTHER_REZFLAGS = "";
				PRODUCT_NAME = ZERO_CHECK;
				SECTORDER_FLAGS = "";
				USE_HEADERMAP = NO;
				WARNING_CFLAGS = ("$(inherited)");
			};
			name = RelWithDebInfo;
		};
		FB61B7E561264CFD90F3060F /* RelWithDebInfo */ = {
			isa = XCBuildConfiguration;
			buildSettings = {
				ALWAYS_SEARCH_USER_PATHS = NO;
				ARCHS = arm64;
				COMBINE_HIDPI_IMAGES = YES;
				CONFIGURATION_BUILD_DIR = "/Users/muthu/Projects/SangamKeyboards-2026/LibrariesAndComponents/KeyTanslatorLib/xcode/RelWithDebInfo";
				DYLIB_COMPATIBILITY_VERSION = 1.0.0;
				DYLIB_CURRENT_VERSION = 1.0.0;
				EXECUTABLE_PREFIX = "";
				EXECUTABLE_SUFFIX = "";
				FRAMEWORK_VERSION = A;
				GCC_GENERATE_DEBUGGING_SYMBOLS = YES;
				GCC_INLINES_ARE_PRIVATE_EXTERN = NO;
				GCC_OPTIMIZATION_LEVEL = 2;
				GCC_PREPROCESSOR_DEFINITIONS = ("'CMAKE_INTDIR=\"$(CONFIGURATION)$(EFFECTIVE_PLATFORM_NAME)\"'",AnjalKeyTranslatorShared_EXPORTS,TARGET_OS_MAC,"$(inherited)");
				GCC_SYMBOLS_PRIVATE_EXTERN = NO;
				HEADER_SEARCH_PATHS = ("/Users/muthu/Projects/SangamKeyboards-2026/LibrariesAndComponents/KeyTanslatorLib/include","$(inherited)");
				INFOPLIST_FILE = "/Users/muthu/Projects/SangamKeyboards-2026/LibrariesAndComponents/KeyTanslatorLib/xcode/CMakeFiles/AnjalKeyTranslatorShared.dir/Info.plist";
				INSTALL_PATH = "@rpath";
				LIBRARY_STYLE = DYNAMIC;
				ONLY_ACTIVE_ARCH = NO;
				OTHER_CFLAGS = ("       -DNDEBUG '-std=gnu11' -fPIC ","$(inherited)");
				OTHER_LDFLAGS = ("","$(inherited)");
				OTHER_REZFLAGS = "";
				PRODUCT_NAME = anjalkeyboard;
				SECTORDER_FLAGS = "";
				TARGET_TEMP_DIR = "/Users/muthu/Projects/SangamKeyboards-2026/LibrariesAndComponents/KeyTanslatorLib/xcode/build/AnjalKeyTranslatorShared.build/$(CONFIGURATION)$(EFFECTIVE_PLATFORM_NAME)";
				USE_HEADERMAP = NO;
				WARNING_CFLAGS = ("$(inherited)");
			};
			name = RelWithDebInfo;
		};
/* End XCBuildConfiguration section */

/* Begin XCConfigurationList section */
		652B7F75568B44B89D88F670 /* Build configuration list for PBXAggregateTarget "ZERO_CHECK" */ = {
			isa = XCConfigurationList;
			buildConfigurations = (
				8E47D74F03594C09BC1116BC /* Debug */,
				E3137A30AB0446EF907005CA /* Release */,
				8EC26369DE924EF4A053B44C /* MinSizeRel */,
				E51D97086B414BCABA304C6D /* RelWithDebInfo */,
			);
			defaultConfigurationIsVisible = 0;
			defaultConfigurationName = Debug;
		};
		6B7042F877AB44C5B78466D4 /* Build configuration list for PBXProject "AnjalKeyTranslator" */ = {
			isa = XCConfigurationList;
			buildConfigurations = (
				D176F8D7A9BE46F9BE740687 /* Debug */,
				92531588EE67492D9D011784 /* Release */,
				D4430882DEE74165A9BEF198 /* MinSizeRel */,
				70FC18C9BFC74051A7A486AF /* RelWithDebInfo */,
			);
			defaultConfigurationIsVisible = 0;
			defaultConfigurationName = Debug;
		};
		976B01221CE448369F691C63 /* Build configuration list for PBXAggregateTarget "ALL_BUILD" */ = {
			isa = XCConfigurationList;
			buildConfigurations = (
				E345D529079C4E7F843881D7 /* Debug */,
				B0A4C0F9925D4D29BE818434 /* Release */,
				2919E10A6FE04C328E270869 /* MinSizeRel */,
				1A8F9DC5FA154019BBC40DF7 /* RelWithDebInfo */,
			);
			defaultConfigurationIsVisible = 0;
			defaultConfigurationName = Debug;
		};
		B8F0C2B532C047DF80CBA610 /* Build configuration list for PBXNativeTarget "AnjalKeyTranslator" */ = {
			isa = XCConfigurationList;
			buildConfigurations = (
				CD83F5DB37794F5098CE3527 /* Debug */,
				951F9C93020A480094198F4B /* Release */,
				CB096D90CFB2477297DC138B /* MinSizeRel */,
				406C3CDD79D74DB49E60D0DA /* RelWithDebInfo */,
			);
			defaultConfigurationIsVisible = 0;
			defaultConfigurationName = Debug;
		};
		C21A47993CEB4B74B20CAEC8 /* Build configuration list for PBXAggregateTarget "install" */ = {
			isa = XCConfigurationList;
			buildConfigurations = (
				9FD4F7DD29D3467A9F07EF3A /* Debug */,
				DD2D2571ED0642E298DF5374 /* Release */,
				3A7389449DE441FBBE9B3302 /* MinSizeRel */,
				B0E39D89814C4DE8A6BF8BF2 /* RelWithDebInfo */,
			);
			defaultConfigurationIsVisible = 0;
			defaultConfigurationName = Debug;
		};
		F6EF2273A88540A38316C4F1 /* Build configuration list for PBXNativeTarget "AnjalKeyTranslatorShared" */ = {
			isa = XCConfigurationList;
			buildConfigurations = (
				8BDB8D222742419D89A56BBD /* Debug */,
				B09F903DB0C742AA91942DF7 /* Release */,
				2E16FA85864A48B5AE848175 /* MinSizeRel */,
				FB61B7E561264CFD90F3060F /* RelWithDebInfo */,
			);
			defaultConfigurationIsVisible = 0;
			defaultConfigurationName = Debug;
		};
/* End XCConfigurationList section */
	};
	rootObject = B8E545DD2480410FACD83891 /* Project object */;
}
