// !$*UTF8*$!
{
	archiveVersion = 1;
	classes = {
	};
	objectVersion = 46;
	objects = {

/* Begin PBXAggregateTarget section */
		34D16C826DA5179104BCE887 /* ZERO_CHECK */ = {
			isa = PBXAggregateTarget;
			buildConfigurationList = 954A2774A8854B44B83871E4 /* Build configuration list for PBXAggregateTarget "ZERO_CHECK" */;
			buildPhases = (
				91CF91F5364B2AA90B427C16 /* Generate CMakeFiles/ZERO_CHECK */,
			);
			dependencies = (
			);
			name = ZERO_CHECK;
			productName = ZERO_CHECK;
		};
		A1D147911640D430DAB1BC7A /* ALL_BUILD */ = {
			isa = PBXAggregateTarget;
			buildConfigurationList = 664B948F4C9E49489E5CF096 /* Build configuration list for PBXAggregateTarget "ALL_BUILD" */;
			buildPhases = (
				F3E33788AE88F455A3F3B8EF /* Generate CMakeFiles/ALL_BUILD */,
			);
			dependencies = (
				4CB2767C0DFD42AFA15F7142 /* PBXTargetDependency */,
				948755FD62FC43AC931BC46D /* PBXTargetDependency */,
				EA246A9AE1E044EAA4DB2D59 /* PBXTargetDependency */,
			);
			name = ALL_BUILD;
			productName = ALL_BUILD;
		};
		B78BBEE50A52A3BC3F04A90F /* install */ = {
			isa = PBXAggregateTarget;
			buildConfigurationList = 1285A89F6D044A6E898F2B08 /* Build configuration list for PBXAggregateTarget "install" */;
			buildPhases = (
				93426DA6A4AC2C2AC9CE883C /* CMake PostBuild Rules */,
			);
			dependencies = (
				0D9DC4A222454097932A9E01 /* PBXTargetDependency */,
			);
			name = install;
			productName = install;
		};
/* End PBXAggregateTarget section */

/* Begin PBXBuildFile section */
		03504223759741529E8BBDE1 /* /Users/muthu/Projects/SangamKeyboards-2026/Libraries/KeyTanslatorLib/src/indic/IndicDevanagariKeymap.c */ = {isa = PBXBuildFile; fileRef = 7B314DA173454C94B107ED69 /* /Users/muthu/Projects/SangamKeyboards-2026/Libraries/KeyTanslatorLib/src/indic/IndicDevanagariKeymap.c */; };
		080F2924E26C459F8CCDA8A8 /* /Users/muthu/Projects/SangamKeyboards-2026/Libraries/KeyTanslatorLib/include/KeyTranslatorMultilingual.h */ = {isa = PBXBuildFile; fileRef = 2F073575E2C2440AAAE625A3 /* /Users/muthu/Projects/SangamKeyboards-2026/Libraries/KeyTanslatorLib/include/KeyTranslatorMultilingual.h */; settings = {ATTRIBUTES = (Public); }; };
		082218E7703B43B381B48479 /* /Users/muthu/Projects/SangamKeyboards-2026/Libraries/KeyTanslatorLib/include/EncodingTamil.h */ = {isa = PBXBuildFile; fileRef = F823239D2DAB4B7A87FDAA2D /* /Users/muthu/Projects/SangamKeyboards-2026/Libraries/KeyTanslatorLib/include/EncodingTamil.h */; settings = {ATTRIBUTES = (Public); }; };
		0A47ABD5E0344280AE56256B /* /Users/muthu/Projects/SangamKeyboards-2026/Libraries/KeyTanslatorLib/src/indic/IndicMalayalamKeymap.c */ = {isa = PBXBuildFile; fileRef = 0C339B504826480E81F74966 /* /Users/muthu/Projects/SangamKeyboards-2026/Libraries/KeyTanslatorLib/src/indic/IndicMalayalamKeymap.c */; };
		0B033CB004B8480FB5312F2D /* /Users/muthu/Projects/SangamKeyboards-2026/Libraries/KeyTanslatorLib/src/indic/IndicNotesIMEngine.c */ = {isa = PBXBuildFile; fileRef = 8F5C014B9DC1435192ADC64D /* /Users/muthu/Projects/SangamKeyboards-2026/Libraries/KeyTanslatorLib/src/indic/IndicNotesIMEngine.c */; };
		1356AD6B729B4E238EB0EF3F /* /Users/muthu/Projects/SangamKeyboards-2026/Libraries/KeyTanslatorLib/src/tamil/AnjalKeyMap.c */ = {isa = PBXBuildFile; fileRef = 56BD1263D20E46F59BBC48A5 /* /Users/muthu/Projects/SangamKeyboards-2026/Libraries/KeyTanslatorLib/src/tamil/AnjalKeyMap.c */; };
		299A7349D7A0426992D16425 /* /Users/muthu/Projects/SangamKeyboards-2026/Libraries/KeyTanslatorLib/include/IndicIMEConstants.h */ = {isa = PBXBuildFile; fileRef = 04962E994A29498784758F2F /* /Users/muthu/Projects/SangamKeyboards-2026/Libraries/KeyTanslatorLib/include/IndicIMEConstants.h */; settings = {ATTRIBUTES = (Public); }; };
		2C8F4342871B4148B265A508 /* /Users/muthu/Projects/SangamKeyboards-2026/Libraries/KeyTanslatorLib/src/tamil/KeyTranslatorTamil.c */ = {isa = PBXBuildFile; fileRef = D8D1B72CD4B0447F847F71E8 /* /Users/muthu/Projects/SangamKeyboards-2026/Libraries/KeyTanslatorLib/src/tamil/KeyTranslatorTamil.c */; };
		3F26ADD39B0E42A58E14F648 /* /Users/muthu/Projects/SangamKeyboards-2026/Libraries/KeyTanslatorLib/src/indic/IndicTamilAnjalKeymap.c */ = {isa = PBXBuildFile; fileRef = 0426C02694654B3F8409B721 /* /Users/muthu/Projects/SangamKeyboards-2026/Libraries/KeyTanslatorLib/src/indic/IndicTamilAnjalKeymap.c */; };
		48412F2F43144E7B9BE8CA5C /* /Users/muthu/Projects/SangamKeyboards-2026/Libraries/KeyTanslatorLib/src/indic/IndicGurmukhiKeymap.c */ = {isa = PBXBuildFile; fileRef = CEE7F276DB3D40EBBCC09F7E /* /Users/muthu/Projects/SangamKeyboards-2026/Libraries/KeyTanslatorLib/src/indic/IndicGurmukhiKeymap.c */; };
		4D50F3361AA742EE8A012A36 /* /Users/muthu/Projects/SangamKeyboards-2026/Libraries/KeyTanslatorLib/include/IndicIMEConstants.h */ = {isa = PBXBuildFile; fileRef = 735C3D1000CC4AE88483EBF4 /* /Users/muthu/Projects/SangamKeyboards-2026/Libraries/KeyTanslatorLib/include/IndicIMEConstants.h */; settings = {ATTRIBUTES = (Public); }; };
		5FA522C3D58F41148D6C52F6 /* /Users/muthu/Projects/SangamKeyboards-2026/Libraries/KeyTanslatorLib/src/KeyTranslatorMultilingual.c */ = {isa = PBXBuildFile; fileRef = BE736C38EF824E6CACB122B2 /* /Users/muthu/Projects/SangamKeyboards-2026/Libraries/KeyTanslatorLib/src/KeyTranslatorMultilingual.c */; };
		60CBAE1DC33D4686BB801C2A /* /Users/muthu/Projects/SangamKeyboards-2026/Libraries/KeyTanslatorLib/src/indic/IndicKannadaKeymap.c */ = {isa = PBXBuildFile; fileRef = 6FFB45040959451F9A4BDE2E /* /Users/muthu/Projects/SangamKeyboards-2026/Libraries/KeyTanslatorLib/src/indic/IndicKannadaKeymap.c */; };
		6671A10AFC1C45B29EF008AE /* /Users/muthu/Projects/SangamKeyboards-2026/Libraries/KeyTanslatorLib/src/indic/IndicTeluguKeymap.c */ = {isa = PBXBuildFile; fileRef = 16DB7CC8F22A467985D8047C /* /Users/muthu/Projects/SangamKeyboards-2026/Libraries/KeyTanslatorLib/src/indic/IndicTeluguKeymap.c */; };
		733A6346BB814255A45BD7A2 /* /Users/muthu/Projects/SangamKeyboards-2026/Libraries/KeyTanslatorLib/src/indic/IndicGurmukhiKeymap.c */ = {isa = PBXBuildFile; fileRef = 12999B9CC1E04FD29FABBB95 /* /Users/muthu/Projects/SangamKeyboards-2026/Libraries/KeyTanslatorLib/src/indic/IndicGurmukhiKeymap.c */; };
		808AA459FC9E4963B463FDD9 /* /Users/muthu/Projects/SangamKeyboards-2026/Libraries/KeyTanslatorLib/CMakeLists.txt */ = {isa = PBXBuildFile; fileRef = 02C67898A2D841AF8EFD6156 /* /Users/muthu/Projects/SangamKeyboards-2026/Libraries/KeyTanslatorLib/CMakeLists.txt */; };
		824596FCCBCB453ABA9FD7FF /* /Users/muthu/Projects/SangamKeyboards-2026/Libraries/KeyTanslatorLib/include/AnjalKeyMapLookup.h */ = {isa = PBXBuildFile; fileRef = 69D6066DAB244618AE4F7077 /* /Users/muthu/Projects/SangamKeyboards-2026/Libraries/KeyTanslatorLib/include/AnjalKeyMapLookup.h */; settings = {ATTRIBUTES = (Public); }; };
		9B6E2AC04CCD4529986B5C3F /* /Users/muthu/Projects/SangamKeyboards-2026/Libraries/KeyTanslatorLib/include/AnjalKeyMapLookup.h */ = {isa = PBXBuildFile; fileRef = 5D130DC6529D4809920FE122 /* /Users/muthu/Projects/SangamKeyboards-2026/Libraries/KeyTanslatorLib/include/AnjalKeyMapLookup.h */; settings = {ATTRIBUTES = (Public); }; };
		9FBEDE1624B74C3BA188DB43 /* /Users/muthu/Projects/SangamKeyboards-2026/Libraries/KeyTanslatorLib/include/AnjalKeyMap.h */ = {isa = PBXBuildFile; fileRef = CAF61F1A29664BC3A21D9904 /* /Users/muthu/Projects/SangamKeyboards-2026/Libraries/KeyTanslatorLib/include/AnjalKeyMap.h */; settings = {ATTRIBUTES = (Public); }; };
		B1557E84F0B94A76BAED7931 /* /Users/muthu/Projects/SangamKeyboards-2026/Libraries/KeyTanslatorLib/src/tamil/AnjalKeyMap.c */ = {isa = PBXBuildFile; fileRef = 7CB8BEFB1D9C4B74A78347DA /* /Users/muthu/Projects/SangamKeyboards-2026/Libraries/KeyTanslatorLib/src/tamil/AnjalKeyMap.c */; };
		B8E29F61552D40D3951369EA /* /Users/muthu/Projects/SangamKeyboards-2026/Libraries/KeyTanslatorLib/include/EncodingTamil.h */ = {isa = PBXBuildFile; fileRef = 2813F86A1C0A464481CC10FA /* /Users/muthu/Projects/SangamKeyboards-2026/Libraries/KeyTanslatorLib/include/EncodingTamil.h */; settings = {ATTRIBUTES = (Public); }; };
		BB3FE895BD18411ABEEED558 /* /Users/muthu/Projects/SangamKeyboards-2026/Libraries/KeyTanslatorLib/src/indic/IndicNotesIMEngine.c */ = {isa = PBXBuildFile; fileRef = 6805EB6CF45840A598B19B7D /* /Users/muthu/Projects/SangamKeyboards-2026/Libraries/KeyTanslatorLib/src/indic/IndicNotesIMEngine.c */; };
		BDD598FB014D4179940EE826 /* /Users/muthu/Projects/SangamKeyboards-2026/Libraries/KeyTanslatorLib/src/KeyTranslatorMultilingual.c */ = {isa = PBXBuildFile; fileRef = 0271766149C04E56BD82CAE1 /* /Users/muthu/Projects/SangamKeyboards-2026/Libraries/KeyTanslatorLib/src/KeyTranslatorMultilingual.c */; };
		C5F4DCB774D64A90A2EFA4B4 /* /Users/muthu/Projects/SangamKeyboards-2026/Libraries/KeyTanslatorLib/include/KeyTranslatorMultilingual.h */ = {isa = PBXBuildFile; fileRef = 628947822DCC4E45940E6FAD /* /Users/muthu/Projects/SangamKeyboards-2026/Libraries/KeyTanslatorLib/include/KeyTranslatorMultilingual.h */; settings = {ATTRIBUTES = (Public); }; };
		C70CBFE1880A423F8D500F3A /* /Users/muthu/Projects/SangamKeyboards-2026/Libraries/KeyTanslatorLib/CMakeLists.txt */ = {isa = PBXBuildFile; fileRef = 5FDE6BA921944204813FA2D3 /* /Users/muthu/Projects/SangamKeyboards-2026/Libraries/KeyTanslatorLib/CMakeLists.txt */; };
		CA0F68C5C6BD4D49B325C7ED /* /Users/muthu/Projects/SangamKeyboards-2026/Libraries/KeyTanslatorLib/src/tamil/KeyTranslatorTamil.c */ = {isa = PBXBuildFile; fileRef = BF9929FFF59A468D97E6DDF3 /* /Users/muthu/Projects/SangamKeyboards-2026/Libraries/KeyTanslatorLib/src/tamil/KeyTranslatorTamil.c */; };
		CA12BCF19E3E4E7D863F3551 /* /Users/muthu/Projects/SangamKeyboards-2026/Libraries/KeyTanslatorLib/src/indic/IndicTeluguKeymap.c */ = {isa = PBXBuildFile; fileRef = F9F384A9A51242CF8562BD8D /* /Users/muthu/Projects/SangamKeyboards-2026/Libraries/KeyTanslatorLib/src/indic/IndicTeluguKeymap.c */; };
		CDE21E398F3342F499C1E242 /* /Users/muthu/Projects/SangamKeyboards-2026/Libraries/KeyTanslatorLib/include/IndicNotesIMEngine.h */ = {isa = PBXBuildFile; fileRef = 0BE837B6F7454C9283D151B3 /* /Users/muthu/Projects/SangamKeyboards-2026/Libraries/KeyTanslatorLib/include/IndicNotesIMEngine.h */; settings = {ATTRIBUTES = (Public); }; };
		D2A7DFEF3B094B5690E7EF0E /* /Users/muthu/Projects/SangamKeyboards-2026/Libraries/KeyTanslatorLib/src/indic/IndicDevanagariKeymap.c */ = {isa = PBXBuildFile; fileRef = BD0069A11CC1464FB7125E72 /* /Users/muthu/Projects/SangamKeyboards-2026/Libraries/KeyTanslatorLib/src/indic/IndicDevanagariKeymap.c */; };
		DE116663A48F43C982F3DDFA /* /Users/muthu/Projects/SangamKeyboards-2026/Libraries/KeyTanslatorLib/include/AnjalKeyMap.h */ = {isa = PBXBuildFile; fileRef = 1C008F3EAB0445EBA0EAAA76 /* /Users/muthu/Projects/SangamKeyboards-2026/Libraries/KeyTanslatorLib/include/AnjalKeyMap.h */; settings = {ATTRIBUTES = (Public); }; };
		E0C39C4111A64E339AF20419 /* /Users/muthu/Projects/SangamKeyboards-2026/Libraries/KeyTanslatorLib/src/indic/IndicTamilAnjalKeymap.c */ = {isa = PBXBuildFile; fileRef = E62211043D774E66B9900023 /* /Users/muthu/Projects/SangamKeyboards-2026/Libraries/KeyTanslatorLib/src/indic/IndicTamilAnjalKeymap.c */; };
		E75AF074D19F468E8C978107 /* /Users/muthu/Projects/SangamKeyboards-2026/Libraries/KeyTanslatorLib/src/indic/IndicKannadaKeymap.c */ = {isa = PBXBuildFile; fileRef = B0A526F5A0E64A9F8B1F4B33 /* /Users/muthu/Projects/SangamKeyboards-2026/Libraries/KeyTanslatorLib/src/indic/IndicKannadaKeymap.c */; };
		ED58E6C5EAFD4A3D847D2752 /* /Users/muthu/Projects/SangamKeyboards-2026/Libraries/KeyTanslatorLib/include/IndicNotesIMEngine.h */ = {isa = PBXBuildFile; fileRef = 6EAEA0804275457D9AC9E312 /* /Users/muthu/Projects/SangamKeyboards-2026/Libraries/KeyTanslatorLib/include/IndicNotesIMEngine.h */; settings = {ATTRIBUTES = (Public); }; };
		EE225857F7DF44A286915C47 /* /Users/muthu/Projects/SangamKeyboards-2026/Libraries/KeyTanslatorLib/src/indic/IndicMalayalamKeymap.c */ = {isa = PBXBuildFile; fileRef = 41FB201F3A814F1CA3E66F2D /* /Users/muthu/Projects/SangamKeyboards-2026/Libraries/KeyTanslatorLib/src/indic/IndicMalayalamKeymap.c */; };
/* End PBXBuildFile section */

/* Begin PBXBuildStyle section */
		2FB15A34EC994E599DBB4731 /* Release */ = {
			isa = PBXBuildStyle;
			buildSettings = {
				COPY_PHASE_STRIP = NO;
			};
			name = Release;
		};
		518A2824D04B4D988EA00EF2 /* Debug */ = {
			isa = PBXBuildStyle;
			buildSettings = {
				COPY_PHASE_STRIP = NO;
			};
			name = Debug;
		};
		550687A384994E4DA2448B24 /* MinSizeRel */ = {
			isa = PBXBuildStyle;
			buildSettings = {
				COPY_PHASE_STRIP = NO;
			};
			name = MinSizeRel;
		};
		EB110C6F9A794AA7AA5A9C02 /* RelWithDebInfo */ = {
			isa = PBXBuildStyle;
			buildSettings = {
				COPY_PHASE_STRIP = NO;
			};
			name = RelWithDebInfo;
		};
/* End PBXBuildStyle section */

/* Begin PBXContainerItemProxy section */
		02FFD928914F4CD5A38BF6EE /* PBXContainerItemProxy */ = {
			isa = PBXContainerItemProxy;
			containerPortal = 38E84880D9B24118A0CD21E2 /* Project object */;
			proxyType = 1;
			remoteGlobalIDString = A1D147911640D430DAB1BC7A;
			remoteInfo = ALL_BUILD;
		};
		1948921D6179410DA2E9D028 /* PBXContainerItemProxy */ = {
			isa = PBXContainerItemProxy;
			containerPortal = 38E84880D9B24118A0CD21E2 /* Project object */;
			proxyType = 1;
			remoteGlobalIDString = 34D16C826DA5179104BCE887;
			remoteInfo = ZERO_CHECK;
		};
		4BD54D539E544773A6EB9F4D /* PBXContainerItemProxy */ = {
			isa = PBXContainerItemProxy;
			containerPortal = 38E84880D9B24118A0CD21E2 /* Project object */;
			proxyType = 1;
			remoteGlobalIDString = 34D16C826DA5179104BCE887;
			remoteInfo = ZERO_CHECK;
		};
		666B51186A4D4EEE8F373646 /* PBXContainerItemProxy */ = {
			isa = PBXContainerItemProxy;
			containerPortal = 38E84880D9B24118A0CD21E2 /* Project object */;
			proxyType = 1;
			remoteGlobalIDString = FD7C231E3FD6C2EA5146280F;
			remoteInfo = AnjalKeyTranslatorShared;
		};
		99F6F6902BAF4204B39E8457 /* PBXContainerItemProxy */ = {
			isa = PBXContainerItemProxy;
			containerPortal = 38E84880D9B24118A0CD21E2 /* Project object */;
			proxyType = 1;
			remoteGlobalIDString = 34D16C826DA5179104BCE887;
			remoteInfo = ZERO_CHECK;
		};
		C13624068F174A84993ED02B /* PBXContainerItemProxy */ = {
			isa = PBXContainerItemProxy;
			containerPortal = 38E84880D9B24118A0CD21E2 /* Project object */;
			proxyType = 1;
			remoteGlobalIDString = 651E194E34CC97A45136F207;
			remoteInfo = AnjalKeyTranslator;
		};
/* End PBXContainerItemProxy section */

/* Begin PBXFileReference section */
		0271766149C04E56BD82CAE1 /* /Users/muthu/Projects/SangamKeyboards-2026/Libraries/KeyTanslatorLib/src/KeyTranslatorMultilingual.c */ = {isa = PBXFileReference; explicitFileType = sourcecode.c.c; fileEncoding = 4; name = KeyTranslatorMultilingual.c; path = src/KeyTranslatorMultilingual.c; sourceTree = SOURCE_ROOT; };
		02C67898A2D841AF8EFD6156 /* /Users/muthu/Projects/SangamKeyboards-2026/Libraries/KeyTanslatorLib/CMakeLists.txt */ = {isa = PBXFileReference; explicitFileType = sourcecode.text; fileEncoding = 4; name = CMakeLists.txt; path = CMakeLists.txt; sourceTree = SOURCE_ROOT; };
		0426C02694654B3F8409B721 /* /Users/muthu/Projects/SangamKeyboards-2026/Libraries/KeyTanslatorLib/src/indic/IndicTamilAnjalKeymap.c */ = {isa = PBXFileReference; explicitFileType = sourcecode.c.c; fileEncoding = 4; name = IndicTamilAnjalKeymap.c; path = src/indic/IndicTamilAnjalKeymap.c; sourceTree = SOURCE_ROOT; };
		04962E994A29498784758F2F /* /Users/muthu/Projects/SangamKeyboards-2026/Libraries/KeyTanslatorLib/include/IndicIMEConstants.h */ = {isa = PBXFileReference; explicitFileType = sourcecode.c.h; fileEncoding = 4; name = IndicIMEConstants.h; path = include/IndicIMEConstants.h; sourceTree = SOURCE_ROOT; };
		056F535B57244189AEC839AC /* /Users/muthu/Projects/SangamKeyboards-2026/Libraries/KeyTanslatorLib/CMakeLists.txt */ = {isa = PBXFileReference; explicitFileType = sourcecode.text; fileEncoding = 4; name = CMakeLists.txt; path = CMakeLists.txt; sourceTree = SOURCE_ROOT; };
		0BE837B6F7454C9283D151B3 /* /Users/muthu/Projects/SangamKeyboards-2026/Libraries/KeyTanslatorLib/include/IndicNotesIMEngine.h */ = {isa = PBXFileReference; explicitFileType = sourcecode.c.h; fileEncoding = 4; name = IndicNotesIMEngine.h; path = include/IndicNotesIMEngine.h; sourceTree = SOURCE_ROOT; };
		0C339B504826480E81F74966 /* /Users/muthu/Projects/SangamKeyboards-2026/Libraries/KeyTanslatorLib/src/indic/IndicMalayalamKeymap.c */ = {isa = PBXFileReference; explicitFileType = sourcecode.c.c; fileEncoding = 4; name = IndicMalayalamKeymap.c; path = src/indic/IndicMalayalamKeymap.c; sourceTree = SOURCE_ROOT; };
		12999B9CC1E04FD29FABBB95 /* /Users/muthu/Projects/SangamKeyboards-2026/Libraries/KeyTanslatorLib/src/indic/IndicGurmukhiKeymap.c */ = {isa = PBXFileReference; explicitFileType = sourcecode.c.c; fileEncoding = 4; name = IndicGurmukhiKeymap.c; path = src/indic/IndicGurmukhiKeymap.c; sourceTree = SOURCE_ROOT; };
		16DB7CC8F22A467985D8047C /* /Users/muthu/Projects/SangamKeyboards-2026/Libraries/KeyTanslatorLib/src/indic/IndicTeluguKeymap.c */ = {isa = PBXFileReference; explicitFileType = sourcecode.c.c; fileEncoding = 4; name = IndicTeluguKeymap.c; path = src/indic/IndicTeluguKeymap.c; sourceTree = SOURCE_ROOT; };
		1C008F3EAB0445EBA0EAAA76 /* /Users/muthu/Projects/SangamKeyboards-2026/Libraries/KeyTanslatorLib/include/AnjalKeyMap.h */ = {isa = PBXFileReference; explicitFileType = sourcecode.c.h; fileEncoding = 4; name = AnjalKeyMap.h; path = include/AnjalKeyMap.h; sourceTree = SOURCE_ROOT; };
		2813F86A1C0A464481CC10FA /* /Users/muthu/Projects/SangamKeyboards-2026/Libraries/KeyTanslatorLib/include/EncodingTamil.h */ = {isa = PBXFileReference; explicitFileType = sourcecode.c.h; fileEncoding = 4; name = EncodingTamil.h; path = include/EncodingTamil.h; sourceTree = SOURCE_ROOT; };
		2F073575E2C2440AAAE625A3 /* /Users/muthu/Projects/SangamKeyboards-2026/Libraries/KeyTanslatorLib/include/KeyTranslatorMultilingual.h */ = {isa = PBXFileReference; explicitFileType = sourcecode.c.h; fileEncoding = 4; name = KeyTranslatorMultilingual.h; path = include/KeyTranslatorMultilingual.h; sourceTree = SOURCE_ROOT; };
		41FB201F3A814F1CA3E66F2D /* /Users/muthu/Projects/SangamKeyboards-2026/Libraries/KeyTanslatorLib/src/indic/IndicMalayalamKeymap.c */ = {isa = PBXFileReference; explicitFileType = sourcecode.c.c; fileEncoding = 4; name = IndicMalayalamKeymap.c; path = src/indic/IndicMalayalamKeymap.c; sourceTree = SOURCE_ROOT; };
		56BD1263D20E46F59BBC48A5 /* /Users/muthu/Projects/SangamKeyboards-2026/Libraries/KeyTanslatorLib/src/tamil/AnjalKeyMap.c */ = {isa = PBXFileReference; explicitFileType = sourcecode.c.c; fileEncoding = 4; name = AnjalKeyMap.c; path = src/tamil/AnjalKeyMap.c; sourceTree = SOURCE_ROOT; };
		5D130DC6529D4809920FE122 /* /Users/muthu/Projects/SangamKeyboards-2026/Libraries/KeyTanslatorLib/include/AnjalKeyMapLookup.h */ = {isa = PBXFileReference; explicitFileType = sourcecode.c.h; fileEncoding = 4; name = AnjalKeyMapLookup.h; path = include/AnjalKeyMapLookup.h; sourceTree = SOURCE_ROOT; };
		5FDE6BA921944204813FA2D3 /* /Users/muthu/Projects/SangamKeyboards-2026/Libraries/KeyTanslatorLib/CMakeLists.txt */ = {isa = PBXFileReference; explicitFileType = sourcecode.text; fileEncoding = 4; name = CMakeLists.txt; path = CMakeLists.txt; sourceTree = SOURCE_ROOT; };
		628947822DCC4E45940E6FAD /* /Users/muthu/Projects/SangamKeyboards-2026/Libraries/KeyTanslatorLib/include/KeyTranslatorMultilingual.h */ = {isa = PBXFileReference; explicitFileType = sourcecode.c.h; fileEncoding = 4; name = KeyTranslatorMultilingual.h; path = include/KeyTranslatorMultilingual.h; sourceTree = SOURCE_ROOT; };
		6805EB6CF45840A598B19B7D /* /Users/muthu/Projects/SangamKeyboards-2026/Libraries/KeyTanslatorLib/src/indic/IndicNotesIMEngine.c */ = {isa = PBXFileReference; explicitFileType = sourcecode.c.c; fileEncoding = 4; name = IndicNotesIMEngine.c; path = src/indic/IndicNotesIMEngine.c; sourceTree = SOURCE_ROOT; };
		69D6066DAB244618AE4F7077 /* /Users/muthu/Projects/SangamKeyboards-2026/Libraries/KeyTanslatorLib/include/AnjalKeyMapLookup.h */ = {isa = PBXFileReference; explicitFileType = sourcecode.c.h; fileEncoding = 4; name = AnjalKeyMapLookup.h; path = include/AnjalKeyMapLookup.h; sourceTree = SOURCE_ROOT; };
		6EAEA0804275457D9AC9E312 /* /Users/muthu/Projects/SangamKeyboards-2026/Libraries/KeyTanslatorLib/include/IndicNotesIMEngine.h */ = {isa = PBXFileReference; explicitFileType = sourcecode.c.h; fileEncoding = 4; name = IndicNotesIMEngine.h; path = include/IndicNotesIMEngine.h; sourceTree = SOURCE_ROOT; };
		6FFB45040959451F9A4BDE2E /* /Users/muthu/Projects/SangamKeyboards-2026/Libraries/KeyTanslatorLib/src/indic/IndicKannadaKeymap.c */ = {isa = PBXFileReference; explicitFileType = sourcecode.c.c; fileEncoding = 4; name = IndicKannadaKeymap.c; path = src/indic/IndicKannadaKeymap.c; sourceTree = SOURCE_ROOT; };
		735C3D1000CC4AE88483EBF4 /* /Users/muthu/Projects/SangamKeyboards-2026/Libraries/KeyTanslatorLib/include/IndicIMEConstants.h */ = {isa = PBXFileReference; explicitFileType = sourcecode.c.h; fileEncoding = 4; name = IndicIMEConstants.h; path = include/IndicIMEConstants.h; sourceTree = SOURCE_ROOT; };
		7B314DA173454C94B107ED69 /* /Users/muthu/Projects/SangamKeyboards-2026/Libraries/KeyTanslatorLib/src/indic/IndicDevanagariKeymap.c */ = {isa = PBXFileReference; explicitFileType = sourcecode.c.c; fileEncoding = 4; name = IndicDevanagariKeymap.c; path = src/indic/IndicDevanagariKeymap.c; sourceTree = SOURCE_ROOT; };
		7CB8BEFB1D9C4B74A78347DA /* /Users/muthu/Projects/SangamKeyboards-2026/Libraries/KeyTanslatorLib/src/tamil/AnjalKeyMap.c */ = {isa = PBXFileReference; explicitFileType = sourcecode.c.c; fileEncoding = 4; name = AnjalKeyMap.c; path = src/tamil/AnjalKeyMap.c; sourceTree = SOURCE_ROOT; };
		8535270FD831491F9E427A18 /* AnjalKeyTranslatorShared */ = {isa = PBXFileReference; explicitFileType = wrapper.framework; path = anjalkeyboard.framework/anjalkeyboard; sourceTree = BUILT_PRODUCTS_DIR; };
		8F5C014B9DC1435192ADC64D /* /Users/muthu/Projects/SangamKeyboards-2026/Libraries/KeyTanslatorLib/src/indic/IndicNotesIMEngine.c */ = {isa = PBXFileReference; explicitFileType = sourcecode.c.c; fileEncoding = 4; name = IndicNotesIMEngine.c; path = src/indic/IndicNotesIMEngine.c; sourceTree = SOURCE_ROOT; };
		B0A526F5A0E64A9F8B1F4B33 /* /Users/muthu/Projects/SangamKeyboards-2026/Libraries/KeyTanslatorLib/src/indic/IndicKannadaKeymap.c */ = {isa = PBXFileReference; explicitFileType = sourcecode.c.c; fileEncoding = 4; name = IndicKannadaKeymap.c; path = src/indic/IndicKannadaKeymap.c; sourceTree = SOURCE_ROOT; };
		B5069120DE354F12A416EBD2 /* AnjalKeyTranslator */ = {isa = PBXFileReference; explicitFileType = wrapper.framework; path = anjalkeyboard.framework/anjalkeyboard; sourceTree = BUILT_PRODUCTS_DIR; };
		BD0069A11CC1464FB7125E72 /* /Users/muthu/Projects/SangamKeyboards-2026/Libraries/KeyTanslatorLib/src/indic/IndicDevanagariKeymap.c */ = {isa = PBXFileReference; explicitFileType = sourcecode.c.c; fileEncoding = 4; name = IndicDevanagariKeymap.c; path = src/indic/IndicDevanagariKeymap.c; sourceTree = SOURCE_ROOT; };
		BE736C38EF824E6CACB122B2 /* /Users/muthu/Projects/SangamKeyboards-2026/Libraries/KeyTanslatorLib/src/KeyTranslatorMultilingual.c */ = {isa = PBXFileReference; explicitFileType = sourcecode.c.c; fileEncoding = 4; name = KeyTranslatorMultilingual.c; path = src/KeyTranslatorMultilingual.c; sourceTree = SOURCE_ROOT; };
		BF9929FFF59A468D97E6DDF3 /* /Users/muthu/Projects/SangamKeyboards-2026/Libraries/KeyTanslatorLib/src/tamil/KeyTranslatorTamil.c */ = {isa = PBXFileReference; explicitFileType = sourcecode.c.c; fileEncoding = 4; name = KeyTranslatorTamil.c; path = src/tamil/KeyTranslatorTamil.c; sourceTree = SOURCE_ROOT; };
		CAF61F1A29664BC3A21D9904 /* /Users/muthu/Projects/SangamKeyboards-2026/Libraries/KeyTanslatorLib/include/AnjalKeyMap.h */ = {isa = PBXFileReference; explicitFileType = sourcecode.c.h; fileEncoding = 4; name = AnjalKeyMap.h; path = include/AnjalKeyMap.h; sourceTree = SOURCE_ROOT; };
		CEE7F276DB3D40EBBCC09F7E /* /Users/muthu/Projects/SangamKeyboards-2026/Libraries/KeyTanslatorLib/src/indic/IndicGurmukhiKeymap.c */ = {isa = PBXFileReference; explicitFileType = sourcecode.c.c; fileEncoding = 4; name = IndicGurmukhiKeymap.c; path = src/indic/IndicGurmukhiKeymap.c; sourceTree = SOURCE_ROOT; };
		D8D1B72CD4B0447F847F71E8 /* /Users/muthu/Projects/SangamKeyboards-2026/Libraries/KeyTanslatorLib/src/tamil/KeyTranslatorTamil.c */ = {isa = PBXFileReference; explicitFileType = sourcecode.c.c; fileEncoding = 4; name = KeyTranslatorTamil.c; path = src/tamil/KeyTranslatorTamil.c; sourceTree = SOURCE_ROOT; };
		E62211043D774E66B9900023 /* /Users/muthu/Projects/SangamKeyboards-2026/Libraries/KeyTanslatorLib/src/indic/IndicTamilAnjalKeymap.c */ = {isa = PBXFileReference; explicitFileType = sourcecode.c.c; fileEncoding = 4; name = IndicTamilAnjalKeymap.c; path = src/indic/IndicTamilAnjalKeymap.c; sourceTree = SOURCE_ROOT; };
		F823239D2DAB4B7A87FDAA2D /* /Users/muthu/Projects/SangamKeyboards-2026/Libraries/KeyTanslatorLib/include/EncodingTamil.h */ = {isa = PBXFileReference; explicitFileType = sourcecode.c.h; fileEncoding = 4; name = EncodingTamil.h; path = include/EncodingTamil.h; sourceTree = SOURCE_ROOT; };
		F9F384A9A51242CF8562BD8D /* /Users/muthu/Projects/SangamKeyboards-2026/Libraries/KeyTanslatorLib/src/indic/IndicTeluguKeymap.c */ = {isa = PBXFileReference; explicitFileType = sourcecode.c.c; fileEncoding = 4; name = IndicTeluguKeymap.c; path = src/indic/IndicTeluguKeymap.c; sourceTree = SOURCE_ROOT; };
/* End PBXFileReference section */

/* Begin PBXFrameworksBuildPhase section */
		424870D942674554BF1C77F9 /* Frameworks */ = {
			isa = PBXFrameworksBuildPhase;
			buildActionMask = 2147483647;
			files = (
			);
			runOnlyForDeploymentPostprocessing = 0;
		};
		6E3810F3A042490984868D54 /* Frameworks */ = {
			isa = PBXFrameworksBuildPhase;
			buildActionMask = 2147483647;
			files = (
			);
			runOnlyForDeploymentPostprocessing = 0;
		};
/* End PBXFrameworksBuildPhase section */

/* Begin PBXGroup section */
		082259105DBE4596B0A884CF /* Products */ = {
			isa = PBXGroup;
			children = (
				B5069120DE354F12A416EBD2 /* AnjalKeyTranslator */,
				8535270FD831491F9E427A18 /* AnjalKeyTranslatorShared */,
			);
			name = Products;
			sourceTree = "<group>";
		};
		2A613CEE98664FF7B5A06459 /* AnjalKeyTranslatorShared */ = {
			isa = PBXGroup;
			children = (
				88329A2F66E143C284F906F7 /* Source Files */,
				E8D02846594446F4867D86EA /* Header Files */,
				02C67898A2D841AF8EFD6156 /* /Users/muthu/Projects/SangamKeyboards-2026/Libraries/KeyTanslatorLib/CMakeLists.txt */,
			);
			name = AnjalKeyTranslatorShared;
			sourceTree = "<group>";
		};
		2E5C9DDF7ED04473A97624B4 = {
			isa = PBXGroup;
			children = (
				BE41077551DA4C419D278BCC /* AnjalKeyTranslator */,
				2A613CEE98664FF7B5A06459 /* AnjalKeyTranslatorShared */,
				9D6037F81CFF4323AA9E58A9 /* ALL_BUILD */,
				082259105DBE4596B0A884CF /* Products */,
				44B26CBAED154B16B39C936E /* Frameworks */,
				99570E86AF4848419F80DB93 /* Resources */,
			);
			sourceTree = "<group>";
		};
		44B26CBAED154B16B39C936E /* Frameworks */ = {
			isa = PBXGroup;
			children = (
			);
			name = Frameworks;
			sourceTree = "<group>";
		};
		773AC7FCC1C7449DB17CBC27 /* CMake Rules */ = {
			isa = PBXGroup;
			children = (
			);
			name = "CMake Rules";
			sourceTree = "<group>";
		};
		776452A918A949ADA053D4DB /* Source Files */ = {
			isa = PBXGroup;
			children = (
				0271766149C04E56BD82CAE1 /* /Users/muthu/Projects/SangamKeyboards-2026/Libraries/KeyTanslatorLib/src/KeyTranslatorMultilingual.c */,
				BD0069A11CC1464FB7125E72 /* /Users/muthu/Projects/SangamKeyboards-2026/Libraries/KeyTanslatorLib/src/indic/IndicDevanagariKeymap.c */,
				CEE7F276DB3D40EBBCC09F7E /* /Users/muthu/Projects/SangamKeyboards-2026/Libraries/KeyTanslatorLib/src/indic/IndicGurmukhiKeymap.c */,
				B0A526F5A0E64A9F8B1F4B33 /* /Users/muthu/Projects/SangamKeyboards-2026/Libraries/KeyTanslatorLib/src/indic/IndicKannadaKeymap.c */,
				41FB201F3A814F1CA3E66F2D /* /Users/muthu/Projects/SangamKeyboards-2026/Libraries/KeyTanslatorLib/src/indic/IndicMalayalamKeymap.c */,
				8F5C014B9DC1435192ADC64D /* /Users/muthu/Projects/SangamKeyboards-2026/Libraries/KeyTanslatorLib/src/indic/IndicNotesIMEngine.c */,
				E62211043D774E66B9900023 /* /Users/muthu/Projects/SangamKeyboards-2026/Libraries/KeyTanslatorLib/src/indic/IndicTamilAnjalKeymap.c */,
				16DB7CC8F22A467985D8047C /* /Users/muthu/Projects/SangamKeyboards-2026/Libraries/KeyTanslatorLib/src/indic/IndicTeluguKeymap.c */,
				7CB8BEFB1D9C4B74A78347DA /* /Users/muthu/Projects/SangamKeyboards-2026/Libraries/KeyTanslatorLib/src/tamil/AnjalKeyMap.c */,
				D8D1B72CD4B0447F847F71E8 /* /Users/muthu/Projects/SangamKeyboards-2026/Libraries/KeyTanslatorLib/src/tamil/KeyTranslatorTamil.c */,
			);
			name = "Source Files";
			sourceTree = "<group>";
		};
		88329A2F66E143C284F906F7 /* Source Files */ = {
			isa = PBXGroup;
			children = (
				BE736C38EF824E6CACB122B2 /* /Users/muthu/Projects/SangamKeyboards-2026/Libraries/KeyTanslatorLib/src/KeyTranslatorMultilingual.c */,
				7B314DA173454C94B107ED69 /* /Users/muthu/Projects/SangamKeyboards-2026/Libraries/KeyTanslatorLib/src/indic/IndicDevanagariKeymap.c */,
				12999B9CC1E04FD29FABBB95 /* /Users/muthu/Projects/SangamKeyboards-2026/Libraries/KeyTanslatorLib/src/indic/IndicGurmukhiKeymap.c */,
				6FFB45040959451F9A4BDE2E /* /Users/muthu/Projects/SangamKeyboards-2026/Libraries/KeyTanslatorLib/src/indic/IndicKannadaKeymap.c */,
				0C339B504826480E81F74966 /* /Users/muthu/Projects/SangamKeyboards-2026/Libraries/KeyTanslatorLib/src/indic/IndicMalayalamKeymap.c */,
				6805EB6CF45840A598B19B7D /* /Users/muthu/Projects/SangamKeyboards-2026/Libraries/KeyTanslatorLib/src/indic/IndicNotesIMEngine.c */,
				0426C02694654B3F8409B721 /* /Users/muthu/Projects/SangamKeyboards-2026/Libraries/KeyTanslatorLib/src/indic/IndicTamilAnjalKeymap.c */,
				F9F384A9A51242CF8562BD8D /* /Users/muthu/Projects/SangamKeyboards-2026/Libraries/KeyTanslatorLib/src/indic/IndicTeluguKeymap.c */,
				56BD1263D20E46F59BBC48A5 /* /Users/muthu/Projects/SangamKeyboards-2026/Libraries/KeyTanslatorLib/src/tamil/AnjalKeyMap.c */,
				BF9929FFF59A468D97E6DDF3 /* /Users/muthu/Projects/SangamKeyboards-2026/Libraries/KeyTanslatorLib/src/tamil/KeyTranslatorTamil.c */,
			);
			name = "Source Files";
			sourceTree = "<group>";
		};
		949C8888A0CF4326BB454B07 /* Header Files */ = {
			isa = PBXGroup;
			children = (
				1C008F3EAB0445EBA0EAAA76 /* /Users/muthu/Projects/SangamKeyboards-2026/Libraries/KeyTanslatorLib/include/AnjalKeyMap.h */,
				5D130DC6529D4809920FE122 /* /Users/muthu/Projects/SangamKeyboards-2026/Libraries/KeyTanslatorLib/include/AnjalKeyMapLookup.h */,
				F823239D2DAB4B7A87FDAA2D /* /Users/muthu/Projects/SangamKeyboards-2026/Libraries/KeyTanslatorLib/include/EncodingTamil.h */,
				04962E994A29498784758F2F /* /Users/muthu/Projects/SangamKeyboards-2026/Libraries/KeyTanslatorLib/include/IndicIMEConstants.h */,
				0BE837B6F7454C9283D151B3 /* /Users/muthu/Projects/SangamKeyboards-2026/Libraries/KeyTanslatorLib/include/IndicNotesIMEngine.h */,
				2F073575E2C2440AAAE625A3 /* /Users/muthu/Projects/SangamKeyboards-2026/Libraries/KeyTanslatorLib/include/KeyTranslatorMultilingual.h */,
			);
			name = "Header Files";
			sourceTree = "<group>";
		};
		99570E86AF4848419F80DB93 /* Resources */ = {
			isa = PBXGroup;
			children = (
			);
			name = Resources;
			sourceTree = "<group>";
		};
		9D6037F81CFF4323AA9E58A9 /* ALL_BUILD */ = {
			isa = PBXGroup;
			children = (
				773AC7FCC1C7449DB17CBC27 /* CMake Rules */,
				056F535B57244189AEC839AC /* /Users/muthu/Projects/SangamKeyboards-2026/Libraries/KeyTanslatorLib/CMakeLists.txt */,
			);
			name = ALL_BUILD;
			sourceTree = "<group>";
		};
		BE41077551DA4C419D278BCC /* AnjalKeyTranslator */ = {
			isa = PBXGroup;
			children = (
				776452A918A949ADA053D4DB /* Source Files */,
				949C8888A0CF4326BB454B07 /* Header Files */,
				5FDE6BA921944204813FA2D3 /* /Users/muthu/Projects/SangamKeyboards-2026/Libraries/KeyTanslatorLib/CMakeLists.txt */,
			);
			name = AnjalKeyTranslator;
			sourceTree = "<group>";
		};
		E8D02846594446F4867D86EA /* Header Files */ = {
			isa = PBXGroup;
			children = (
				CAF61F1A29664BC3A21D9904 /* /Users/muthu/Projects/SangamKeyboards-2026/Libraries/KeyTanslatorLib/include/AnjalKeyMap.h */,
				69D6066DAB244618AE4F7077 /* /Users/muthu/Projects/SangamKeyboards-2026/Libraries/KeyTanslatorLib/include/AnjalKeyMapLookup.h */,
				2813F86A1C0A464481CC10FA /* /Users/muthu/Projects/SangamKeyboards-2026/Libraries/KeyTanslatorLib/include/EncodingTamil.h */,
				735C3D1000CC4AE88483EBF4 /* /Users/muthu/Projects/SangamKeyboards-2026/Libraries/KeyTanslatorLib/include/IndicIMEConstants.h */,
				6EAEA0804275457D9AC9E312 /* /Users/muthu/Projects/SangamKeyboards-2026/Libraries/KeyTanslatorLib/include/IndicNotesIMEngine.h */,
				628947822DCC4E45940E6FAD /* /Users/muthu/Projects/SangamKeyboards-2026/Libraries/KeyTanslatorLib/include/KeyTranslatorMultilingual.h */,
			);
			name = "Header Files";
			sourceTree = "<group>";
		};
/* End PBXGroup section */

/* Begin PBXHeadersBuildPhase section */
		7C7AC84CA6694F68A3758C66 /* Headers */ = {
			isa = PBXHeadersBuildPhase;
			buildActionMask = 2147483647;
			files = (
				DE116663A48F43C982F3DDFA /* /Users/muthu/Projects/SangamKeyboards-2026/Libraries/KeyTanslatorLib/include/AnjalKeyMap.h */,
				9B6E2AC04CCD4529986B5C3F /* /Users/muthu/Projects/SangamKeyboards-2026/Libraries/KeyTanslatorLib/include/AnjalKeyMapLookup.h */,
				082218E7703B43B381B48479 /* /Users/muthu/Projects/SangamKeyboards-2026/Libraries/KeyTanslatorLib/include/EncodingTamil.h */,
				299A7349D7A0426992D16425 /* /Users/muthu/Projects/SangamKeyboards-2026/Libraries/KeyTanslatorLib/include/IndicIMEConstants.h */,
				CDE21E398F3342F499C1E242 /* /Users/muthu/Projects/SangamKeyboards-2026/Libraries/KeyTanslatorLib/include/IndicNotesIMEngine.h */,
				080F2924E26C459F8CCDA8A8 /* /Users/muthu/Projects/SangamKeyboards-2026/Libraries/KeyTanslatorLib/include/KeyTranslatorMultilingual.h */,
			);
			runOnlyForDeploymentPostprocessing = 0;
		};
		92CC9B6C9F6B48499D538754 /* Headers */ = {
			isa = PBXHeadersBuildPhase;
			buildActionMask = 2147483647;
			files = (
				9FBEDE1624B74C3BA188DB43 /* /Users/muthu/Projects/SangamKeyboards-2026/Libraries/KeyTanslatorLib/include/AnjalKeyMap.h */,
				824596FCCBCB453ABA9FD7FF /* /Users/muthu/Projects/SangamKeyboards-2026/Libraries/KeyTanslatorLib/include/AnjalKeyMapLookup.h */,
				B8E29F61552D40D3951369EA /* /Users/muthu/Projects/SangamKeyboards-2026/Libraries/KeyTanslatorLib/include/EncodingTamil.h */,
				4D50F3361AA742EE8A012A36 /* /Users/muthu/Projects/SangamKeyboards-2026/Libraries/KeyTanslatorLib/include/IndicIMEConstants.h */,
				ED58E6C5EAFD4A3D847D2752 /* /Users/muthu/Projects/SangamKeyboards-2026/Libraries/KeyTanslatorLib/include/IndicNotesIMEngine.h */,
				C5F4DCB774D64A90A2EFA4B4 /* /Users/muthu/Projects/SangamKeyboards-2026/Libraries/KeyTanslatorLib/include/KeyTranslatorMultilingual.h */,
			);
			runOnlyForDeploymentPostprocessing = 0;
		};
/* End PBXHeadersBuildPhase section */

/* Begin PBXNativeTarget section */
		651E194E34CC97A45136F207 /* AnjalKeyTranslator */ = {
			isa = PBXNativeTarget;
			buildConfigurationList = E099602290884495B806A5BD /* Build configuration list for PBXNativeTarget "AnjalKeyTranslator" */;
			buildPhases = (
				7C7AC84CA6694F68A3758C66 /* Headers */,
				690375B29FC744D8A8D00AEF /* Sources */,
				6E3810F3A042490984868D54 /* Frameworks */,
			);
			buildRules = (
			);
			dependencies = (
				2C0B28CFA79B444EBCB426F7 /* PBXTargetDependency */,
			);
			name = AnjalKeyTranslator;
			productName = AnjalKeyTranslator;
			productReference = B5069120DE354F12A416EBD2 /* AnjalKeyTranslator */;
			productType = "com.apple.product-type.framework";
		};
		FD7C231E3FD6C2EA5146280F /* AnjalKeyTranslatorShared */ = {
			isa = PBXNativeTarget;
			buildConfigurationList = 6FAA57B9C09A4E8B9C73F824 /* Build configuration list for PBXNativeTarget "AnjalKeyTranslatorShared" */;
			buildPhases = (
				92CC9B6C9F6B48499D538754 /* Headers */,
				00B4AAF68CC24F80905D4BA3 /* Sources */,
				424870D942674554BF1C77F9 /* Frameworks */,
			);
			buildRules = (
			);
			dependencies = (
				974599423B5C461ABB7375A6 /* PBXTargetDependency */,
			);
			name = AnjalKeyTranslatorShared;
			productName = AnjalKeyTranslatorShared;
			productReference = 8535270FD831491F9E427A18 /* AnjalKeyTranslatorShared */;
			productType = "com.apple.product-type.framework";
		};
/* End PBXNativeTarget section */

/* Begin PBXProject section */
		38E84880D9B24118A0CD21E2 /* Project object */ = {
			isa = PBXProject;
			attributes = {
				BuildIndependentTargetsInParallel = YES;
				LastUpgradeCheck = 2600;
			};
			buildConfigurationList = 99E7F747157F4E62BFA28F03 /* Build configuration list for PBXProject "AnjalKeyTranslator" */;
			buildSettings = {
			};
			buildStyles = (
				518A2824D04B4D988EA00EF2 /* Debug */,
				2FB15A34EC994E599DBB4731 /* Release */,
				550687A384994E4DA2448B24 /* MinSizeRel */,
				EB110C6F9A794AA7AA5A9C02 /* RelWithDebInfo */,
			);
			compatibilityVersion = "Xcode 3.2";
			hasScannedForEncodings = 0;
			mainGroup = 2E5C9DDF7ED04473A97624B4;
			projectDirPath = "/Users/muthu/Projects/SangamKeyboards-2026/Libraries/KeyTanslatorLib";
			projectRoot = "";
			targets = (
				A1D147911640D430DAB1BC7A /* ALL_BUILD */,
				651E194E34CC97A45136F207 /* AnjalKeyTranslator */,
				FD7C231E3FD6C2EA5146280F /* AnjalKeyTranslatorShared */,
				34D16C826DA5179104BCE887 /* ZERO_CHECK */,
				B78BBEE50A52A3BC3F04A90F /* install */,
			);
		};
/* End PBXProject section */

/* Begin PBXShellScriptBuildPhase section */
		3C0110FC8322DE7E50886E21 = {
			isa = PBXShellScriptBuildPhase;
			buildActionMask = 2147483647;
			files = (
			);
			inputPaths = (
			);
			outputPaths = (
			);
			runOnlyForDeploymentPostprocessing = 0;
			shellPath = /bin/sh;
			shellScript = "# shell script goes here
exit 0";
			showEnvVarsInLog = 0;
		};
		87AF4882E018677E2624B544 = {
			isa = PBXShellScriptBuildPhase;
			buildActionMask = 2147483647;
			files = (
			);
			inputPaths = (
			);
			outputPaths = (
			);
			runOnlyForDeploymentPostprocessing = 0;
			shellPath = /bin/sh;
			shellScript = "# shell script goes here
exit 0";
			showEnvVarsInLog = 0;
		};
		91CF91F5364B2AA90B427C16 /* Generate CMakeFiles/ZERO_CHECK */ = {
			isa = PBXShellScriptBuildPhase;
			alwaysOutOfDate = 1;
			buildActionMask = 2147483647;
			files = (
			);
			inputPaths = (
			);
			name = "Generate CMakeFiles/ZERO_CHECK";
			outputPaths = (
"/Users/muthu/Projects/SangamKeyboards-2026/Libraries/KeyTanslatorLib/xcode/CMakeFiles/ZERO_CHECK"			);
			runOnlyForDeploymentPostprocessing = 0;
			shellPath = /bin/sh;
			shellScript = "set -e
if test \"$CONFIGURATION\" = \"Debug\"; then :
  cd /Users/muthu/Projects/SangamKeyboards-2026/Libraries/KeyTanslatorLib/xcode
  make -f /Users/muthu/Projects/SangamKeyboards-2026/Libraries/KeyTanslatorLib/xcode/CMakeScripts/ReRunCMake.make
fi
if test \"$CONFIGURATION\" = \"Release\"; then :
  cd /Users/muthu/Projects/SangamKeyboards-2026/Libraries/KeyTanslatorLib/xcode
  make -f /Users/muthu/Projects/SangamKeyboards-2026/Libraries/KeyTanslatorLib/xcode/CMakeScripts/ReRunCMake.make
fi
if test \"$CONFIGURATION\" = \"MinSizeRel\"; then :
  cd /Users/muthu/Projects/SangamKeyboards-2026/Libraries/KeyTanslatorLib/xcode
  make -f /Users/muthu/Projects/SangamKeyboards-2026/Libraries/KeyTanslatorLib/xcode/CMakeScripts/ReRunCMake.make
fi
if test \"$CONFIGURATION\" = \"RelWithDebInfo\"; then :
  cd /Users/muthu/Projects/SangamKeyboards-2026/Libraries/KeyTanslatorLib/xcode
  make -f /Users/muthu/Projects/SangamKeyboards-2026/Libraries/KeyTanslatorLib/xcode/CMakeScripts/ReRunCMake.make
fi
";
			showEnvVarsInLog = 0;
		};
		93426DA6A4AC2C2AC9CE883C /* CMake PostBuild Rules */ = {
			isa = PBXShellScriptBuildPhase;
			alwaysOutOfDate = 1;
			buildActionMask = 2147483647;
			files = (
			);
			name = "CMake PostBuild Rules";
			outputPaths = (
			);
			runOnlyForDeploymentPostprocessing = 0;
			shellPath = /bin/sh;
			shellScript = "set -e
if test \"$CONFIGURATION\" = \"Debug\"; then :
  cd /Users/muthu/Projects/SangamKeyboards-2026/Libraries/KeyTanslatorLib/xcode
  /opt/homebrew/Cellar/cmake/3.30.5/bin/cmake -DBUILD_TYPE=$CONFIGURATION$EFFECTIVE_PLATFORM_NAME -P cmake_install.cmake
fi
if test \"$CONFIGURATION\" = \"Release\"; then :
  cd /Users/muthu/Projects/SangamKeyboards-2026/Libraries/KeyTanslatorLib/xcode
  /opt/homebrew/Cellar/cmake/3.30.5/bin/cmake -DBUILD_TYPE=$CONFIGURATION$EFFECTIVE_PLATFORM_NAME -P cmake_install.cmake
fi
if test \"$CONFIGURATION\" = \"MinSizeRel\"; then :
  cd /Users/muthu/Projects/SangamKeyboards-2026/Libraries/KeyTanslatorLib/xcode
  /opt/homebrew/Cellar/cmake/3.30.5/bin/cmake -DBUILD_TYPE=$CONFIGURATION$EFFECTIVE_PLATFORM_NAME -P cmake_install.cmake
fi
if test \"$CONFIGURATION\" = \"RelWithDebInfo\"; then :
  cd /Users/muthu/Projects/SangamKeyboards-2026/Libraries/KeyTanslatorLib/xcode
  /opt/homebrew/Cellar/cmake/3.30.5/bin/cmake -DBUILD_TYPE=$CONFIGURATION$EFFECTIVE_PLATFORM_NAME -P cmake_install.cmake
fi
";
			showEnvVarsInLog = 0;
		};
		9B50530E35CC49C82C2FACCF = {
			isa = PBXShellScriptBuildPhase;
			buildActionMask = 2147483647;
			files = (
			);
			inputPaths = (
			);
			outputPaths = (
			);
			runOnlyForDeploymentPostprocessing = 0;
			shellPath = /bin/sh;
			shellScript = "# shell script goes here
exit 0";
			showEnvVarsInLog = 0;
		};
		F3E33788AE88F455A3F3B8EF /* Generate CMakeFiles/ALL_BUILD */ = {
			isa = PBXShellScriptBuildPhase;
			alwaysOutOfDate = 1;
			buildActionMask = 2147483647;
			files = (
			);
			inputPaths = (
			);
			name = "Generate CMakeFiles/ALL_BUILD";
			outputPaths = (
"/Users/muthu/Projects/SangamKeyboards-2026/Libraries/KeyTanslatorLib/xcode/CMakeFiles/ALL_BUILD"			);
			runOnlyForDeploymentPostprocessing = 0;
			shellPath = /bin/sh;
			shellScript = "set -e
if test \"$CONFIGURATION\" = \"Debug\"; then :
  cd /Users/muthu/Projects/SangamKeyboards-2026/Libraries/KeyTanslatorLib/xcode
  echo Build\\ all\\ projects
fi
if test \"$CONFIGURATION\" = \"Release\"; then :
  cd /Users/muthu/Projects/SangamKeyboards-2026/Libraries/KeyTanslatorLib/xcode
  echo Build\\ all\\ projects
fi
if test \"$CONFIGURATION\" = \"MinSizeRel\"; then :
  cd /Users/muthu/Projects/SangamKeyboards-2026/Libraries/KeyTanslatorLib/xcode
  echo Build\\ all\\ projects
fi
if test \"$CONFIGURATION\" = \"RelWithDebInfo\"; then :
  cd /Users/muthu/Projects/SangamKeyboards-2026/Libraries/KeyTanslatorLib/xcode
  echo Build\\ all\\ projects
fi
";
			showEnvVarsInLog = 0;
		};
/* End PBXShellScriptBuildPhase section */

/* Begin PBXSourcesBuildPhase section */
		00B4AAF68CC24F80905D4BA3 /* Sources */ = {
			isa = PBXSourcesBuildPhase;
			buildActionMask = 2147483647;
			files = (
				5FA522C3D58F41148D6C52F6 /* /Users/muthu/Projects/SangamKeyboards-2026/Libraries/KeyTanslatorLib/src/KeyTranslatorMultilingual.c */,
				03504223759741529E8BBDE1 /* /Users/muthu/Projects/SangamKeyboards-2026/Libraries/KeyTanslatorLib/src/indic/IndicDevanagariKeymap.c */,
				733A6346BB814255A45BD7A2 /* /Users/muthu/Projects/SangamKeyboards-2026/Libraries/KeyTanslatorLib/src/indic/IndicGurmukhiKeymap.c */,
				60CBAE1DC33D4686BB801C2A /* /Users/muthu/Projects/SangamKeyboards-2026/Libraries/KeyTanslatorLib/src/indic/IndicKannadaKeymap.c */,
				0A47ABD5E0344280AE56256B /* /Users/muthu/Projects/SangamKeyboards-2026/Libraries/KeyTanslatorLib/src/indic/IndicMalayalamKeymap.c */,
				BB3FE895BD18411ABEEED558 /* /Users/muthu/Projects/SangamKeyboards-2026/Libraries/KeyTanslatorLib/src/indic/IndicNotesIMEngine.c */,
				3F26ADD39B0E42A58E14F648 /* /Users/muthu/Projects/SangamKeyboards-2026/Libraries/KeyTanslatorLib/src/indic/IndicTamilAnjalKeymap.c */,
				CA12BCF19E3E4E7D863F3551 /* /Users/muthu/Projects/SangamKeyboards-2026/Libraries/KeyTanslatorLib/src/indic/IndicTeluguKeymap.c */,
				1356AD6B729B4E238EB0EF3F /* /Users/muthu/Projects/SangamKeyboards-2026/Libraries/KeyTanslatorLib/src/tamil/AnjalKeyMap.c */,
				CA0F68C5C6BD4D49B325C7ED /* /Users/muthu/Projects/SangamKeyboards-2026/Libraries/KeyTanslatorLib/src/tamil/KeyTranslatorTamil.c */,
			);
			runOnlyForDeploymentPostprocessing = 0;
		};
		690375B29FC744D8A8D00AEF /* Sources */ = {
			isa = PBXSourcesBuildPhase;
			buildActionMask = 2147483647;
			files = (
				BDD598FB014D4179940EE826 /* /Users/muthu/Projects/SangamKeyboards-2026/Libraries/KeyTanslatorLib/src/KeyTranslatorMultilingual.c */,
				D2A7DFEF3B094B5690E7EF0E /* /Users/muthu/Projects/SangamKeyboards-2026/Libraries/KeyTanslatorLib/src/indic/IndicDevanagariKeymap.c */,
				48412F2F43144E7B9BE8CA5C /* /Users/muthu/Projects/SangamKeyboards-2026/Libraries/KeyTanslatorLib/src/indic/IndicGurmukhiKeymap.c */,
				E75AF074D19F468E8C978107 /* /Users/muthu/Projects/SangamKeyboards-2026/Libraries/KeyTanslatorLib/src/indic/IndicKannadaKeymap.c */,
				EE225857F7DF44A286915C47 /* /Users/muthu/Projects/SangamKeyboards-2026/Libraries/KeyTanslatorLib/src/indic/IndicMalayalamKeymap.c */,
				0B033CB004B8480FB5312F2D /* /Users/muthu/Projects/SangamKeyboards-2026/Libraries/KeyTanslatorLib/src/indic/IndicNotesIMEngine.c */,
				E0C39C4111A64E339AF20419 /* /Users/muthu/Projects/SangamKeyboards-2026/Libraries/KeyTanslatorLib/src/indic/IndicTamilAnjalKeymap.c */,
				6671A10AFC1C45B29EF008AE /* /Users/muthu/Projects/SangamKeyboards-2026/Libraries/KeyTanslatorLib/src/indic/IndicTeluguKeymap.c */,
				B1557E84F0B94A76BAED7931 /* /Users/muthu/Projects/SangamKeyboards-2026/Libraries/KeyTanslatorLib/src/tamil/AnjalKeyMap.c */,
				2C8F4342871B4148B265A508 /* /Users/muthu/Projects/SangamKeyboards-2026/Libraries/KeyTanslatorLib/src/tamil/KeyTranslatorTamil.c */,
			);
			runOnlyForDeploymentPostprocessing = 0;
		};
/* End PBXSourcesBuildPhase section */

/* Begin PBXTargetDependency section */
		0D9DC4A222454097932A9E01 /* PBXTargetDependency */ = {
			isa = PBXTargetDependency;
			target = A1D147911640D430DAB1BC7A /* ALL_BUILD */;
			targetProxy = 02FFD928914F4CD5A38BF6EE /* PBXContainerItemProxy */;
		};
		2C0B28CFA79B444EBCB426F7 /* PBXTargetDependency */ = {
			isa = PBXTargetDependency;
			target = 34D16C826DA5179104BCE887 /* ZERO_CHECK */;
			targetProxy = 1948921D6179410DA2E9D028 /* PBXContainerItemProxy */;
		};
		4CB2767C0DFD42AFA15F7142 /* PBXTargetDependency */ = {
			isa = PBXTargetDependency;
			target = 651E194E34CC97A45136F207 /* AnjalKeyTranslator */;
			targetProxy = C13624068F174A84993ED02B /* PBXContainerItemProxy */;
		};
		948755FD62FC43AC931BC46D /* PBXTargetDependency */ = {
			isa = PBXTargetDependency;
			target = 34D16C826DA5179104BCE887 /* ZERO_CHECK */;
			targetProxy = 99F6F6902BAF4204B39E8457 /* PBXContainerItemProxy */;
		};
		974599423B5C461ABB7375A6 /* PBXTargetDependency */ = {
			isa = PBXTargetDependency;
			target = 34D16C826DA5179104BCE887 /* ZERO_CHECK */;
			targetProxy = 4BD54D539E544773A6EB9F4D /* PBXContainerItemProxy */;
		};
		EA246A9AE1E044EAA4DB2D59 /* PBXTargetDependency */ = {
			isa = PBXTargetDependency;
			target = FD7C231E3FD6C2EA5146280F /* AnjalKeyTranslatorShared */;
			targetProxy = 666B51186A4D4EEE8F373646 /* PBXContainerItemProxy */;
		};
/* End PBXTargetDependency section */

/* Begin XCBuildConfiguration section */
		052048C8AD9F453AA537924A /* Debug */ = {
			isa = XCBuildConfiguration;
			buildSettings = {
				ALWAYS_SEARCH_USER_PATHS = NO;
				ARCHS = arm64;
				COMBINE_HIDPI_IMAGES = YES;
				GCC_GENERATE_DEBUGGING_SYMBOLS = YES;
				GCC_INLINES_ARE_PRIVATE_EXTERN = NO;
				GCC_OPTIMIZATION_LEVEL = 0;
				GCC_PREPROCESSOR_DEFINITIONS = ("'CMAKE_INTDIR=\"$(CONFIGURATION)$(EFFECTIVE_PLATFORM_NAME)\"'","$(inherited)");
				GCC_SYMBOLS_PRIVATE_EXTERN = NO;
				INSTALL_PATH = "";
				ONLY_ACTIVE_ARCH = NO;
				OTHER_LDFLAGS = ("","$(inherited)");
				OTHER_REZFLAGS = "";
				PRODUCT_NAME = ALL_BUILD;
				SECTORDER_FLAGS = "";
				USE_HEADERMAP = NO;
				WARNING_CFLAGS = ("$(inherited)");
			};
			name = Debug;
		};
		0AC78DBB9A2C4DB4A937F16C /* Debug */ = {
			isa = XCBuildConfiguration;
			buildSettings = {
				ALWAYS_SEARCH_USER_PATHS = NO;
				ARCHS = arm64;
				COMBINE_HIDPI_IMAGES = YES;
				GCC_GENERATE_DEBUGGING_SYMBOLS = YES;
				GCC_INLINES_ARE_PRIVATE_EXTERN = NO;
				GCC_OPTIMIZATION_LEVEL = 0;
				GCC_PREPROCESSOR_DEFINITIONS = ("'CMAKE_INTDIR=\"$(CONFIGURATION)$(EFFECTIVE_PLATFORM_NAME)\"'","$(inherited)");
				GCC_SYMBOLS_PRIVATE_EXTERN = NO;
				INSTALL_PATH = "";
				ONLY_ACTIVE_ARCH = NO;
				OTHER_LDFLAGS = ("","$(inherited)");
				OTHER_REZFLAGS = "";
				PRODUCT_NAME = ZERO_CHECK;
				SECTORDER_FLAGS = "";
				USE_HEADERMAP = NO;
				WARNING_CFLAGS = ("$(inherited)");
			};
			name = Debug;
		};
		0FC315AF085F4AAE972EDAEE /* Release */ = {
			isa = XCBuildConfiguration;
			buildSettings = {
				ALWAYS_SEARCH_USER_PATHS = NO;
				ARCHS = arm64;
				COMBINE_HIDPI_IMAGES = YES;
				GCC_GENERATE_DEBUGGING_SYMBOLS = YES;
				GCC_INLINES_ARE_PRIVATE_EXTERN = NO;
				GCC_OPTIMIZATION_LEVEL = 0;
				GCC_PREPROCESSOR_DEFINITIONS = ("'CMAKE_INTDIR=\"$(CONFIGURATION)$(EFFECTIVE_PLATFORM_NAME)\"'","$(inherited)");
				GCC_SYMBOLS_PRIVATE_EXTERN = NO;
				INSTALL_PATH = "";
				ONLY_ACTIVE_ARCH = NO;
				OTHER_LDFLAGS = ("","$(inherited)");
				OTHER_REZFLAGS = "";
				PRODUCT_NAME = ZERO_CHECK;
				SECTORDER_FLAGS = "";
				USE_HEADERMAP = NO;
				WARNING_CFLAGS = ("$(inherited)");
			};
			name = Release;
		};
		191C16E9F1564F3094E584B6 /* RelWithDebInfo */ = {
			isa = XCBuildConfiguration;
			buildSettings = {
				ALWAYS_SEARCH_USER_PATHS = NO;
				ARCHS = arm64;
				COMBINE_HIDPI_IMAGES = YES;
				GCC_GENERATE_DEBUGGING_SYMBOLS = YES;
				GCC_INLINES_ARE_PRIVATE_EXTERN = NO;
				GCC_OPTIMIZATION_LEVEL = 0;
				GCC_PREPROCESSOR_DEFINITIONS = ("'CMAKE_INTDIR=\"$(CONFIGURATION)$(EFFECTIVE_PLATFORM_NAME)\"'","$(inherited)");
				GCC_SYMBOLS_PRIVATE_EXTERN = NO;
				INSTALL_PATH = "";
				ONLY_ACTIVE_ARCH = NO;
				OTHER_LDFLAGS = ("","$(inherited)");
				OTHER_REZFLAGS = "";
				PRODUCT_NAME = install;
				SECTORDER_FLAGS = "";
				USE_HEADERMAP = NO;
				WARNING_CFLAGS = ("$(inherited)");
			};
			name = RelWithDebInfo;
		};
		204E604DEC8E4906B2A59A2F /* Debug */ = {
			isa = XCBuildConfiguration;
			buildSettings = {
				ALWAYS_SEARCH_USER_PATHS = NO;
				ARCHS = arm64;
				COMBINE_HIDPI_IMAGES = YES;
				CONFIGURATION_BUILD_DIR = "/Users/muthu/Projects/SangamKeyboards-2026/Libraries/KeyTanslatorLib/xcode/Debug";
				EXECUTABLE_PREFIX = "";
				EXECUTABLE_SUFFIX = "";
				FRAMEWORK_VERSION = A;
				GCC_GENERATE_DEBUGGING_SYMBOLS = YES;
				GCC_INLINES_ARE_PRIVATE_EXTERN = NO;
				GCC_OPTIMIZATION_LEVEL = 0;
				GCC_PREPROCESSOR_DEFINITIONS = ("'CMAKE_INTDIR=\"$(CONFIGURATION)$(EFFECTIVE_PLATFORM_NAME)\"'",TARGET_OS_MAC,"$(inherited)");
				GCC_SYMBOLS_PRIVATE_EXTERN = NO;
				HEADER_SEARCH_PATHS = ("/Users/muthu/Projects/SangamKeyboards-2026/Libraries/KeyTanslatorLib/include","$(inherited)");
				INFOPLIST_FILE = "/Users/muthu/Projects/SangamKeyboards-2026/Libraries/KeyTanslatorLib/xcode/CMakeFiles/AnjalKeyTranslator.dir/Info.plist";
				INSTALL_PATH = "";
				MACH_O_TYPE = staticlib;
				ONLY_ACTIVE_ARCH = NO;
				OTHER_CFLAGS = ("   '-std=gnu11' ","$(inherited)");
				OTHER_LIBTOOLFLAGS = ("");
				OTHER_REZFLAGS = "";
				PRODUCT_NAME = anjalkeyboard;
				SECTORDER_FLAGS = "";
				TARGET_TEMP_DIR = "/Users/muthu/Projects/SangamKeyboards-2026/Libraries/KeyTanslatorLib/xcode/build/AnjalKeyTranslator.build/$(CONFIGURATION)$(EFFECTIVE_PLATFORM_NAME)";
				USE_HEADERMAP = NO;
				WARNING_CFLAGS = ("$(inherited)");
			};
			name = Debug;
		};
		23DB39A371EA4532A0E8AEDD /* Debug */ = {
			isa = XCBuildConfiguration;
			buildSettings = {
				ARCHS = arm64;
				SDKROOT = /Applications/Xcode.app/Contents/Developer/Platforms/MacOSX.platform/Developer/SDKs/MacOSX26.0.sdk;
				SYMROOT = "/Users/muthu/Projects/SangamKeyboards-2026/Libraries/KeyTanslatorLib/xcode/build";
			};
			name = Debug;
		};
		3AC5B351093545CFBEF18CA2 /* Release */ = {
			isa = XCBuildConfiguration;
			buildSettings = {
				ALWAYS_SEARCH_USER_PATHS = NO;
				ARCHS = arm64;
				COMBINE_HIDPI_IMAGES = YES;
				CONFIGURATION_BUILD_DIR = "/Users/muthu/Projects/SangamKeyboards-2026/Libraries/KeyTanslatorLib/xcode/Release";
				DYLIB_COMPATIBILITY_VERSION = 1.0.0;
				DYLIB_CURRENT_VERSION = 1.0.0;
				EXECUTABLE_PREFIX = "";
				EXECUTABLE_SUFFIX = "";
				FRAMEWORK_VERSION = A;
				GCC_GENERATE_DEBUGGING_SYMBOLS = NO;
				GCC_INLINES_ARE_PRIVATE_EXTERN = NO;
				GCC_OPTIMIZATION_LEVEL = 3;
				GCC_PREPROCESSOR_DEFINITIONS = ("'CMAKE_INTDIR=\"$(CONFIGURATION)$(EFFECTIVE_PLATFORM_NAME)\"'",AnjalKeyTranslatorShared_EXPORTS,TARGET_OS_MAC,"$(inherited)");
				GCC_SYMBOLS_PRIVATE_EXTERN = NO;
				HEADER_SEARCH_PATHS = ("/Users/muthu/Projects/SangamKeyboards-2026/Libraries/KeyTanslatorLib/include","$(inherited)");
				INFOPLIST_FILE = "/Users/muthu/Projects/SangamKeyboards-2026/Libraries/KeyTanslatorLib/xcode/CMakeFiles/AnjalKeyTranslatorShared.dir/Info.plist";
				INSTALL_PATH = "@rpath";
				LIBRARY_STYLE = DYNAMIC;
				ONLY_ACTIVE_ARCH = NO;
				OTHER_CFLAGS = ("    -DNDEBUG '-std=gnu11' -fPIC ","$(inherited)");
				OTHER_LDFLAGS = ("","$(inherited)");
				OTHER_REZFLAGS = "";
				PRODUCT_NAME = anjalkeyboard;
				SECTORDER_FLAGS = "";
				TARGET_TEMP_DIR = "/Users/muthu/Projects/SangamKeyboards-2026/Libraries/KeyTanslatorLib/xcode/build/AnjalKeyTranslatorShared.build/$(CONFIGURATION)$(EFFECTIVE_PLATFORM_NAME)";
				USE_HEADERMAP = NO;
				WARNING_CFLAGS = ("$(inherited)");
			};
			name = Release;
		};
		3CF65117438D4160A3014149 /* MinSizeRel */ = {
			isa = XCBuildConfiguration;
			buildSettings = {
				ALWAYS_SEARCH_USER_PATHS = NO;
				ARCHS = arm64;
				COMBINE_HIDPI_IMAGES = YES;
				CONFIGURATION_BUILD_DIR = "/Users/muthu/Projects/SangamKeyboards-2026/Libraries/KeyTanslatorLib/xcode/MinSizeRel";
				EXECUTABLE_PREFIX = "";
				EXECUTABLE_SUFFIX = "";
				FRAMEWORK_VERSION = A;
				GCC_GENERATE_DEBUGGING_SYMBOLS = NO;
				GCC_INLINES_ARE_PRIVATE_EXTERN = NO;
				GCC_OPTIMIZATION_LEVEL = s;
				GCC_PREPROCESSOR_DEFINITIONS = ("'CMAKE_INTDIR=\"$(CONFIGURATION)$(EFFECTIVE_PLATFORM_NAME)\"'",TARGET_OS_MAC,"$(inherited)");
				GCC_SYMBOLS_PRIVATE_EXTERN = NO;
				HEADER_SEARCH_PATHS = ("/Users/muthu/Projects/SangamKeyboards-2026/Libraries/KeyTanslatorLib/include","$(inherited)");
				INFOPLIST_FILE = "/Users/muthu/Projects/SangamKeyboards-2026/Libraries/KeyTanslatorLib/xcode/CMakeFiles/AnjalKeyTranslator.dir/Info.plist";
				INSTALL_PATH = "";
				MACH_O_TYPE = staticlib;
				ONLY_ACTIVE_ARCH = NO;
				OTHER_CFLAGS = ("    -DNDEBUG '-std=gnu11' ","$(inherited)");
				OTHER_LIBTOOLFLAGS = ("");
				OTHER_REZFLAGS = "";
				PRODUCT_NAME = anjalkeyboard;
				SECTORDER_FLAGS = "";
				TARGET_TEMP_DIR = "/Users/muthu/Projects/SangamKeyboards-2026/Libraries/KeyTanslatorLib/xcode/build/AnjalKeyTranslator.build/$(CONFIGURATION)$(EFFECTIVE_PLATFORM_NAME)";
				USE_HEADERMAP = NO;
				WARNING_CFLAGS = ("$(inherited)");
			};
			name = MinSizeRel;
		};
		4131A2A7814F49B69349DB2A /* Debug */ = {
			isa = XCBuildConfiguration;
			buildSettings = {
				ALWAYS_SEARCH_USER_PATHS = NO;
				ARCHS = arm64;
				COMBINE_HIDPI_IMAGES = YES;
				GCC_GENERATE_DEBUGGING_SYMBOLS = YES;
				GCC_INLINES_ARE_PRIVATE_EXTERN = NO;
				GCC_OPTIMIZATION_LEVEL = 0;
				GCC_PREPROCESSOR_DEFINITIONS = ("'CMAKE_INTDIR=\"$(CONFIGURATION)$(EFFECTIVE_PLATFORM_NAME)\"'","$(inherited)");
				GCC_SYMBOLS_PRIVATE_EXTERN = NO;
				INSTALL_PATH = "";
				ONLY_ACTIVE_ARCH = NO;
				OTHER_LDFLAGS = ("","$(inherited)");
				OTHER_REZFLAGS = "";
				PRODUCT_NAME = install;
				SECTORDER_FLAGS = "";
				USE_HEADERMAP = NO;
				WARNING_CFLAGS = ("$(inherited)");
			};
			name = Debug;
		};
		61ED24CD622C4D5AB12081A2 /* Release */ = {
			isa = XCBuildConfiguration;
			buildSettings = {
				ALWAYS_SEARCH_USER_PATHS = NO;
				ARCHS = arm64;
				COMBINE_HIDPI_IMAGES = YES;
				GCC_GENERATE_DEBUGGING_SYMBOLS = YES;
				GCC_INLINES_ARE_PRIVATE_EXTERN = NO;
				GCC_OPTIMIZATION_LEVEL = 0;
				GCC_PREPROCESSOR_DEFINITIONS = ("'CMAKE_INTDIR=\"$(CONFIGURATION)$(EFFECTIVE_PLATFORM_NAME)\"'","$(inherited)");
				GCC_SYMBOLS_PRIVATE_EXTERN = NO;
				INSTALL_PATH = "";
				ONLY_ACTIVE_ARCH = NO;
				OTHER_LDFLAGS = ("","$(inherited)");
				OTHER_REZFLAGS = "";
				PRODUCT_NAME = install;
				SECTORDER_FLAGS = "";
				USE_HEADERMAP = NO;
				WARNING_CFLAGS = ("$(inherited)");
			};
			name = Release;
		};
		724BDCF8350B4779B3410ECB /* MinSizeRel */ = {
			isa = XCBuildConfiguration;
			buildSettings = {
				ALWAYS_SEARCH_USER_PATHS = NO;
				ARCHS = arm64;
				COMBINE_HIDPI_IMAGES = YES;
				GCC_GENERATE_DEBUGGING_SYMBOLS = YES;
				GCC_INLINES_ARE_PRIVATE_EXTERN = NO;
				GCC_OPTIMIZATION_LEVEL = 0;
				GCC_PREPROCESSOR_DEFINITIONS = ("'CMAKE_INTDIR=\"$(CONFIGURATION)$(EFFECTIVE_PLATFORM_NAME)\"'","$(inherited)");
				GCC_SYMBOLS_PRIVATE_EXTERN = NO;
				INSTALL_PATH = "";
				ONLY_ACTIVE_ARCH = NO;
				OTHER_LDFLAGS = ("","$(inherited)");
				OTHER_REZFLAGS = "";
				PRODUCT_NAME = install;
				SECTORDER_FLAGS = "";
				USE_HEADERMAP = NO;
				WARNING_CFLAGS = ("$(inherited)");
			};
			name = MinSizeRel;
		};
		88943B02685D4CD984393C20 /* RelWithDebInfo */ = {
			isa = XCBuildConfiguration;
			buildSettings = {
				ALWAYS_SEARCH_USER_PATHS = NO;
				ARCHS = arm64;
				COMBINE_HIDPI_IMAGES = YES;
				GCC_GENERATE_DEBUGGING_SYMBOLS = YES;
				GCC_INLINES_ARE_PRIVATE_EXTERN = NO;
				GCC_OPTIMIZATION_LEVEL = 0;
				GCC_PREPROCESSOR_DEFINITIONS = ("'CMAKE_INTDIR=\"$(CONFIGURATION)$(EFFECTIVE_PLATFORM_NAME)\"'","$(inherited)");
				GCC_SYMBOLS_PRIVATE_EXTERN = NO;
				INSTALL_PATH = "";
				ONLY_ACTIVE_ARCH = NO;
				OTHER_LDFLAGS = ("","$(inherited)");
				OTHER_REZFLAGS = "";
				PRODUCT_NAME = ALL_BUILD;
				SECTORDER_FLAGS = "";
				USE_HEADERMAP = NO;
				WARNING_CFLAGS = ("$(inherited)");
			};
			name = RelWithDebInfo;
		};
		935536A0052A4BBD99B2E528 /* MinSizeRel */ = {
			isa = XCBuildConfiguration;
			buildSettings = {
				ALWAYS_SEARCH_USER_PATHS = NO;
				ARCHS = arm64;
				COMBINE_HIDPI_IMAGES = YES;
				GCC_GENERATE_DEBUGGING_SYMBOLS = YES;
				GCC_INLINES_ARE_PRIVATE_EXTERN = NO;
				GCC_OPTIMIZATION_LEVEL = 0;
				GCC_PREPROCESSOR_DEFINITIONS = ("'CMAKE_INTDIR=\"$(CONFIGURATION)$(EFFECTIVE_PLATFORM_NAME)\"'","$(inherited)");
				GCC_SYMBOLS_PRIVATE_EXTERN = NO;
				INSTALL_PATH = "";
				ONLY_ACTIVE_ARCH = NO;
				OTHER_LDFLAGS = ("","$(inherited)");
				OTHER_REZFLAGS = "";
				PRODUCT_NAME = ZERO_CHECK;
				SECTORDER_FLAGS = "";
				USE_HEADERMAP = NO;
				WARNING_CFLAGS = ("$(inherited)");
			};
			name = MinSizeRel;
		};
		954CBB383ED2472BB92922EE /* RelWithDebInfo */ = {
			isa = XCBuildConfiguration;
			buildSettings = {
				ALWAYS_SEARCH_USER_PATHS = NO;
				ARCHS = arm64;
				COMBINE_HIDPI_IMAGES = YES;
				CONFIGURATION_BUILD_DIR = "/Users/muthu/Projects/SangamKeyboards-2026/Libraries/KeyTanslatorLib/xcode/RelWithDebInfo";
				EXECUTABLE_PREFIX = "";
				EXECUTABLE_SUFFIX = "";
				FRAMEWORK_VERSION = A;
				GCC_GENERATE_DEBUGGING_SYMBOLS = YES;
				GCC_INLINES_ARE_PRIVATE_EXTERN = NO;
				GCC_OPTIMIZATION_LEVEL = 2;
				GCC_PREPROCESSOR_DEFINITIONS = ("'CMAKE_INTDIR=\"$(CONFIGURATION)$(EFFECTIVE_PLATFORM_NAME)\"'",TARGET_OS_MAC,"$(inherited)");
				GCC_SYMBOLS_PRIVATE_EXTERN = NO;
				HEADER_SEARCH_PATHS = ("/Users/muthu/Projects/SangamKeyboards-2026/Libraries/KeyTanslatorLib/include","$(inherited)");
				INFOPLIST_FILE = "/Users/muthu/Projects/SangamKeyboards-2026/Libraries/KeyTanslatorLib/xcode/CMakeFiles/AnjalKeyTranslator.dir/Info.plist";
				INSTALL_PATH = "";
				MACH_O_TYPE = staticlib;
				ONLY_ACTIVE_ARCH = NO;
				OTHER_CFLAGS = ("       -DNDEBUG '-std=gnu11' ","$(inherited)");
				OTHER_LIBTOOLFLAGS = ("");
				OTHER_REZFLAGS = "";
				PRODUCT_NAME = anjalkeyboard;
				SECTORDER_FLAGS = "";
				TARGET_TEMP_DIR = "/Users/muthu/Projects/SangamKeyboards-2026/Libraries/KeyTanslatorLib/xcode/build/AnjalKeyTranslator.build/$(CONFIGURATION)$(EFFECTIVE_PLATFORM_NAME)";
				USE_HEADERMAP = NO;
				WARNING_CFLAGS = ("$(inherited)");
			};
			name = RelWithDebInfo;
		};
		98FE0C6329CD447DAE737F0A /* Release */ = {
			isa = XCBuildConfiguration;
			buildSettings = {
				ARCHS = arm64;
				SDKROOT = /Applications/Xcode.app/Contents/Developer/Platforms/MacOSX.platform/Developer/SDKs/MacOSX26.0.sdk;
				SWIFT_COMPILATION_MODE = wholemodule;
				SYMROOT = "/Users/muthu/Projects/SangamKeyboards-2026/Libraries/KeyTanslatorLib/xcode/build";
			};
			name = Release;
		};
		A11B11B6A6EE4D3BA3096823 /* Debug */ = {
			isa = XCBuildConfiguration;
			buildSettings = {
				ALWAYS_SEARCH_USER_PATHS = NO;
				ARCHS = arm64;
				COMBINE_HIDPI_IMAGES = YES;
				CONFIGURATION_BUILD_DIR = "/Users/muthu/Projects/SangamKeyboards-2026/Libraries/KeyTanslatorLib/xcode/Debug";
				DYLIB_COMPATIBILITY_VERSION = 1.0.0;
				DYLIB_CURRENT_VERSION = 1.0.0;
				EXECUTABLE_PREFIX = "";
				EXECUTABLE_SUFFIX = "";
				FRAMEWORK_VERSION = A;
				GCC_GENERATE_DEBUGGING_SYMBOLS = YES;
				GCC_INLINES_ARE_PRIVATE_EXTERN = NO;
				GCC_OPTIMIZATION_LEVEL = 0;
				GCC_PREPROCESSOR_DEFINITIONS = ("'CMAKE_INTDIR=\"$(CONFIGURATION)$(EFFECTIVE_PLATFORM_NAME)\"'",AnjalKeyTranslatorShared_EXPORTS,TARGET_OS_MAC,"$(inherited)");
				GCC_SYMBOLS_PRIVATE_EXTERN = NO;
				HEADER_SEARCH_PATHS = ("/Users/muthu/Projects/SangamKeyboards-2026/Libraries/KeyTanslatorLib/include","$(inherited)");
				INFOPLIST_FILE = "/Users/muthu/Projects/SangamKeyboards-2026/Libraries/KeyTanslatorLib/xcode/CMakeFiles/AnjalKeyTranslatorShared.dir/Info.plist";
				INSTALL_PATH = "@rpath";
				LIBRARY_STYLE = DYNAMIC;
				ONLY_ACTIVE_ARCH = NO;
				OTHER_CFLAGS = ("   '-std=gnu11' -fPIC ","$(inherited)");
				OTHER_LDFLAGS = ("","$(inherited)");
				OTHER_REZFLAGS = "";
				PRODUCT_NAME = anjalkeyboard;
				SECTORDER_FLAGS = "";
				TARGET_TEMP_DIR = "/Users/muthu/Projects/SangamKeyboards-2026/Libraries/KeyTanslatorLib/xcode/build/AnjalKeyTranslatorShared.build/$(CONFIGURATION)$(EFFECTIVE_PLATFORM_NAME)";
				USE_HEADERMAP = NO;
				WARNING_CFLAGS = ("$(inherited)");
			};
			name = Debug;
		};
		ABA1AF8EB5FB4A2A89058CEB /* RelWithDebInfo */ = {
			isa = XCBuildConfiguration;
			buildSettings = {
				ALWAYS_SEARCH_USER_PATHS = NO;
				ARCHS = arm64;
				COMBINE_HIDPI_IMAGES = YES;
				GCC_GENERATE_DEBUGGING_SYMBOLS = YES;
				GCC_INLINES_ARE_PRIVATE_EXTERN = NO;
				GCC_OPTIMIZATION_LEVEL = 0;
				GCC_PREPROCESSOR_DEFINITIONS = ("'CMAKE_INTDIR=\"$(CONFIGURATION)$(EFFECTIVE_PLATFORM_NAME)\"'","$(inherited)");
				GCC_SYMBOLS_PRIVATE_EXTERN = NO;
				INSTALL_PATH = "";
				ONLY_ACTIVE_ARCH = NO;
				OTHER_LDFLAGS = ("","$(inherited)");
				OTHER_REZFLAGS = "";
				PRODUCT_NAME = ZERO_CHECK;
				SECTORDER_FLAGS = "";
				USE_HEADERMAP = NO;
				WARNING_CFLAGS = ("$(inherited)");
			};
			name = RelWithDebInfo;
		};
		B9FA8D3E7A664818ADDD4D03 /* MinSizeRel */ = {
			isa = XCBuildConfiguration;
			buildSettings = {
				ALWAYS_SEARCH_USER_PATHS = NO;
				ARCHS = arm64;
				COMBINE_HIDPI_IMAGES = YES;
				CONFIGURATION_BUILD_DIR = "/Users/muthu/Projects/SangamKeyboards-2026/Libraries/KeyTanslatorLib/xcode/MinSizeRel";
				DYLIB_COMPATIBILITY_VERSION = 1.0.0;
				DYLIB_CURRENT_VERSION = 1.0.0;
				EXECUTABLE_PREFIX = "";
				EXECUTABLE_SUFFIX = "";
				FRAMEWORK_VERSION = A;
				GCC_GENERATE_DEBUGGING_SYMBOLS = NO;
				GCC_INLINES_ARE_PRIVATE_EXTERN = NO;
				GCC_OPTIMIZATION_LEVEL = s;
				GCC_PREPROCESSOR_DEFINITIONS = ("'CMAKE_INTDIR=\"$(CONFIGURATION)$(EFFECTIVE_PLATFORM_NAME)\"'",AnjalKeyTranslatorShared_EXPORTS,TARGET_OS_MAC,"$(inherited)");
				GCC_SYMBOLS_PRIVATE_EXTERN = NO;
				HEADER_SEARCH_PATHS = ("/Users/muthu/Projects/SangamKeyboards-2026/Libraries/KeyTanslatorLib/include","$(inherited)");
				INFOPLIST_FILE = "/Users/muthu/Projects/SangamKeyboards-2026/Libraries/KeyTanslatorLib/xcode/CMakeFiles/AnjalKeyTranslatorShared.dir/Info.plist";
				INSTALL_PATH = "@rpath";
				LIBRARY_STYLE = DYNAMIC;
				ONLY_ACTIVE_ARCH = NO;
				OTHER_CFLAGS = ("    -DNDEBUG '-std=gnu11' -fPIC ","$(inherited)");
				OTHER_LDFLAGS = ("","$(inherited)");
				OTHER_REZFLAGS = "";
				PRODUCT_NAME = anjalkeyboard;
				SECTORDER_FLAGS = "";
				TARGET_TEMP_DIR = "/Users/muthu/Projects/SangamKeyboards-2026/Libraries/KeyTanslatorLib/xcode/build/AnjalKeyTranslatorShared.build/$(CONFIGURATION)$(EFFECTIVE_PLATFORM_NAME)";
				USE_HEADERMAP = NO;
				WARNING_CFLAGS = ("$(inherited)");
			};
			name = MinSizeRel;
		};
		D7C712E823F7420A898AF92D /* RelWithDebInfo */ = {
			isa = XCBuildConfiguration;
			buildSettings = {
				ARCHS = arm64;
				SDKROOT = /Applications/Xcode.app/Contents/Developer/Platforms/MacOSX.platform/Developer/SDKs/MacOSX26.0.sdk;
				SWIFT_COMPILATION_MODE = wholemodule;
				SYMROOT = "/Users/muthu/Projects/SangamKeyboards-2026/Libraries/KeyTanslatorLib/xcode/build";
			};
			name = RelWithDebInfo;
		};
		DCD38BE1C42B4813B477315E /* Release */ = {
			isa = XCBuildConfiguration;
			buildSettings = {
				ALWAYS_SEARCH_USER_PATHS = NO;
				ARCHS = arm64;
				COMBINE_HIDPI_IMAGES = YES;
				CONFIGURATION_BUILD_DIR = "/Users/muthu/Projects/SangamKeyboards-2026/Libraries/KeyTanslatorLib/xcode/Release";
				EXECUTABLE_PREFIX = "";
				EXECUTABLE_SUFFIX = "";
				FRAMEWORK_VERSION = A;
				GCC_GENERATE_DEBUGGING_SYMBOLS = NO;
				GCC_INLINES_ARE_PRIVATE_EXTERN = NO;
				GCC_OPTIMIZATION_LEVEL = 3;
				GCC_PREPROCESSOR_DEFINITIONS = ("'CMAKE_INTDIR=\"$(CONFIGURATION)$(EFFECTIVE_PLATFORM_NAME)\"'",TARGET_OS_MAC,"$(inherited)");
				GCC_SYMBOLS_PRIVATE_EXTERN = NO;
				HEADER_SEARCH_PATHS = ("/Users/muthu/Projects/SangamKeyboards-2026/Libraries/KeyTanslatorLib/include","$(inherited)");
				INFOPLIST_FILE = "/Users/muthu/Projects/SangamKeyboards-2026/Libraries/KeyTanslatorLib/xcode/CMakeFiles/AnjalKeyTranslator.dir/Info.plist";
				INSTALL_PATH = "";
				MACH_O_TYPE = staticlib;
				ONLY_ACTIVE_ARCH = NO;
				OTHER_CFLAGS = ("    -DNDEBUG '-std=gnu11' ","$(inherited)");
				OTHER_LIBTOOLFLAGS = ("");
				OTHER_REZFLAGS = "";
				PRODUCT_NAME = anjalkeyboard;
				SECTORDER_FLAGS = "";
				TARGET_TEMP_DIR = "/Users/muthu/Projects/SangamKeyboards-2026/Libraries/KeyTanslatorLib/xcode/build/AnjalKeyTranslator.build/$(CONFIGURATION)$(EFFECTIVE_PLATFORM_NAME)";
				USE_HEADERMAP = NO;
				WARNING_CFLAGS = ("$(inherited)");
			};
			name = Release;
		};
		E0C826C10B734D8F9C3CE6B0 /* MinSizeRel */ = {
			isa = XCBuildConfiguration;
			buildSettings = {
				ALWAYS_SEARCH_USER_PATHS = NO;
				ARCHS = arm64;
				COMBINE_HIDPI_IMAGES = YES;
				GCC_GENERATE_DEBUGGING_SYMBOLS = YES;
				GCC_INLINES_ARE_PRIVATE_EXTERN = NO;
				GCC_OPTIMIZATION_LEVEL = 0;
				GCC_PREPROCESSOR_DEFINITIONS = ("'CMAKE_INTDIR=\"$(CONFIGURATION)$(EFFECTIVE_PLATFORM_NAME)\"'","$(inherited)");
				GCC_SYMBOLS_PRIVATE_EXTERN = NO;
				INSTALL_PATH = "";
				ONLY_ACTIVE_ARCH = NO;
				OTHER_LDFLAGS = ("","$(inherited)");
				OTHER_REZFLAGS = "";
				PRODUCT_NAME = ALL_BUILD;
				SECTORDER_FLAGS = "";
				USE_HEADERMAP = NO;
				WARNING_CFLAGS = ("$(inherited)");
			};
			name = MinSizeRel;
		};
		E46B5D3014DD477683FB66AA /* MinSizeRel */ = {
			isa = XCBuildConfiguration;
			buildSettings = {
				ARCHS = arm64;
				SDKROOT = /Applications/Xcode.app/Contents/Developer/Platforms/MacOSX.platform/Developer/SDKs/MacOSX26.0.sdk;
				SWIFT_COMPILATION_MODE = wholemodule;
				SYMROOT = "/Users/muthu/Projects/SangamKeyboards-2026/Libraries/KeyTanslatorLib/xcode/build";
			};
			name = MinSizeRel;
		};
		E5A963FA216E4E978625454B /* RelWithDebInfo */ = {
			isa = XCBuildConfiguration;
			buildSettings = {
				ALWAYS_SEARCH_USER_PATHS = NO;
				ARCHS = arm64;
				COMBINE_HIDPI_IMAGES = YES;
				CONFIGURATION_BUILD_DIR = "/Users/muthu/Projects/SangamKeyboards-2026/Libraries/KeyTanslatorLib/xcode/RelWithDebInfo";
				DYLIB_COMPATIBILITY_VERSION = 1.0.0;
				DYLIB_CURRENT_VERSION = 1.0.0;
				EXECUTABLE_PREFIX = "";
				EXECUTABLE_SUFFIX = "";
				FRAMEWORK_VERSION = A;
				GCC_GENERATE_DEBUGGING_SYMBOLS = YES;
				GCC_INLINES_ARE_PRIVATE_EXTERN = NO;
				GCC_OPTIMIZATION_LEVEL = 2;
				GCC_PREPROCESSOR_DEFINITIONS = ("'CMAKE_INTDIR=\"$(CONFIGURATION)$(EFFECTIVE_PLATFORM_NAME)\"'",AnjalKeyTranslatorShared_EXPORTS,TARGET_OS_MAC,"$(inherited)");
				GCC_SYMBOLS_PRIVATE_EXTERN = NO;
				HEADER_SEARCH_PATHS = ("/Users/muthu/Projects/SangamKeyboards-2026/Libraries/KeyTanslatorLib/include","$(inherited)");
				INFOPLIST_FILE = "/Users/muthu/Projects/SangamKeyboards-2026/Libraries/KeyTanslatorLib/xcode/CMakeFiles/AnjalKeyTranslatorShared.dir/Info.plist";
				INSTALL_PATH = "@rpath";
				LIBRARY_STYLE = DYNAMIC;
				ONLY_ACTIVE_ARCH = NO;
				OTHER_CFLAGS = ("       -DNDEBUG '-std=gnu11' -fPIC ","$(inherited)");
				OTHER_LDFLAGS = ("","$(inherited)");
				OTHER_REZFLAGS = "";
				PRODUCT_NAME = anjalkeyboard;
				SECTORDER_FLAGS = "";
				TARGET_TEMP_DIR = "/Users/muthu/Projects/SangamKeyboards-2026/Libraries/KeyTanslatorLib/xcode/build/AnjalKeyTranslatorShared.build/$(CONFIGURATION)$(EFFECTIVE_PLATFORM_NAME)";
				USE_HEADERMAP = NO;
				WARNING_CFLAGS = ("$(inherited)");
			};
			name = RelWithDebInfo;
		};
		FE4021A6243D432BBAA5FA5C /* Release */ = {
			isa = XCBuildConfiguration;
			buildSettings = {
				ALWAYS_SEARCH_USER_PATHS = NO;
				ARCHS = arm64;
				COMBINE_HIDPI_IMAGES = YES;
				GCC_GENERATE_DEBUGGING_SYMBOLS = YES;
				GCC_INLINES_ARE_PRIVATE_EXTERN = NO;
				GCC_OPTIMIZATION_LEVEL = 0;
				GCC_PREPROCESSOR_DEFINITIONS = ("'CMAKE_INTDIR=\"$(CONFIGURATION)$(EFFECTIVE_PLATFORM_NAME)\"'","$(inherited)");
				GCC_SYMBOLS_PRIVATE_EXTERN = NO;
				INSTALL_PATH = "";
				ONLY_ACTIVE_ARCH = NO;
				OTHER_LDFLAGS = ("","$(inherited)");
				OTHER_REZFLAGS = "";
				PRODUCT_NAME = ALL_BUILD;
				SECTORDER_FLAGS = "";
				USE_HEADERMAP = NO;
				WARNING_CFLAGS = ("$(inherited)");
			};
			name = Release;
		};
/* End XCBuildConfiguration section */

/* Begin XCConfigurationList section */
		1285A89F6D044A6E898F2B08 /* Build configuration list for PBXAggregateTarget "install" */ = {
			isa = XCConfigurationList;
			buildConfigurations = (
				4131A2A7814F49B69349DB2A /* Debug */,
				61ED24CD622C4D5AB12081A2 /* Release */,
				724BDCF8350B4779B3410ECB /* MinSizeRel */,
				191C16E9F1564F3094E584B6 /* RelWithDebInfo */,
			);
			defaultConfigurationIsVisible = 0;
			defaultConfigurationName = Debug;
		};
		664B948F4C9E49489E5CF096 /* Build configuration list for PBXAggregateTarget "ALL_BUILD" */ = {
			isa = XCConfigurationList;
			buildConfigurations = (
				052048C8AD9F453AA537924A /* Debug */,
				FE4021A6243D432BBAA5FA5C /* Release */,
				E0C826C10B734D8F9C3CE6B0 /* MinSizeRel */,
				88943B02685D4CD984393C20 /* RelWithDebInfo */,
			);
			defaultConfigurationIsVisible = 0;
			defaultConfigurationName = Debug;
		};
		6FAA57B9C09A4E8B9C73F824 /* Build configuration list for PBXNativeTarget "AnjalKeyTranslatorShared" */ = {
			isa = XCConfigurationList;
			buildConfigurations = (
				A11B11B6A6EE4D3BA3096823 /* Debug */,
				3AC5B351093545CFBEF18CA2 /* Release */,
				B9FA8D3E7A664818ADDD4D03 /* MinSizeRel */,
				E5A963FA216E4E978625454B /* RelWithDebInfo */,
			);
			defaultConfigurationIsVisible = 0;
			defaultConfigurationName = Debug;
		};
		954A2774A8854B44B83871E4 /* Build configuration list for PBXAggregateTarget "ZERO_CHECK" */ = {
			isa = XCConfigurationList;
			buildConfigurations = (
				0AC78DBB9A2C4DB4A937F16C /* Debug */,
				0FC315AF085F4AAE972EDAEE /* Release */,
				935536A0052A4BBD99B2E528 /* MinSizeRel */,
				ABA1AF8EB5FB4A2A89058CEB /* RelWithDebInfo */,
			);
			defaultConfigurationIsVisible = 0;
			defaultConfigurationName = Debug;
		};
		99E7F747157F4E62BFA28F03 /* Build configuration list for PBXProject "AnjalKeyTranslator" */ = {
			isa = XCConfigurationList;
			buildConfigurations = (
				23DB39A371EA4532A0E8AEDD /* Debug */,
				98FE0C6329CD447DAE737F0A /* Release */,
				E46B5D3014DD477683FB66AA /* MinSizeRel */,
				D7C712E823F7420A898AF92D /* RelWithDebInfo */,
			);
			defaultConfigurationIsVisible = 0;
			defaultConfigurationName = Debug;
		};
		E099602290884495B806A5BD /* Build configuration list for PBXNativeTarget "AnjalKeyTranslator" */ = {
			isa = XCConfigurationList;
			buildConfigurations = (
				204E604DEC8E4906B2A59A2F /* Debug */,
				DCD38BE1C42B4813B477315E /* Release */,
				3CF65117438D4160A3014149 /* MinSizeRel */,
				954CBB383ED2472BB92922EE /* RelWithDebInfo */,
			);
			defaultConfigurationIsVisible = 0;
			defaultConfigurationName = Debug;
		};
/* End XCConfigurationList section */
	};
	rootObject = 38E84880D9B24118A0CD21E2 /* Project object */;
}
